# Generated by conda-lock.
# platform: linux-64
# input_hash: ac517c9de440820571c9c852774c7805953db6f4ae14ba017ae040e65b2ea4f8
@EXPLICIT
https://conda.anaconda.org/conda-forge/linux-64/_libgcc_mutex-0.1-conda_forge.tar.bz2#d7c89558ba9fa0495403155b64376d81
https://conda.anaconda.org/conda-forge/linux-64/ca-certificates-2022.12.7-ha878542_0.conda#ff9f73d45c4a07d6f424495288a26080
https://conda.anaconda.org/conda-forge/linux-64/ld_impl_linux-64-2.39-hcc3a1bd_1.conda#737be0d34c22d24432049ab7a3214de4
https://conda.anaconda.org/conda-forge/linux-64/libgfortran5-12.2.0-h337968e_19.tar.bz2#164b4b1acaedc47ee7e658ae6b308ca3
https://conda.anaconda.org/conda-forge/linux-64/libstdcxx-ng-12.2.0-h46fd767_19.tar.bz2#1030b1f38c129f2634eae026f704fe60
https://conda.anaconda.org/conda-forge/linux-64/python_abi-3.8-3_cp38.conda#2f3f7af062b42d664117662612022204
https://conda.anaconda.org/conda-forge/linux-64/libgfortran-ng-12.2.0-h69a702a_19.tar.bz2#cd7a806282c16e1f2d39a7e80d3a3e0d
https://conda.anaconda.org/conda-forge/linux-64/libgomp-12.2.0-h65d4601_19.tar.bz2#cedcee7c064c01c403f962c9e8d3c373
https://conda.anaconda.org/conda-forge/linux-64/_openmp_mutex-4.5-2_gnu.tar.bz2#73aaf86a425cc6e73fcf236a5a46396d
https://conda.anaconda.org/conda-forge/linux-64/libgcc-ng-12.2.0-h65d4601_19.tar.bz2#e4c94f80aef025c17ab0828cd85ef535
https://conda.anaconda.org/conda-forge/linux-64/aom-3.5.0-h27087fc_0.tar.bz2#a08150fd2298460cd1fcccf626305642
https://conda.anaconda.org/conda-forge/linux-64/aws-c-common-0.8.5-h166bdaf_0.tar.bz2#5590453a8d072c9c89bfa26fcf88d870
https://conda.anaconda.org/conda-forge/linux-64/bzip2-1.0.8-h7f98852_4.tar.bz2#a1fd65c7ccbf10880423d82bca54eb54
https://conda.anaconda.org/conda-forge/linux-64/c-ares-1.18.1-h7f98852_0.tar.bz2#f26ef8098fab1f719c91eb760d63381a
https://conda.anaconda.org/conda-forge/linux-64/charls-2.3.4-h9c3ff4c_0.tar.bz2#c3f85a96a52befc5e41cab1145c8d3c2
https://conda.anaconda.org/conda-forge/linux-64/dav1d-1.0.0-h166bdaf_1.tar.bz2#e890928299fe7242a108850fc0a5b7fc
https://conda.anaconda.org/conda-forge/linux-64/expat-2.5.0-h27087fc_0.tar.bz2#c4fbad8d4bddeb3c085f18cbf97fbfad
https://conda.anaconda.org/conda-forge/linux-64/gettext-0.21.1-h27087fc_0.tar.bz2#14947d8770185e5153fdd04d4673ed37
https://conda.anaconda.org/conda-forge/linux-64/gflags-2.2.2-he1b5a44_1004.tar.bz2#cddaf2c63ea4a5901cf09524c490ecdc
https://conda.anaconda.org/conda-forge/linux-64/giflib-5.2.1-h36c2ea0_2.tar.bz2#626e68ae9cc5912d6adb79d318cf962d
https://conda.anaconda.org/conda-forge/linux-64/icu-70.1-h27087fc_0.tar.bz2#87473a15119779e021c314249d4b4aed
https://conda.anaconda.org/conda-forge/linux-64/jpeg-9e-h166bdaf_2.tar.bz2#ee8b844357a0946870901c7c6f418268
https://conda.anaconda.org/conda-forge/linux-64/jxrlib-1.1-h7f98852_2.tar.bz2#8e787b08fe19986d99d034b839df2961
https://conda.anaconda.org/conda-forge/linux-64/keyutils-1.6.1-h166bdaf_0.tar.bz2#30186d27e2c9fa62b45fb1476b7200e3
https://conda.anaconda.org/conda-forge/linux-64/lerc-4.0.0-h27087fc_0.tar.bz2#76bbff344f0134279f225174e9064c8f
https://conda.anaconda.org/conda-forge/linux-64/libabseil-20220623.0-cxx17_h05df665_6.conda#39f6394ae835f0b16f01cbbd3bb1e8e2
https://conda.anaconda.org/conda-forge/linux-64/libaec-1.0.6-h9c3ff4c_0.tar.bz2#c77f5e4e418fa47d699d6afa54c5d444
https://conda.anaconda.org/conda-forge/linux-64/libbrotlicommon-1.0.9-h166bdaf_8.tar.bz2#9194c9bf9428035a05352d031462eae4
https://conda.anaconda.org/conda-forge/linux-64/libcrc32c-1.1.2-h9c3ff4c_0.tar.bz2#c965a5aa0d5c1c37ffc62dff36e28400
https://conda.anaconda.org/conda-forge/linux-64/libdeflate-1.14-h166bdaf_0.tar.bz2#fc84a0446e4e4fb882e78d786cfb9734
https://conda.anaconda.org/conda-forge/linux-64/libev-4.33-h516909a_1.tar.bz2#6f8720dff19e17ce5d48cfe7f3d2f0a3
https://conda.anaconda.org/conda-forge/linux-64/libffi-3.4.2-h7f98852_5.tar.bz2#d645c6d2ac96843a2bfaccd2d62b3ac3
https://conda.anaconda.org/conda-forge/linux-64/libiconv-1.17-h166bdaf_0.tar.bz2#b62b52da46c39ee2bc3c162ac7f1804d
https://conda.anaconda.org/conda-forge/linux-64/libjpeg-turbo-2.1.4-h166bdaf_0.tar.bz2#b4f717df2d377410b462328bf0e8fb7d
https://conda.anaconda.org/conda-forge/linux-64/libnsl-2.0.0-h7f98852_0.tar.bz2#39b1328babf85c7c3a61636d9cd50206
https://conda.anaconda.org/conda-forge/linux-64/libopenblas-0.3.21-pthreads_h78a6416_3.tar.bz2#8c5963a49b6035c40646a763293fbb35
https://conda.anaconda.org/conda-forge/linux-64/libsodium-1.0.18-h36c2ea0_1.tar.bz2#c3788462a6fbddafdb413a9f9053e58d
https://conda.anaconda.org/conda-forge/linux-64/libutf8proc-2.8.0-h166bdaf_0.tar.bz2#ede4266dc02e875fe1ea77b25dd43747
https://conda.anaconda.org/conda-forge/linux-64/libuuid-2.32.1-h7f98852_1000.tar.bz2#772d69f030955d9646d3d0eaf21d859d
https://conda.anaconda.org/conda-forge/linux-64/libuv-1.44.2-h166bdaf_0.tar.bz2#e5cb4fe581a18ca2185a016eb848fc00
https://conda.anaconda.org/conda-forge/linux-64/libwebp-base-1.2.4-h166bdaf_0.tar.bz2#ac2ccf7323d21f2994e4d1f5da664f37
https://conda.anaconda.org/conda-forge/linux-64/libzlib-1.2.13-h166bdaf_4.tar.bz2#f3f9de449d32ca9b9c66a22863c96f41
https://conda.anaconda.org/conda-forge/linux-64/libzopfli-1.0.3-h9c3ff4c_0.tar.bz2#c66fe2d123249af7651ebde8984c51c2
https://conda.anaconda.org/conda-forge/linux-64/lz4-c-1.9.3-h9c3ff4c_1.tar.bz2#fbe97e8fa6f275d7c76a09e795adc3e6
https://conda.anaconda.org/conda-forge/linux-64/ncurses-6.3-h27087fc_1.tar.bz2#4acfc691e64342b9dae57cf2adc63238
https://conda.anaconda.org/conda-forge/linux-64/openssl-3.0.7-h0b41bf4_1.conda#7adaac6ff98219bcb99b45e408b80f4e
https://conda.anaconda.org/conda-forge/linux-64/pthread-stubs-0.4-h36c2ea0_1001.tar.bz2#22dad4df6e8630e8dff2428f6f6a7036
https://conda.anaconda.org/conda-forge/linux-64/re2-2022.06.01-h27087fc_1.conda#68070cd09c67755f37e0db13f00a008b
https://conda.anaconda.org/conda-forge/linux-64/snappy-1.1.9-hbd366e4_2.tar.bz2#48018e187dacc6002d3ede9c824238ac
https://conda.anaconda.org/conda-forge/linux-64/xorg-libxau-1.0.9-h7f98852_0.tar.bz2#bf6f803a544f26ebbdc3bfff272eb179
https://conda.anaconda.org/conda-forge/linux-64/xorg-libxdmcp-1.1.3-h7f98852_0.tar.bz2#be93aabceefa2fac576e971aef407908
https://conda.anaconda.org/conda-forge/linux-64/xz-5.2.6-h166bdaf_0.tar.bz2#2161070d867d1b1204ea749c8eec4ef0
https://conda.anaconda.org/conda-forge/linux-64/yaml-0.2.5-h7f98852_2.tar.bz2#4cb3ad778ec2d5a7acbdf254eb1c42ae
https://conda.anaconda.org/conda-forge/linux-64/zfp-1.0.0-h27087fc_3.tar.bz2#0428af0510c3fafedf1c66b43102a34b
https://conda.anaconda.org/conda-forge/linux-64/zlib-ng-2.0.6-h166bdaf_0.tar.bz2#8650e4fb44c4a618e5ab3e1e19607e32
https://conda.anaconda.org/conda-forge/linux-64/aws-c-cal-0.5.20-hff2c3d7_3.tar.bz2#afc84c17eb855bfe13a20ee603230235
https://conda.anaconda.org/conda-forge/linux-64/aws-c-compression-0.2.16-hf5f93bc_0.tar.bz2#d279191a7bbce623d5087e0b1883cfb1
https://conda.anaconda.org/conda-forge/linux-64/aws-c-sdkutils-0.1.7-hf5f93bc_0.tar.bz2#772dcd299af4757edd9f4da140849cf2
https://conda.anaconda.org/conda-forge/linux-64/aws-checksums-0.1.14-h6027aba_0.conda#4960e03c8b6447aebc484f5a3c340180
https://conda.anaconda.org/conda-forge/linux-64/glog-0.6.0-h6f12383_0.tar.bz2#b31f3565cb84435407594e548a2fb7b2
https://conda.anaconda.org/conda-forge/linux-64/libavif-0.11.1-h5cdd6b5_0.tar.bz2#2040f9067e8852606208cafa66c3563f
https://conda.anaconda.org/conda-forge/linux-64/libblas-3.9.0-16_linux64_openblas.tar.bz2#d9b7a8639171f6c6fa0a983edabcfe2b
https://conda.anaconda.org/conda-forge/linux-64/libbrotlidec-1.0.9-h166bdaf_8.tar.bz2#4ae4d7795d33e02bd20f6b23d91caf82
https://conda.anaconda.org/conda-forge/linux-64/libbrotlienc-1.0.9-h166bdaf_8.tar.bz2#04bac51ba35ea023dc48af73c1c88c25
https://conda.anaconda.org/conda-forge/linux-64/libedit-3.1.20191231-he28a2e2_2.tar.bz2#4d331e44109e3f0e19b4cb8f9b82f3e1
https://conda.anaconda.org/conda-forge/linux-64/libevent-2.1.10-h28343ad_4.tar.bz2#4a049fc560e00e43151dc51368915fdd
https://conda.anaconda.org/conda-forge/linux-64/libnghttp2-1.51.0-hff17c54_0.conda#dd682f0b6d65e75b2bc868fc8e93d87e
https://conda.anaconda.org/conda-forge/linux-64/libpng-1.6.39-h753d276_0.conda#e1c890aebdebbfbf87e2c917187b4416
https://conda.anaconda.org/conda-forge/linux-64/libprotobuf-3.21.12-h3eb15da_0.conda#4b36c68184c6c85d88c6e595a32a1ede
https://conda.anaconda.org/conda-forge/linux-64/libsqlite-3.40.0-h753d276_0.tar.bz2#2e5f9a37d487e1019fd4d8113adb2f9f
https://conda.anaconda.org/conda-forge/linux-64/libssh2-1.10.0-hf14f497_3.tar.bz2#d85acad4b47dff4e3def14a769a97906
https://conda.anaconda.org/conda-forge/linux-64/libxcb-1.13-h7f98852_1004.tar.bz2#b3653fdc58d03face9724f602218a904
https://conda.anaconda.org/conda-forge/linux-64/pandoc-2.19.2-h32600fe_1.tar.bz2#35a82883468c85ac8bf41f083c1933cf
https://conda.anaconda.org/conda-forge/linux-64/pcre2-10.40-hc3806b6_0.tar.bz2#69e2c796349cd9b273890bee0febfe1b
https://conda.anaconda.org/conda-forge/linux-64/readline-8.1.2-h0f457ee_0.tar.bz2#db2ebbe2943aae81ed051a6a9af8e0fa
https://conda.anaconda.org/conda-forge/linux-64/s2n-1.3.30-h3358134_0.conda#e8b48ce0f01d5182d400f4f822842fa9
https://conda.anaconda.org/conda-forge/linux-64/tk-8.6.12-h27826a3_0.tar.bz2#5b8c42eb62e9fc961af70bdd6a26e168
https://conda.anaconda.org/conda-forge/linux-64/zeromq-4.3.4-h9c3ff4c_1.tar.bz2#21743a8d2ea0c8cfbbf8fe489b0347df
https://conda.anaconda.org/conda-forge/linux-64/zlib-1.2.13-h166bdaf_4.tar.bz2#4b11e365c0275b808be78b30f904e295
https://conda.anaconda.org/conda-forge/linux-64/zstd-1.5.2-h6239696_4.tar.bz2#adcf0be7897e73e312bd24353b613f74
https://conda.anaconda.org/conda-forge/linux-64/aws-c-io-0.13.11-h4f448d1_2.conda#b0eba50cc9096cd035e7978d4a2f9eda
https://conda.anaconda.org/conda-forge/linux-64/blosc-1.21.3-hafa529b_0.conda#bcf0664a2dbbbb86cbd4c1e6ff10ddd6
https://conda.anaconda.org/conda-forge/linux-64/brotli-bin-1.0.9-h166bdaf_8.tar.bz2#e5613f2bc717e9945840ff474419b8e4
https://conda.anaconda.org/conda-forge/linux-64/c-blosc2-2.6.1-hf91038e_0.conda#332b553e1a0d22c318756ffcd370384c
https://conda.anaconda.org/conda-forge/linux-64/freetype-2.12.1-hca18f0e_1.conda#e1232042de76d24539a436d37597eb06
https://conda.anaconda.org/conda-forge/linux-64/krb5-1.20.1-h81ceb04_0.conda#89a41adce7106749573d883b2f657d78
https://conda.anaconda.org/conda-forge/linux-64/libcblas-3.9.0-16_linux64_openblas.tar.bz2#20bae26d0a1db73f758fc3754cab4719
https://conda.anaconda.org/conda-forge/linux-64/libglib-2.74.1-h606061b_1.tar.bz2#ed5349aa96776e00b34eccecf4a948fe
https://conda.anaconda.org/conda-forge/linux-64/libgrpc-1.51.1-h30feacc_0.conda#9eae4dc6fb0a91b026d4e419f0450737
https://conda.anaconda.org/conda-forge/linux-64/liblapack-3.9.0-16_linux64_openblas.tar.bz2#955d993f41f9354bf753d29864ea20ad
https://conda.anaconda.org/conda-forge/linux-64/libthrift-0.16.0-he500d00_2.tar.bz2#0e169728f52de7bcf5ffdbbdd9075e1a
https://conda.anaconda.org/conda-forge/linux-64/libtiff-4.5.0-h82bc61c_0.conda#a01611c54334d783847879ee40109657
https://conda.anaconda.org/conda-forge/linux-64/nodejs-18.12.1-h8839609_0.tar.bz2#305f25b78340b0f7b391a6919d1246f2
https://conda.anaconda.org/conda-forge/linux-64/orc-1.8.1-hfdbbad2_0.conda#76ac7d97105158a36b649b63e24aa0d9
https://conda.anaconda.org/conda-forge/linux-64/python-3.8.15-h4a9ceb5_0_cpython.conda#dc29a8a79d0f2c80004cc06d3190104f
https://conda.anaconda.org/conda-forge/noarch/appdirs-1.4.4-pyh9f0ad1d_0.tar.bz2#5f095bc6454094e96f146491fd03633b
https://conda.anaconda.org/conda-forge/noarch/appnope-0.1.3-pyhd8ed1ab_0.tar.bz2#54ac328d703bff191256ffa1183126d1
https://conda.anaconda.org/conda-forge/noarch/async_generator-1.10-py_0.tar.bz2#d56c596e61b1c4952acf0a9920856c12
https://conda.anaconda.org/conda-forge/noarch/attrs-22.2.0-pyh71513ae_0.conda#8b76db7818a4e401ed4486c4c1635cd9
https://conda.anaconda.org/conda-forge/linux-64/aws-c-event-stream-0.2.17-h52dae97_0.conda#ae83dabe1abe7ec7e18ff55925671a87
https://conda.anaconda.org/conda-forge/linux-64/aws-c-http-0.6.29-hf21410f_0.conda#a748403b26a0ac6b09c860972927f5d3
https://conda.anaconda.org/conda-forge/noarch/backcall-0.2.0-pyh9f0ad1d_0.tar.bz2#6006a6d08a3fa99268a2681c7fb55213
https://conda.anaconda.org/conda-forge/noarch/backports-1.0-pyhd8ed1ab_3.conda#54ca2e08b3220c148a1d8329c2678e02
https://conda.anaconda.org/conda-forge/linux-64/brotli-1.0.9-h166bdaf_8.tar.bz2#2ff08978892a3e8b954397c461f18418
https://conda.anaconda.org/conda-forge/noarch/cachy-0.3.0-pyhd8ed1ab_1.tar.bz2#5dfee17f24e2dfd18d7392b48c9351e2
https://conda.anaconda.org/conda-forge/noarch/certifi-2022.12.7-pyhd8ed1ab_0.conda#fb9addc3db06e56abe03e0e9f21a63e6
https://conda.anaconda.org/conda-forge/noarch/charset-normalizer-2.1.1-pyhd8ed1ab_0.tar.bz2#c1d5b294fbf9a795dec349a6f4d8be8e
https://conda.anaconda.org/conda-forge/noarch/click-8.1.3-unix_pyhd8ed1ab_2.tar.bz2#20e4087407c7cb04a40817114b333dbf
https://conda.anaconda.org/conda-forge/noarch/cloudpickle-2.2.0-pyhd8ed1ab_0.tar.bz2#a6cf47b09786423200d7982d1faa19eb
https://conda.anaconda.org/conda-forge/noarch/colorama-0.4.6-pyhd8ed1ab_0.tar.bz2#3faab06a954c2a04039983f2c4a50d99
https://conda.anaconda.org/conda-forge/noarch/crashtest-0.3.1-pyhd8ed1ab_0.tar.bz2#b8477552274c1cfdb533e954c76523f1
https://conda.anaconda.org/conda-forge/linux-64/dbus-1.13.6-h5008d03_3.tar.bz2#ecfff944ba3960ecb334b9a2663d708d
https://conda.anaconda.org/conda-forge/linux-64/debugpy-1.6.4-py38hfa26641_0.conda#a31011fb85bdc423991ab2f35f24364c
https://conda.anaconda.org/conda-forge/noarch/decorator-5.1.1-pyhd8ed1ab_0.tar.bz2#43afe5ab04e35e17ba28649471dd7364
https://conda.anaconda.org/conda-forge/noarch/defusedxml-0.7.1-pyhd8ed1ab_0.tar.bz2#961b3a227b437d82ad7054484cfa71b2
https://conda.anaconda.org/conda-forge/noarch/distlib-0.3.6-pyhd8ed1ab_0.tar.bz2#b65b4d50dbd2d50fa0aeac367ec9eed7
https://conda.anaconda.org/conda-forge/noarch/entrypoints-0.4-pyhd8ed1ab_0.tar.bz2#3cf04868fee0a029769bd41f4b2fbf2d
https://conda.anaconda.org/conda-forge/noarch/exceptiongroup-1.1.0-pyhd8ed1ab_0.conda#a385c3e8968b4cf8fbc426ace915fd1a
https://conda.anaconda.org/conda-forge/noarch/executing-1.2.0-pyhd8ed1ab_0.tar.bz2#4c1bc140e2be5c8ba6e3acab99e25c50
https://conda.anaconda.org/conda-forge/noarch/filelock-3.9.0-pyhd8ed1ab_0.conda#1addc115923d646ca19ed90edc413506
https://conda.anaconda.org/conda-forge/noarch/flaky-3.7.0-pyh9f0ad1d_0.tar.bz2#d20be9ed08052d16593c88d51b774a82
https://conda.anaconda.org/conda-forge/noarch/flit-core-3.8.0-pyhd8ed1ab_0.tar.bz2#6d5e56de2e65da7aa35fd10131226efa
https://conda.anaconda.org/conda-forge/noarch/fsspec-2022.11.0-pyhd8ed1ab_0.tar.bz2#eb919f2119a6db5d0192f9e9c3711572
https://conda.anaconda.org/conda-forge/noarch/idna-3.4-pyhd8ed1ab_0.tar.bz2#34272b248891bddccc64479f9a7fffed
https://conda.anaconda.org/conda-forge/noarch/iniconfig-1.1.1-pyh9f0ad1d_0.tar.bz2#39161f81cc5e5ca45b8226fbb06c6905
https://conda.anaconda.org/conda-forge/noarch/ipython_genutils-0.2.0-py_1.tar.bz2#5071c982548b3a20caf70462f04f5287
https://conda.anaconda.org/conda-forge/noarch/jeepney-0.8.0-pyhd8ed1ab_0.tar.bz2#9800ad1699b42612478755a2d26c722d
https://conda.anaconda.org/conda-forge/noarch/json5-0.9.5-pyh9f0ad1d_0.tar.bz2#10759827a94e6b14996e81fb002c0bda
https://conda.anaconda.org/conda-forge/linux-64/lcms2-2.14-hfd0df8a_1.conda#c2566c2ea5f153ddd6bf4acaf7547d97
https://conda.anaconda.org/conda-forge/linux-64/libcurl-7.87.0-hdc1c0ab_0.conda#bc302fa1cf8eda15c60f669b7524a320
https://conda.anaconda.org/conda-forge/noarch/locket-1.0.0-pyhd8ed1ab_0.tar.bz2#91e27ef3d05cc772ce627e51cff111c4
https://conda.anaconda.org/conda-forge/linux-64/markupsafe-2.1.1-py38h0a891b7_2.tar.bz2#c342a370480791db83d5dd20f2d8899f
https://conda.anaconda.org/conda-forge/noarch/mdurl-0.1.0-pyhd8ed1ab_0.tar.bz2#f8dab71fdc13b1bf29a01248b156d268
https://conda.anaconda.org/conda-forge/noarch/mistune-2.0.4-pyhd8ed1ab_0.tar.bz2#78e0a90393b79b378b8ff6d32893d58a
https://conda.anaconda.org/conda-forge/noarch/more-itertools-9.0.0-pyhd8ed1ab_0.tar.bz2#9b6ad26944f19f599800b068e0582227
https://conda.anaconda.org/conda-forge/linux-64/msgpack-python-1.0.4-py38h43d8883_1.tar.bz2#c7791d28af035651ed6ecac71096c76d
https://conda.anaconda.org/conda-forge/noarch/nest-asyncio-1.5.6-pyhd8ed1ab_0.tar.bz2#7b868f21adde0d9b8b38f9c16836589b
https://conda.anaconda.org/conda-forge/noarch/networkx-2.8.8-pyhd8ed1ab_0.tar.bz2#bb45ff9deddb045331fd039949f39650
https://conda.anaconda.org/conda-forge/linux-64/numpy-1.24.1-py38hab0fcb9_0.conda#2c0b3c72dad0288d9582ccbceb250cb4
https://conda.anaconda.org/conda-forge/linux-64/openjpeg-2.5.0-hfec8fc6_2.conda#5ce6a42505c6e9e6151c54c3ec8d68ea
https://conda.anaconda.org/conda-forge/noarch/packaging-22.0-pyhd8ed1ab_0.conda#0e8e1bd93998978fc3125522266d12db
https://conda.anaconda.org/conda-forge/noarch/pandocfilters-1.5.0-pyhd8ed1ab_0.tar.bz2#457c2c8c08e54905d6954e79cb5b5db9
https://conda.anaconda.org/conda-forge/noarch/parso-0.8.3-pyhd8ed1ab_0.tar.bz2#17a565a0c3899244e938cdf417e7b094
https://conda.anaconda.org/conda-forge/noarch/pastel-0.2.1-pyhd8ed1ab_0.tar.bz2#a4eea5bff523f26442405bc5d1f52adb
https://conda.anaconda.org/conda-forge/noarch/pickleshare-0.7.5-py_1003.tar.bz2#415f0ebb6198cc2801c73438a9fb5761
https://conda.anaconda.org/conda-forge/noarch/pkginfo-1.9.3-pyhd8ed1ab_0.conda#d08b45500011bfb2dd5ed5d9e4794272
https://conda.anaconda.org/conda-forge/noarch/pkgutil-resolve-name-1.3.10-pyhd8ed1ab_0.tar.bz2#89e3c7cdde7d3aaa2aee933b604dd07f
https://conda.anaconda.org/conda-forge/noarch/pluggy-1.0.0-pyhd8ed1ab_5.tar.bz2#7d301a0d25f424d96175f810935f0da9
https://conda.anaconda.org/conda-forge/noarch/prometheus_client-0.15.0-pyhd8ed1ab_0.tar.bz2#b260ed41427dbbe70537b3030c643b2e
https://conda.anaconda.org/conda-forge/linux-64/psutil-5.9.4-py38h0a891b7_0.tar.bz2#fe2ef279417faa1af0adf178de2032f7
https://conda.anaconda.org/conda-forge/noarch/ptyprocess-0.7.0-pyhd3deb0d_0.tar.bz2#359eeb6536da0e687af562ed265ec263
https://conda.anaconda.org/conda-forge/noarch/pure_eval-0.2.2-pyhd8ed1ab_0.tar.bz2#6784285c7e55cb7212efabc79e4c2883
https://conda.anaconda.org/conda-forge/noarch/pycparser-2.21-pyhd8ed1ab_0.tar.bz2#076becd9e05608f8dc72757d5f3a91ff
https://conda.anaconda.org/conda-forge/noarch/pylev-1.4.0-pyhd8ed1ab_0.tar.bz2#edf8651c4379d9d1495ad6229622d150
https://conda.anaconda.org/conda-forge/linux-64/pyrsistent-0.19.3-py38h1de0b5d_0.conda#a33157288d499397a2a56da4d724948d
https://conda.anaconda.org/conda-forge/noarch/pysocks-1.7.1-pyha2e5f31_6.tar.bz2#2a7de29fb590ca14b5243c4c812c8025
https://conda.anaconda.org/conda-forge/noarch/python-fastjsonschema-2.16.2-pyhd8ed1ab_0.tar.bz2#5fe4b6002f505336734ce92961b3e6a0
https://conda.anaconda.org/conda-forge/noarch/pytz-2022.7-pyhd8ed1ab_0.conda#c8d7e34ca76d6ecc03b84bedfd99d689
https://conda.anaconda.org/conda-forge/linux-64/pyyaml-6.0-py38h0a891b7_5.tar.bz2#0856c59f9ddb710c640dc0428d66b1b7
https://conda.anaconda.org/conda-forge/linux-64/pyzmq-24.0.1-py38hfc09fa9_1.tar.bz2#a0d5ef0498ced7a2afd82ee17994935e
https://conda.anaconda.org/conda-forge/linux-64/ruamel.yaml.clib-0.2.7-py38h1de0b5d_1.conda#9afa2fc3c51cc4e7d1589c38e4e00d5c
https://conda.anaconda.org/conda-forge/noarch/send2trash-1.8.0-pyhd8ed1ab_0.tar.bz2#edab14119efe85c3bf131ad747e9005c
https://conda.anaconda.org/conda-forge/noarch/setuptools-65.6.3-pyhd8ed1ab_0.conda#9600fc9524d3f821e6a6d58c52f5bf5a
https://conda.anaconda.org/conda-forge/noarch/six-1.16.0-pyh6c4a22f_0.tar.bz2#e5f25f8dbc060e9a8d912e432202afc2
https://conda.anaconda.org/conda-forge/noarch/smmap-3.0.5-pyh44b312d_0.tar.bz2#3a8dc70789709aa315325d5df06fb7e4
https://conda.anaconda.org/conda-forge/noarch/sniffio-1.3.0-pyhd8ed1ab_0.tar.bz2#dd6cbc539e74cb1f430efbd4575b9303
https://conda.anaconda.org/conda-forge/noarch/sortedcontainers-2.4.0-pyhd8ed1ab_0.tar.bz2#6d6552722448103793743dabfbda532d
https://conda.anaconda.org/conda-forge/noarch/soupsieve-2.3.2.post1-pyhd8ed1ab_0.tar.bz2#146f4541d643d48fc8a75cacf69f03ae
https://conda.anaconda.org/conda-forge/noarch/tenacity-8.1.0-pyhd8ed1ab_0.tar.bz2#97e6f26dd5b93c9f5e6142e16ee3af62
https://conda.anaconda.org/conda-forge/noarch/toml-0.10.2-pyhd8ed1ab_0.tar.bz2#f832c45a477c78bebd107098db465095
https://conda.anaconda.org/conda-forge/noarch/tomli-2.0.1-pyhd8ed1ab_0.tar.bz2#5844808ffab9ebdb694585b50ba02a96
https://conda.anaconda.org/conda-forge/noarch/toolz-0.12.0-pyhd8ed1ab_0.tar.bz2#92facfec94bc02d6ccf42e7173831a36
https://conda.anaconda.org/conda-forge/linux-64/tornado-6.2-py38h0a891b7_1.tar.bz2#358beb228a53b5e1031862de3525d1d3
https://conda.anaconda.org/conda-forge/noarch/traitlets-5.8.0-pyhd8ed1ab_0.conda#75fa7ac3992a41e6a06102594bbf67d0
https://conda.anaconda.org/conda-forge/noarch/typing-3.10.0.0-pyhd8ed1ab_0.tar.bz2#e6573ac68718f17b9d4f5c8eda3190f2
https://conda.anaconda.org/conda-forge/noarch/typing_extensions-4.4.0-pyha770c72_0.tar.bz2#2d93b130d148d7fc77e583677792fc6a
https://conda.anaconda.org/conda-forge/noarch/webencodings-0.5.1-py_1.tar.bz2#3563be4c5611a44210d9ba0c16113136
https://conda.anaconda.org/conda-forge/noarch/websocket-client-1.4.2-pyhd8ed1ab_0.tar.bz2#5309fca1777cfdd2d7ab582edb8cc41a
https://conda.anaconda.org/conda-forge/linux-64/websockets-10.4-py38h0a891b7_1.tar.bz2#93a368347e91aed1fd2ddd89d3ed9f41
https://conda.anaconda.org/conda-forge/noarch/wheel-0.38.4-pyhd8ed1ab_0.tar.bz2#c829cfb8cb826acb9de0ac1a2df0a940
https://conda.anaconda.org/conda-forge/linux-64/yarn-1.22.19-ha770c72_0.tar.bz2#61598c43738c48fac9e01294ff3d8bdb
https://conda.anaconda.org/conda-forge/noarch/zipp-3.11.0-pyhd8ed1ab_0.conda#09b5b885341697137879a4f039a9e5a1
https://conda.anaconda.org/conda-forge/noarch/anyio-3.6.1-pyhd8ed1ab_1.tar.bz2#d65ef75084f8adbadb696dfd91148e79
https://conda.anaconda.org/conda-forge/noarch/asttokens-2.2.1-pyhd8ed1ab_0.conda#bf7f54dd0f25c3f06ecb82a07341841a
https://conda.anaconda.org/conda-forge/linux-64/aws-c-auth-0.6.21-h774e2f3_1.conda#1b604a086486a97c0338b2fe3e9f79ea
https://conda.anaconda.org/conda-forge/linux-64/aws-c-mqtt-0.7.13-hefb3e95_10.conda#7cfd30505adc0a8f30aa45277840948b
https://conda.anaconda.org/conda-forge/noarch/babel-2.11.0-pyhd8ed1ab_0.tar.bz2#2ea70fde8d581ba9425a761609eed6ba
https://conda.anaconda.org/conda-forge/noarch/backports.functools_lru_cache-1.6.4-pyhd8ed1ab_0.tar.bz2#c5b3edc62d6309088f4970b3eaaa65a6
https://conda.anaconda.org/conda-forge/noarch/beautifulsoup4-4.11.1-pyha770c72_0.tar.bz2#eeec8814bd97b2681f708bb127478d7d
https://conda.anaconda.org/conda-forge/noarch/bleach-5.0.1-pyhd8ed1ab_0.tar.bz2#1f5151d37e4a2b1137f81c89a3a769f2
https://conda.anaconda.org/conda-forge/linux-64/brunsli-0.1-h9c3ff4c_0.tar.bz2#c1ac6229d0bfd14f8354ff9ad2a26cad
https://conda.anaconda.org/conda-forge/linux-64/cffi-1.15.1-py38h4a40e3a_3.conda#3ac112151c6b6cfe457e976de41af0c5
https://conda.anaconda.org/conda-forge/linux-64/cfitsio-4.2.0-hd9d235c_0.conda#8c57a9adbafd87f5eff842abde599cb4
https://conda.anaconda.org/conda-forge/noarch/click-default-group-1.2.2-pyhd8ed1ab_1.tar.bz2#72a46ffc25701c173932fd55cf0965d3
https://conda.anaconda.org/conda-forge/noarch/clikit-0.6.2-pyh9f0ad1d_0.tar.bz2#159273f717a11e53b2656f8b6521a5e2
https://conda.anaconda.org/conda-forge/noarch/comm-0.1.2-pyhd8ed1ab_0.conda#3c78af4752bb1600ebe5e83ef4588eaa
https://conda.anaconda.org/conda-forge/linux-64/coverage-7.0.3-py38h1de0b5d_0.conda#573c5827d9d38d98eefc7723106c9203
https://conda.anaconda.org/conda-forge/linux-64/cytoolz-0.12.0-py38h0a891b7_1.tar.bz2#183f6160ab3498b882e903b06be7d430
https://conda.anaconda.org/conda-forge/noarch/deprecation-2.1.0-pyh9f0ad1d_0.tar.bz2#7b6747d7cc2076341029cff659669e8b
https://conda.anaconda.org/conda-forge/noarch/gitdb-4.0.10-pyhd8ed1ab_0.conda#3706d2f3d7cb5dae600c833345a76132
https://conda.anaconda.org/conda-forge/noarch/h11-0.14.0-pyhd8ed1ab_0.tar.bz2#b21ed0883505ba1910994f1df031a428
https://conda.anaconda.org/conda-forge/noarch/html5lib-1.1-pyh9f0ad1d_0.tar.bz2#b2355343d6315c892543200231d7154a
https://conda.anaconda.org/conda-forge/noarch/importlib-metadata-6.0.0-pyha770c72_0.conda#691644becbcdca9f73243450b1c63e62
https://conda.anaconda.org/conda-forge/noarch/importlib_resources-5.10.2-pyhd8ed1ab_0.conda#de76905f801c22fc43e624058574eab3
https://conda.anaconda.org/conda-forge/noarch/jaraco.classes-3.2.3-pyhd8ed1ab_0.tar.bz2#31e4a1506968d017229bdb64695013a1
https://conda.anaconda.org/conda-forge/noarch/jedi-0.18.2-pyhd8ed1ab_0.conda#b5e695ef9c3f0d27d6cd96bf5adc9e07
https://conda.anaconda.org/conda-forge/noarch/jinja2-3.1.2-pyhd8ed1ab_1.tar.bz2#c8490ed5c70966d232fdd389d0dbed37
https://conda.anaconda.org/conda-forge/linux-64/libgoogle-cloud-2.5.0-h21dfe5b_1.conda#af905d193c58a376621f09a21849d2c6
https://conda.anaconda.org/conda-forge/noarch/markdown-it-py-2.1.0-pyhd8ed1ab_0.tar.bz2#d821ebc1ebe21d4cac2555278c2cd970
https://conda.anaconda.org/conda-forge/noarch/matplotlib-inline-0.1.6-pyhd8ed1ab_0.tar.bz2#b21613793fcc81d944c76c9f2864a7de
https://conda.anaconda.org/conda-forge/linux-64/maturin-0.14.8-py38h9fda977_0.conda#876813a9d157583e59eaebedbb4649a3
https://conda.anaconda.org/conda-forge/noarch/outcome-1.2.0-pyhd8ed1ab_0.tar.bz2#3dbb9ece72652131f12d66e889da7c0a
https://conda.anaconda.org/conda-forge/noarch/partd-1.3.0-pyhd8ed1ab_0.tar.bz2#af8c82d121e63082926062d61d9abb54
https://conda.anaconda.org/conda-forge/noarch/pexpect-4.8.0-pyh1a96a4e_2.tar.bz2#330448ce4403cc74990ac07c555942a1
https://conda.anaconda.org/conda-forge/linux-64/pillow-9.4.0-py38hb32c036_0.conda#a288a6e69efc2f20c30ebfa590e11bed
https://conda.anaconda.org/conda-forge/noarch/pip-22.3.1-pyhd8ed1ab_0.tar.bz2#da66f2851b9836d3a7c5190082a45f7d
https://conda.anaconda.org/conda-forge/noarch/pygments-2.14.0-pyhd8ed1ab_0.conda#c78cd16b11cd6a295484bd6c8f24bea1
https://conda.anaconda.org/conda-forge/noarch/pytest-7.2.0-pyhd8ed1ab_2.tar.bz2#ac82c7aebc282e6ac0450fca012ca78c
https://conda.anaconda.org/conda-forge/noarch/python-dateutil-2.8.2-pyhd8ed1ab_0.tar.bz2#dd999d1cc9f79e67dbb855c8924c7984
https://conda.anaconda.org/conda-forge/linux-64/pywavelets-1.3.0-py38h26c90d9_2.tar.bz2#d30399a3c636c75cfd3460c92effa960
https://conda.anaconda.org/conda-forge/linux-64/ruamel.yaml-0.17.21-py38h0a891b7_2.tar.bz2#a58c37064ab27d9cc90c0725119799bc
https://conda.anaconda.org/conda-forge/noarch/terminado-0.17.1-pyhd1c38e8_0.conda#046120b71d8896cb7faef78bfdbfee1e
https://conda.anaconda.org/conda-forge/noarch/tinycss2-1.2.1-pyhd8ed1ab_0.tar.bz2#7234c9eefff659501cd2fe0d2ede4d48
https://conda.anaconda.org/conda-forge/noarch/tomlkit-0.11.6-pyha770c72_0.tar.bz2#471bf9e605820b59988e830382b8d654
https://conda.anaconda.org/conda-forge/noarch/typing-extensions-4.4.0-hd8ed1ab_0.tar.bz2#be969210b61b897775a0de63cd9e9026
https://conda.anaconda.org/conda-forge/linux-64/argon2-cffi-bindings-21.2.0-py38h0a891b7_3.tar.bz2#efcaa056d265a3138d2038a4b6b68791
https://conda.anaconda.org/conda-forge/linux-64/aws-c-s3-0.2.1-h927de71_2.conda#1b28bd938972d159828e75aeea284a0f
https://conda.anaconda.org/conda-forge/linux-64/brotlipy-0.7.0-py38h0a891b7_1005.tar.bz2#e99e08812dfff30fdd17b3f8838e2759
https://conda.anaconda.org/conda-forge/linux-64/cryptography-39.0.0-py38h3d167d9_0.conda#0ef859aa9dafce54bdf3d56715daed35
https://conda.anaconda.org/conda-forge/noarch/dask-core-2022.12.1-pyhd8ed1ab_0.conda#f12878f9839c72f3d51af02fb10da43d
https://conda.anaconda.org/conda-forge/noarch/gitpython-3.1.30-pyhd8ed1ab_0.conda#0c217ab2f5ef6925e4e52c70b57cfc4a
https://conda.anaconda.org/conda-forge/linux-64/imagecodecs-2022.12.24-py38h7f61701_0.conda#9776f91339e7c75ad89fb93b2ad8fefc
https://conda.anaconda.org/conda-forge/noarch/imageio-2.23.0-pyhfa7a67d_0.conda#f91cdb239b1470769c1c4b4266928559
https://conda.anaconda.org/conda-forge/noarch/importlib_metadata-6.0.0-hd8ed1ab_0.conda#a67d43e1527a37199dd8db913366f68e
https://conda.anaconda.org/conda-forge/noarch/jsonschema-4.17.3-pyhd8ed1ab_0.conda#723268a468177cd44568eb8f794e0d80
https://conda.anaconda.org/conda-forge/noarch/jupyter-packaging-0.12.3-pyha770c72_0.tar.bz2#fa15bbf5fa4e66e34b6ace84c54232e5
https://conda.anaconda.org/conda-forge/noarch/jupyterlab_pygments-0.2.2-pyhd8ed1ab_0.tar.bz2#243f63592c8e449f40cd42eb5cf32f40
https://conda.anaconda.org/conda-forge/noarch/mdit-py-plugins-0.3.3-pyhd8ed1ab_0.conda#7a69c057183706bc7ba6ac7c9130566a
https://conda.anaconda.org/conda-forge/linux-64/pandas-1.5.2-py38h8f669ce_0.conda#dbc17622f9d159be987bd21959d5494e
https://conda.anaconda.org/conda-forge/noarch/platformdirs-2.6.2-pyhd8ed1ab_0.conda#0b4cc3f8181b0d8446eb5387d7848a54
https://conda.anaconda.org/conda-forge/linux-64/pydantic-1.10.4-py38h1de0b5d_0.conda#ee0614a9ed37bcf05d007c14405b2f9e
https://conda.anaconda.org/conda-forge/noarch/pytest-cov-4.0.0-pyhd8ed1ab_0.tar.bz2#c9e3f8bfdb9bfc34aa1836a6ed4b25d7
https://conda.anaconda.org/conda-forge/noarch/stack_data-0.6.2-pyhd8ed1ab_0.conda#e7df0fdd404616638df5ece6e69ba7af
https://conda.anaconda.org/conda-forge/linux-64/trio-0.22.0-py38h578d9bd_1.tar.bz2#111c35cf763a092d1f7f6a4db462de69
https://conda.anaconda.org/conda-forge/noarch/wcwidth-0.2.5-pyh9f0ad1d_2.tar.bz2#5266fcd697043c59621fda522b3d78ee
https://conda.anaconda.org/conda-forge/noarch/wsproto-1.2.0-pyhd8ed1ab_0.tar.bz2#00ba804b54f451d102f6a7615f08470d
https://conda.anaconda.org/conda-forge/noarch/argon2-cffi-21.3.0-pyhd8ed1ab_0.tar.bz2#a0b402db58f73aaab8ee0ca1025a362e
https://conda.anaconda.org/conda-forge/linux-64/aws-crt-cpp-0.18.16-ha7c8eef_6.conda#b38000d4038757d9c507680aca2252ba
https://conda.anaconda.org/conda-forge/linux-64/jupyter_core-5.1.2-py38h578d9bd_0.conda#293dc3edf8d8e527df864ff74243bcd4
https://conda.anaconda.org/conda-forge/noarch/prompt-toolkit-3.0.36-pyha770c72_0.conda#4d79ec192e0bfd530a254006d123b9a6
https://conda.anaconda.org/conda-forge/noarch/pyopenssl-23.0.0-pyhd8ed1ab_0.conda#d41957700e83bbb925928764cb7f8878
https://conda.anaconda.org/conda-forge/linux-64/secretstorage-3.3.3-py38h578d9bd_1.tar.bz2#7ff0f00ee67fcbccbae548be59bfae77
https://conda.anaconda.org/conda-forge/noarch/tifffile-2022.10.10-pyhd8ed1ab_0.tar.bz2#1c126ff5b4643785bbc16e44e6327e41
https://conda.anaconda.org/conda-forge/noarch/trio-websocket-0.9.2-pyhd8ed1ab_0.tar.bz2#7acf3fc982eef23b24aed10e80d5dc99
https://conda.anaconda.org/conda-forge/noarch/vega_datasets-0.9.0-pyhd3deb0d_0.tar.bz2#c754e69d9d5de4a69ff0972318349bd0
https://conda.anaconda.org/conda-forge/linux-64/virtualenv-20.17.1-py38h578d9bd_0.conda#4ddc66bb73c2d53d194875c2ee8f0f06
https://conda.anaconda.org/conda-forge/linux-64/aws-sdk-cpp-1.9.379-h32f6703_7.conda#18cef307f622b005fcdff9308590871c
https://conda.anaconda.org/conda-forge/noarch/ipython-8.8.0-pyhd1c38e8_0.conda#92012d3aee304230e25f564e7746e8dd
https://conda.anaconda.org/conda-forge/noarch/jupyter_client-7.4.1-pyhd8ed1ab_0.tar.bz2#7853b3a9c3e9e0c8a8c824a753a7fc7b
https://conda.anaconda.org/conda-forge/linux-64/keyring-23.13.1-py38h578d9bd_0.conda#713b14390d450db02fea6b0c0535d67a
https://conda.anaconda.org/conda-forge/noarch/nbformat-5.7.1-pyhd8ed1ab_0.conda#facb42913140f1a399a5ebb65b30915e
https://conda.anaconda.org/conda-forge/noarch/urllib3-1.26.13-pyhd8ed1ab_0.conda#3078ef2359efd6ecadbc7e085c5e0592
https://conda.anaconda.org/conda-forge/noarch/ipykernel-6.19.4-pyh736e0ef_0.conda#dbd888b31f82ca9b335ec30d26811d5e
https://conda.anaconda.org/conda-forge/noarch/jupytext-1.14.4-pyhcff175f_0.conda#bd45bc0e2e0af96e2a18dba3f70c71f3
https://conda.anaconda.org/conda-forge/linux-64/libarrow-10.0.1-hd014966_3_cpu.conda#140e06220165be4d7275f742994695d1
https://conda.anaconda.org/conda-forge/noarch/nbclient-0.7.2-pyhd8ed1ab_0.conda#6c7b0d75b66a220274bb5a28c23197f2
https://conda.anaconda.org/conda-forge/noarch/requests-2.28.1-pyhd8ed1ab_1.tar.bz2#089382ee0e2dc2eae33a04cc3c2bddb0
https://conda.anaconda.org/conda-forge/noarch/selenium-4.7.2-pyhd8ed1ab_0.conda#4f6238a5e80996ee0bbee28b487aada5
https://conda.anaconda.org/conda-forge/linux-64/arrow-cpp-10.0.1-h27aab58_3_cpu.conda#10cf2576cacaa28b523f7438bcb13c58
https://conda.anaconda.org/conda-forge/noarch/cachecontrol-0.12.11-pyhd8ed1ab_0.tar.bz2#6eefee9888f33f150b5d44d616b1a613
https://conda.anaconda.org/conda-forge/noarch/ensureconda-1.4.3-pyhd8ed1ab_0.tar.bz2#c99ae3abf501990769047b4b40a98f17
https://conda.anaconda.org/conda-forge/noarch/nbconvert-core-7.2.7-pyhd8ed1ab_0.conda#dce063b1f5d6193646fc2ac43f88b77f
https://conda.anaconda.org/conda-forge/noarch/nbval-0.9.6-pyh9f0ad1d_0.tar.bz2#b627e05284e7affc46b6e4878aa1d96b
https://conda.anaconda.org/conda-forge/noarch/pooch-1.6.0-pyhd8ed1ab_0.tar.bz2#6429e1d1091c51f626b5dcfdd38bf429
https://conda.anaconda.org/conda-forge/noarch/conda-lock-1.3.0-pyhd8ed1ab_0.conda#1165b4b0171fad7555822fe3a85365ed
https://conda.anaconda.org/conda-forge/noarch/jupyter_server-1.23.4-pyhd8ed1ab_0.conda#35b7e9267926e864cc70ce137e6588ca
https://conda.anaconda.org/conda-forge/noarch/nbconvert-pandoc-7.2.7-pyhd8ed1ab_0.conda#7d48776bb3fdfa6447267c413a480ccd
https://conda.anaconda.org/conda-forge/noarch/parquet-cpp-1.5.1-2.tar.bz2#79a5f78c42817594ae016a7896521a97
https://conda.anaconda.org/conda-forge/linux-64/scipy-1.10.0-py38h10c12cc_0.conda#466ea530d622838f6cdec4f771ddc249
https://conda.anaconda.org/conda-forge/noarch/jupyterlab_server-2.18.0-pyhd8ed1ab_0.conda#be95d2cc7614462440e4e10b5b373067
https://conda.anaconda.org/conda-forge/noarch/nbconvert-7.2.7-pyhd8ed1ab_0.conda#b019fe41e6f6b88e0557532514f39cff
https://conda.anaconda.org/conda-forge/noarch/notebook-shim-0.2.2-pyhd8ed1ab_0.tar.bz2#40be846cd4e78672a40e43db9dae753c
https://conda.anaconda.org/conda-forge/linux-64/pyarrow-10.0.1-py38h03a3090_3_cpu.conda#3de9e2641571a867c1d5aa37b582424f
https://conda.anaconda.org/conda-forge/linux-64/scikit-image-0.19.3-py38h8f669ce_2.tar.bz2#e56861d4b15e7d660b1c5fd4a311a9f8
https://conda.anaconda.org/conda-forge/noarch/nbclassic-0.4.8-pyhd8ed1ab_0.tar.bz2#f4f150f83ed90a1b833e6081bbf38257
https://conda.anaconda.org/conda-forge/noarch/voila-0.4.0-pyhd8ed1ab_0.tar.bz2#f755ba802b9d766e6728be89a442326a
https://conda.anaconda.org/conda-forge/noarch/notebook-6.5.2-pyha770c72_1.tar.bz2#7bf26ca095481f206e6f9dd7681085fe
https://conda.anaconda.org/conda-forge/noarch/jupyterlab-3.5.2-pyhd8ed1ab_0.conda#6c472ca91b5c19138f8706842f0aac14
