# Generated by conda-lock.
# platform: win-64
# input_hash: 31df336811939eae2e96f51f1666f2a13d53d06863ee54b4159f2b9883b7593f
@EXPLICIT
https://conda.anaconda.org/conda-forge/win-64/ca-certificates-2022.6.15-h5b45459_0.tar.bz2#b84069692c33afe59f31c7117c80696e
https://conda.anaconda.org/conda-forge/win-64/intel-openmp-2022.1.0-h57928b3_3787.tar.bz2#35dff2b6e944ce136a574c4c006cec28
https://conda.anaconda.org/conda-forge/win-64/msys2-conda-epoch-20160418-1.tar.bz2#b0309b72560df66f71a9d5e34a5efdfa
https://conda.anaconda.org/conda-forge/win-64/nodejs-18.7.0-h57928b3_0.tar.bz2#63e9ec4e591eb90d7460e47c9817d714
https://conda.anaconda.org/conda-forge/win-64/pandoc-2.19-h57928b3_0.tar.bz2#40c984bd162eccdade2aa7a3f5cb1f9b
https://conda.anaconda.org/conda-forge/noarch/tzdata-2022a-h191b570_0.tar.bz2#84be5301069417a2221187d2f435e0f7
https://conda.anaconda.org/conda-forge/win-64/ucrt-10.0.20348.0-h57928b3_0.tar.bz2#6d666b6ea8251231ff508062d1e41f9c
https://conda.anaconda.org/conda-forge/win-64/winpty-0.4.3-4.tar.bz2#1cee351bf20b830d991dbe0bc8cd7dfe
https://conda.anaconda.org/conda-forge/win-64/m2w64-gmp-6.1.0-2.tar.bz2#53a1c73e1e3d185516d7e3af177596d9
https://conda.anaconda.org/conda-forge/win-64/m2w64-libwinpthread-git-5.0.0.4634.697f757-2.tar.bz2#774130a326dee16f1ceb05cc687ee4f0
https://conda.anaconda.org/conda-forge/win-64/vs2015_runtime-14.29.30037-h902a5da_6.tar.bz2#33d07ebe91062743eabc9e53a60d18e1
https://conda.anaconda.org/conda-forge/win-64/yarn-1.22.19-h57928b3_0.tar.bz2#b08134bf44e3ee5aa63a5448cb923683
https://conda.anaconda.org/conda-forge/win-64/m2w64-gcc-libs-core-5.3.0-7.tar.bz2#4289d80fb4d272f1f3b56cfe87ac90bd
https://conda.anaconda.org/conda-forge/win-64/vc-14.2-hb210afc_6.tar.bz2#c2aecbc9b00ba6f352e27d3d61fd31fb
https://conda.anaconda.org/conda-forge/win-64/aom-3.4.0-h0e60522_1.tar.bz2#2ae5932529811261055af8d3f7bf575d
https://conda.anaconda.org/conda-forge/win-64/bzip2-1.0.8-h8ffe710_4.tar.bz2#7c03c66026944073040cb19a4f3ec3c9
https://conda.anaconda.org/conda-forge/win-64/charls-2.3.4-h39d44d4_0.tar.bz2#bfbea80de69a6ceed0a717f63a91d326
https://conda.anaconda.org/conda-forge/win-64/dav1d-1.0.0-h8ffe710_1.tar.bz2#34a60c1a7fd1712816b5a204cba2c076
https://conda.anaconda.org/conda-forge/win-64/giflib-5.2.1-h8d14728_2.tar.bz2#c577cd3be126d95e9a05ee5aa9d2875b
https://conda.anaconda.org/conda-forge/win-64/jpeg-9e-h8ffe710_2.tar.bz2#733066523147548ce368a9bd0c8395af
https://conda.anaconda.org/conda-forge/win-64/jxrlib-1.1-h8ffe710_2.tar.bz2#69f82948e102dc14928619140c29468d
https://conda.anaconda.org/conda-forge/win-64/lerc-4.0.0-h63175ca_0.tar.bz2#1900cb3cab5055833cfddb0ba233b074
https://conda.anaconda.org/conda-forge/win-64/libaec-1.0.6-h39d44d4_0.tar.bz2#ac78b243f1ee03a2412b6e328aa3a12d
https://conda.anaconda.org/conda-forge/win-64/libbrotlicommon-1.0.9-h8ffe710_7.tar.bz2#e7b12a6cf353395dda7ed36b9041048b
https://conda.anaconda.org/conda-forge/win-64/libdeflate-1.13-h8ffe710_0.tar.bz2#5727136948d60937f553b4dc676af586
https://conda.anaconda.org/conda-forge/win-64/libffi-3.4.2-h8ffe710_5.tar.bz2#2c96d1b6915b408893f9472569dee135
https://conda.anaconda.org/conda-forge/win-64/libiconv-1.16-he774522_0.tar.bz2#bdfeadc9348e4d9fbe4821e81bf8f221
https://conda.anaconda.org/conda-forge/win-64/libsodium-1.0.18-h8d14728_1.tar.bz2#5c1fb45b5e2912c19098750ae8a32604
https://conda.anaconda.org/conda-forge/win-64/libwebp-base-1.2.3-h8ffe710_2.tar.bz2#1a56b5b8535e13a44c0ea94447171b27
https://conda.anaconda.org/conda-forge/win-64/libzlib-1.2.12-h8ffe710_2.tar.bz2#74585107cf2f18b31aa84375fcb24215
https://conda.anaconda.org/conda-forge/win-64/libzopfli-1.0.3-h0e60522_0.tar.bz2#b4b0cbc0abc9f26b730231ffdabf3881
https://conda.anaconda.org/conda-forge/win-64/lz4-c-1.9.3-h8ffe710_1.tar.bz2#d12763533276560a931c1bd3df1adf63
https://conda.anaconda.org/conda-forge/win-64/m2w64-gcc-libgfortran-5.3.0-6.tar.bz2#066552ac6b907ec6d72c0ddab29050dc
https://conda.anaconda.org/conda-forge/win-64/openssl-1.1.1q-h8ffe710_0.tar.bz2#2ee16f406ee12fe4dcd08b513e9bd0c6
https://conda.anaconda.org/conda-forge/win-64/snappy-1.1.9-h82413e6_1.tar.bz2#47f94fe8037a17cc8c132c8da97f91f7
https://conda.anaconda.org/conda-forge/win-64/sqlite-3.39.2-h8ffe710_0.tar.bz2#902c57a6f2f2e0b837a004004cd2ca57
https://conda.anaconda.org/conda-forge/win-64/tbb-2021.5.0-h2d74725_1.tar.bz2#8f00f39dbd7deaba11410b0b6e7b2cb4
https://conda.anaconda.org/conda-forge/win-64/tk-8.6.12-h8ffe710_0.tar.bz2#c69a5047cc9291ae40afd4a1ad6f0c0f
https://conda.anaconda.org/conda-forge/win-64/xz-5.2.5-h62dcd97_1.tar.bz2#eabcbfedd14d7c18a514afca09ea0ebb
https://conda.anaconda.org/conda-forge/win-64/yaml-0.2.5-h8ffe710_2.tar.bz2#adbfb9f45d1004a26763652246a33764
https://conda.anaconda.org/conda-forge/win-64/zfp-1.0.0-h0e60522_1.tar.bz2#d5287648a16a4e7dc01a04a64e2fbfd7
https://conda.anaconda.org/conda-forge/win-64/zlib-ng-2.0.6-h8ffe710_0.tar.bz2#8798470ee6d3ec72899018200ca49dfb
https://conda.anaconda.org/conda-forge/win-64/krb5-1.19.3-h1176d77_0.tar.bz2#2e0d447ab95d58d3ea1222121ec57f9f
https://conda.anaconda.org/conda-forge/win-64/libavif-0.10.1-h8ffe710_1.tar.bz2#27b6f2b3abcd1e04668456626010a2e3
https://conda.anaconda.org/conda-forge/win-64/libbrotlidec-1.0.9-h8ffe710_7.tar.bz2#ca57bf17ba92eed4ca2667a4c5df9343
https://conda.anaconda.org/conda-forge/win-64/libbrotlienc-1.0.9-h8ffe710_7.tar.bz2#75c0a84c7f22d57cda6aaf7205b4a27c
https://conda.anaconda.org/conda-forge/win-64/libwebp-1.2.3-h8ffe710_1.tar.bz2#ee2748a466ceaa12dbdf31d1dae48fc4
https://conda.anaconda.org/conda-forge/win-64/m2w64-gcc-libs-5.3.0-7.tar.bz2#fe759119b8b3bfa720b8762c6fdc35de
https://conda.anaconda.org/conda-forge/win-64/mkl-2022.1.0-h6a75c08_874.tar.bz2#2ff89a7337a9636029b4db9466e9f8e3
https://conda.anaconda.org/conda-forge/win-64/python-3.10.5-h9a09f29_0_cpython.tar.bz2#80c856de93cbe0bbf2b1714f55ae56cc
https://conda.anaconda.org/conda-forge/win-64/zeromq-4.3.4-h0e60522_1.tar.bz2#e1aff0583dda5fb917eb3d2c1025aa80
https://conda.anaconda.org/conda-forge/win-64/zlib-1.2.12-h8ffe710_2.tar.bz2#d6f4eeb62da2ad90c31082cc7178776a
https://conda.anaconda.org/conda-forge/win-64/zstd-1.5.2-h6255e5f_3.tar.bz2#fcf5e847c175ce6badb6f3c266522f80
https://conda.anaconda.org/conda-forge/noarch/appdirs-1.4.4-pyh9f0ad1d_0.tar.bz2#5f095bc6454094e96f146491fd03633b
https://conda.anaconda.org/conda-forge/noarch/async_generator-1.10-py_0.tar.bz2#d56c596e61b1c4952acf0a9920856c12
https://conda.anaconda.org/conda-forge/noarch/atomicwrites-1.4.1-pyhd8ed1ab_0.tar.bz2#1714887104aab113bde64001ceb17262
https://conda.anaconda.org/conda-forge/noarch/attrs-22.1.0-pyh71513ae_1.tar.bz2#6d3ccbc56256204925bfa8378722792f
https://conda.anaconda.org/conda-forge/noarch/backcall-0.2.0-pyh9f0ad1d_0.tar.bz2#6006a6d08a3fa99268a2681c7fb55213
https://conda.anaconda.org/conda-forge/noarch/backports-1.0-py_2.tar.bz2#0da16b293affa6ac31812376f8eb79dd
https://conda.anaconda.org/conda-forge/win-64/blosc-1.21.1-h74325e0_3.tar.bz2#90e1e39de7864e0e48654c0beb83e170
https://conda.anaconda.org/conda-forge/win-64/c-blosc2-2.2.0-hdf67494_0.tar.bz2#8dfd1091f9f227ae55fd114956371f10
https://conda.anaconda.org/conda-forge/noarch/cachy-0.3.0-py_0.tar.bz2#808c46dc56ae4a796830129aaf1b51ec
https://conda.anaconda.org/conda-forge/noarch/charset-normalizer-2.1.0-pyhd8ed1ab_0.tar.bz2#abc0453b6e7bfbb87d275d58e333fc98
https://conda.anaconda.org/conda-forge/noarch/cloudpickle-2.1.0-pyhd8ed1ab_0.tar.bz2#f7551a8a008dfad2b7ac9662dd124614
https://conda.anaconda.org/conda-forge/noarch/colorama-0.4.5-pyhd8ed1ab_0.tar.bz2#c267da48ce208905d7d976d49dfd9433
https://conda.anaconda.org/conda-forge/noarch/crashtest-0.3.1-pyhd8ed1ab_0.tar.bz2#b8477552274c1cfdb533e954c76523f1
https://conda.anaconda.org/conda-forge/noarch/decorator-5.1.1-pyhd8ed1ab_0.tar.bz2#43afe5ab04e35e17ba28649471dd7364
https://conda.anaconda.org/conda-forge/noarch/defusedxml-0.7.1-pyhd8ed1ab_0.tar.bz2#961b3a227b437d82ad7054484cfa71b2
https://conda.anaconda.org/conda-forge/noarch/distlib-0.3.5-pyhd8ed1ab_0.tar.bz2#f15c3912378a07726093cc94d1e13251
https://conda.anaconda.org/conda-forge/noarch/entrypoints-0.4-pyhd8ed1ab_0.tar.bz2#3cf04868fee0a029769bd41f4b2fbf2d
https://conda.anaconda.org/conda-forge/noarch/executing-0.9.1-pyhd8ed1ab_0.tar.bz2#aef67104bc729d727697a015545f7ec3
https://conda.anaconda.org/conda-forge/noarch/filelock-3.8.0-pyhd8ed1ab_0.tar.bz2#10f0218dbd493ab2e5dc6759ddea4526
https://conda.anaconda.org/conda-forge/noarch/flaky-3.7.0-pyh9f0ad1d_0.tar.bz2#d20be9ed08052d16593c88d51b774a82
https://conda.anaconda.org/conda-forge/noarch/flit-core-3.7.1-pyhd8ed1ab_0.tar.bz2#f93822cba5c20161560661988a88f2c0
https://conda.anaconda.org/conda-forge/noarch/fsspec-2022.7.1-pyhd8ed1ab_0.tar.bz2#984db277dfb9ea04a584aea39c6a34e4
https://conda.anaconda.org/conda-forge/noarch/idna-3.3-pyhd8ed1ab_0.tar.bz2#40b50b8b030f5f2f22085c062ed013dd
https://conda.anaconda.org/conda-forge/noarch/iniconfig-1.1.1-pyh9f0ad1d_0.tar.bz2#39161f81cc5e5ca45b8226fbb06c6905
https://conda.anaconda.org/conda-forge/noarch/ipython_genutils-0.2.0-py_1.tar.bz2#5071c982548b3a20caf70462f04f5287
https://conda.anaconda.org/conda-forge/noarch/json5-0.9.5-pyh9f0ad1d_0.tar.bz2#10759827a94e6b14996e81fb002c0bda
https://conda.anaconda.org/conda-forge/win-64/libblas-3.9.0-16_win64_mkl.tar.bz2#d2e6f4e86cee2b4e8c27ff6884ccdc61
https://conda.anaconda.org/conda-forge/win-64/libpng-1.6.37-h1d00b33_3.tar.bz2#29258e769c274f48a1d70210a1fc8896
https://conda.anaconda.org/conda-forge/win-64/libssh2-1.10.0-h680486a_2.tar.bz2#7c3dab9db46226852f9c4c163870e4e4
https://conda.anaconda.org/conda-forge/win-64/libtiff-4.4.0-h92677e6_3.tar.bz2#dd281600165fc1290ec84a5dd5c7f45d
https://conda.anaconda.org/conda-forge/win-64/libxml2-2.9.14-hf5bbc77_3.tar.bz2#e808942ccf50836ada87fca9166ade88
https://conda.anaconda.org/conda-forge/noarch/locket-1.0.0-pyhd8ed1ab_0.tar.bz2#91e27ef3d05cc772ce627e51cff111c4
https://conda.anaconda.org/conda-forge/noarch/lockfile-0.12.2-py_1.tar.bz2#c104d98e09c47519950cffb8dd5b4f10
https://conda.anaconda.org/conda-forge/noarch/mdurl-0.1.0-pyhd8ed1ab_0.tar.bz2#f8dab71fdc13b1bf29a01248b156d268
https://conda.anaconda.org/conda-forge/noarch/nest-asyncio-1.5.5-pyhd8ed1ab_0.tar.bz2#dc36c992aec485c0efff619ed2e63957
https://conda.anaconda.org/conda-forge/noarch/networkx-2.8.5-pyhd8ed1ab_0.tar.bz2#4359cc8df0609a2b88aec55d6d2fedaf
https://conda.anaconda.org/conda-forge/noarch/pandocfilters-1.5.0-pyhd8ed1ab_0.tar.bz2#457c2c8c08e54905d6954e79cb5b5db9
https://conda.anaconda.org/conda-forge/noarch/parso-0.8.3-pyhd8ed1ab_0.tar.bz2#17a565a0c3899244e938cdf417e7b094
https://conda.anaconda.org/conda-forge/noarch/pastel-0.2.1-pyhd8ed1ab_0.tar.bz2#a4eea5bff523f26442405bc5d1f52adb
https://conda.anaconda.org/conda-forge/noarch/pickleshare-0.7.5-py_1003.tar.bz2#415f0ebb6198cc2801c73438a9fb5761
https://conda.anaconda.org/conda-forge/noarch/pkginfo-1.8.3-pyhd8ed1ab_0.tar.bz2#0f2d0da112ff6fd76cc3ce038d72d2c9
https://conda.anaconda.org/conda-forge/noarch/pkgutil-resolve-name-1.3.10-pyhd8ed1ab_0.tar.bz2#89e3c7cdde7d3aaa2aee933b604dd07f
https://conda.anaconda.org/conda-forge/noarch/platformdirs-2.5.2-pyhd8ed1ab_1.tar.bz2#2fb3f88922e7aec26ba652fcdfe13950
https://conda.anaconda.org/conda-forge/noarch/prometheus_client-0.14.1-pyhd8ed1ab_0.tar.bz2#b7fa7d86530b8de805268e48988eb483
https://conda.anaconda.org/conda-forge/win-64/pthread-stubs-0.4-hcd874cb_1001.tar.bz2#a1f820480193ea83582b13249a7e7bd9
https://conda.anaconda.org/conda-forge/noarch/ptyprocess-0.7.0-pyhd3deb0d_0.tar.bz2#359eeb6536da0e687af562ed265ec263
https://conda.anaconda.org/conda-forge/noarch/pure_eval-0.2.2-pyhd8ed1ab_0.tar.bz2#6784285c7e55cb7212efabc79e4c2883
https://conda.anaconda.org/conda-forge/noarch/py-1.11.0-pyh6c4a22f_0.tar.bz2#b4613d7e7a493916d867842a6a148054
https://conda.anaconda.org/conda-forge/noarch/pycparser-2.21-pyhd8ed1ab_0.tar.bz2#076becd9e05608f8dc72757d5f3a91ff
https://conda.anaconda.org/conda-forge/noarch/pylev-1.4.0-pyhd8ed1ab_0.tar.bz2#edf8651c4379d9d1495ad6229622d150
https://conda.anaconda.org/conda-forge/noarch/pyparsing-3.0.9-pyhd8ed1ab_0.tar.bz2#e8fbc1b54b25f4b08281467bc13b70cc
https://conda.anaconda.org/conda-forge/noarch/python-fastjsonschema-2.16.1-pyhd8ed1ab_0.tar.bz2#66c2cdd40938dceeef4b02ba5d8b2692
https://conda.anaconda.org/conda-forge/win-64/python_abi-3.10-2_cp310.tar.bz2#aaa900b98edb2e67106b461ff365ba57
https://conda.anaconda.org/conda-forge/noarch/pytz-2022.1-pyhd8ed1ab_0.tar.bz2#b87d66d6d3991d988fb31510c95a9267
https://conda.anaconda.org/conda-forge/noarch/send2trash-1.8.0-pyhd8ed1ab_0.tar.bz2#edab14119efe85c3bf131ad747e9005c
https://conda.anaconda.org/conda-forge/noarch/shellingham-1.5.0-pyhd8ed1ab_0.tar.bz2#65bacdee3cac51e49f45d530bbd5e90f
https://conda.anaconda.org/conda-forge/noarch/six-1.16.0-pyh6c4a22f_0.tar.bz2#e5f25f8dbc060e9a8d912e432202afc2
https://conda.anaconda.org/conda-forge/noarch/sortedcontainers-2.4.0-pyhd8ed1ab_0.tar.bz2#6d6552722448103793743dabfbda532d
https://conda.anaconda.org/conda-forge/noarch/soupsieve-2.3.2.post1-pyhd8ed1ab_0.tar.bz2#146f4541d643d48fc8a75cacf69f03ae
https://conda.anaconda.org/conda-forge/noarch/tenacity-8.0.1-pyhd8ed1ab_0.tar.bz2#8b29b2c12cb21dbd057755e5fd22d005
https://conda.anaconda.org/conda-forge/noarch/toml-0.10.2-pyhd8ed1ab_0.tar.bz2#f832c45a477c78bebd107098db465095
https://conda.anaconda.org/conda-forge/noarch/tomli-2.0.1-pyhd8ed1ab_0.tar.bz2#5844808ffab9ebdb694585b50ba02a96
https://conda.anaconda.org/conda-forge/noarch/toolz-0.12.0-pyhd8ed1ab_0.tar.bz2#92facfec94bc02d6ccf42e7173831a36
https://conda.anaconda.org/conda-forge/noarch/traitlets-5.3.0-pyhd8ed1ab_0.tar.bz2#037ae660916683034146db3ec98f099a
https://conda.anaconda.org/conda-forge/noarch/typing-3.10.0.0-pyhd8ed1ab_0.tar.bz2#e6573ac68718f17b9d4f5c8eda3190f2
https://conda.anaconda.org/conda-forge/noarch/typing_extensions-4.3.0-pyha770c72_0.tar.bz2#a9d85960bc62d53cc4ea0d1d27f73c98
https://conda.anaconda.org/conda-forge/noarch/webencodings-0.5.1-py_1.tar.bz2#3563be4c5611a44210d9ba0c16113136
https://conda.anaconda.org/conda-forge/noarch/websocket-client-1.3.3-pyhd8ed1ab_0.tar.bz2#1aebd3cc43ffb4bb09646f60e03c50cd
https://conda.anaconda.org/conda-forge/noarch/wheel-0.37.1-pyhd8ed1ab_0.tar.bz2#1ca02aaf78d9c70d9a81a3bed5752022
https://conda.anaconda.org/conda-forge/win-64/xorg-libxau-1.0.9-hcd874cb_0.tar.bz2#9cef622e75683c17d05ae62d66e69e6c
https://conda.anaconda.org/conda-forge/win-64/xorg-libxdmcp-1.1.3-hcd874cb_0.tar.bz2#46878ebb6b9cbd8afcf8088d7ef00ece
https://conda.anaconda.org/conda-forge/noarch/zipp-3.8.1-pyhd8ed1ab_0.tar.bz2#a3508a0c850745b875de88aea4c40cc5
https://conda.anaconda.org/conda-forge/noarch/asttokens-2.0.5-pyhd8ed1ab_0.tar.bz2#74badce16f060701fee55c39332f5253
https://conda.anaconda.org/conda-forge/noarch/babel-2.10.3-pyhd8ed1ab_0.tar.bz2#72f1c6d03109d7a70087bc1d029a8eda
https://conda.anaconda.org/conda-forge/noarch/beautifulsoup4-4.11.1-pyha770c72_0.tar.bz2#eeec8814bd97b2681f708bb127478d7d
https://conda.anaconda.org/conda-forge/win-64/certifi-2022.6.15-py310h5588dad_0.tar.bz2#0d68bfe987b9e8414847e6eef95e6370
https://conda.anaconda.org/conda-forge/win-64/cffi-1.15.1-py310hcbf9ad4_0.tar.bz2#291e525e56b35d2ae277b592e08141a8
https://conda.anaconda.org/conda-forge/win-64/click-8.1.3-py310h5588dad_0.tar.bz2#9d68311ef7daffb1f41e5ab2ac327515
https://conda.anaconda.org/conda-forge/noarch/clikit-0.6.2-pyh9f0ad1d_0.tar.bz2#159273f717a11e53b2656f8b6521a5e2
https://conda.anaconda.org/conda-forge/win-64/coverage-6.4.3-py310he2412df_0.tar.bz2#aba1d218d53626c2fd235d42df06d0fb
https://conda.anaconda.org/conda-forge/win-64/cytoolz-0.12.0-py310he2412df_0.tar.bz2#08989266a1a81ba199ce5b38bcd7077e
https://conda.anaconda.org/conda-forge/win-64/debugpy-1.6.0-py310h8a704f9_0.tar.bz2#e360865200f4c8614cb6171e6b9db948
https://conda.anaconda.org/conda-forge/win-64/freetype-2.10.4-h546665d_2.tar.bz2#ad8ed620d237f872af2d36bfb4ddd30b
https://conda.anaconda.org/conda-forge/noarch/h11-0.13.0-pyhd8ed1ab_1.tar.bz2#e7cf19f1afe6b3a6a4a9fa383080ebd1
https://conda.anaconda.org/conda-forge/noarch/html5lib-1.1-pyh9f0ad1d_0.tar.bz2#b2355343d6315c892543200231d7154a
https://conda.anaconda.org/conda-forge/win-64/importlib-metadata-4.11.4-py310h5588dad_0.tar.bz2#16ef54587496fadabd26ba48ff221750
https://conda.anaconda.org/conda-forge/noarch/importlib_resources-5.9.0-pyhd8ed1ab_0.tar.bz2#393a52ae5450ac981a0b67c8175d61fa
https://conda.anaconda.org/conda-forge/noarch/jedi-0.18.1-pyhd8ed1ab_2.tar.bz2#0e613217e78777045199372a2b0d5bd2
https://conda.anaconda.org/conda-forge/win-64/lcms2-2.12-h2a16943_0.tar.bz2#fee639c27301c4165b4d1f7e442de8a5
https://conda.anaconda.org/conda-forge/win-64/libcblas-3.9.0-16_win64_mkl.tar.bz2#14c2fb03b2bb14dfa3806186ca91d557
https://conda.anaconda.org/conda-forge/win-64/libcurl-7.83.1-h789b8ee_0.tar.bz2#b70caa5b0251f09a47eeae9f8fc0f5b2
https://conda.anaconda.org/conda-forge/win-64/liblapack-3.9.0-16_win64_mkl.tar.bz2#be2f9d5712a5bb05cd900005ee752a05
https://conda.anaconda.org/conda-forge/win-64/libxcb-1.13-hcd874cb_1004.tar.bz2#a6d7fd030532378ecb6ba435cd9f8234
https://conda.anaconda.org/conda-forge/win-64/libxslt-1.1.35-h34f844d_0.tar.bz2#4a7278062b77fa934f3df71360428947
https://conda.anaconda.org/conda-forge/noarch/markdown-it-py-2.1.0-pyhd8ed1ab_0.tar.bz2#d821ebc1ebe21d4cac2555278c2cd970
https://conda.anaconda.org/conda-forge/win-64/markupsafe-2.1.1-py310he2412df_1.tar.bz2#c33fd016ec3b4c3cb0e676fbd0b18953
https://conda.anaconda.org/conda-forge/noarch/matplotlib-inline-0.1.3-pyhd8ed1ab_0.tar.bz2#be3bfd435802d2c768c6b2439f325f3d
https://conda.anaconda.org/conda-forge/win-64/maturin-0.13.1-py310he2c049f_0.tar.bz2#e44166ab6ec99f08333393b28620e741
https://conda.anaconda.org/conda-forge/win-64/mistune-0.8.4-py310he2412df_1005.tar.bz2#b845e34a59732681cdd63f5c5d3456b4
https://conda.anaconda.org/conda-forge/win-64/msgpack-python-1.0.4-py310h476a331_0.tar.bz2#8c94755311b5226733b6f5069eb48632
https://conda.anaconda.org/conda-forge/win-64/openjpeg-2.4.0-hb211442_1.tar.bz2#0991d2e943e5ba7ec9b7b32eec14e2e3
https://conda.anaconda.org/conda-forge/noarch/outcome-1.2.0-pyhd8ed1ab_0.tar.bz2#3dbb9ece72652131f12d66e889da7c0a
https://conda.anaconda.org/conda-forge/noarch/packaging-20.9-pyh44b312d_0.tar.bz2#be69a38e912054a62dc82cc3c7711a64
https://conda.anaconda.org/conda-forge/noarch/partd-1.2.0-pyhd8ed1ab_0.tar.bz2#0c32f563d7f22e3a34c95cad8cc95651
https://conda.anaconda.org/conda-forge/noarch/pexpect-4.8.0-pyh9f0ad1d_2.tar.bz2#5909e7b978141dd80d28dbf9de627827
https://conda.anaconda.org/conda-forge/win-64/pluggy-1.0.0-py310h5588dad_3.tar.bz2#48b66805d9d5b1d24fcb0d547471a0f0
https://conda.anaconda.org/conda-forge/win-64/poetry-core-1.0.8-py310h5588dad_1.tar.bz2#a15f6e219a4f2b73bccf2210e0f63364
https://conda.anaconda.org/conda-forge/win-64/psutil-5.9.1-py310he2412df_0.tar.bz2#a3522200c0314c650f0f0beb4d69d92c
https://conda.anaconda.org/conda-forge/win-64/pyrsistent-0.18.1-py310he2412df_1.tar.bz2#c9f9ed13bf78eda29170ca3f146b030c
https://conda.anaconda.org/conda-forge/noarch/python-dateutil-2.8.2-pyhd8ed1ab_0.tar.bz2#dd999d1cc9f79e67dbb855c8924c7984
https://conda.anaconda.org/conda-forge/win-64/pywin32-303-py310he2412df_0.tar.bz2#e034f495e69b266fc082c92f75398f22
https://conda.anaconda.org/conda-forge/win-64/pywin32-ctypes-0.2.0-py310h5588dad_1005.tar.bz2#38ecc6adfcd4e0390c4ed4fbaafcfa6f
https://conda.anaconda.org/conda-forge/win-64/pywinpty-2.0.7-py310h00ffb61_0.tar.bz2#e90a58b227ec80d7f3a8a90cb909ac6c
https://conda.anaconda.org/conda-forge/win-64/pyyaml-6.0-py310he2412df_4.tar.bz2#e1386e64a5e6d3ef30860a233ce8b371
https://conda.anaconda.org/conda-forge/win-64/pyzmq-23.2.0-py310h73ada01_0.tar.bz2#79c4e1e6d98f155d1c220999dda736d6
https://conda.anaconda.org/conda-forge/win-64/ruamel.yaml.clib-0.2.6-py310he2412df_1.tar.bz2#17510ff9f4e3269aa73ad97eafc35ea1
https://conda.anaconda.org/conda-forge/win-64/setuptools-63.4.3-py310h5588dad_0.tar.bz2#07ff2b32f7e31fa44def8ef95bbc05f1
https://conda.anaconda.org/conda-forge/win-64/sniffio-1.2.0-py310h5588dad_3.tar.bz2#abde2fb17f9cc5f5bddde4c10faed9ae
https://conda.anaconda.org/conda-forge/noarch/tinycss2-1.1.1-pyhd8ed1ab_0.tar.bz2#5d280406501e79dc7aa9c9ac31d25a80
https://conda.anaconda.org/conda-forge/noarch/tomlkit-0.11.3-pyha770c72_0.tar.bz2#c8f9bede45d21747adb99b4892e860a5
https://conda.anaconda.org/conda-forge/win-64/tornado-6.2-py310he2412df_0.tar.bz2#1f77d37479cec61817bdbf72bf4363bc
https://conda.anaconda.org/conda-forge/noarch/typing-extensions-4.3.0-hd8ed1ab_0.tar.bz2#f3e98e944832fb271a0dbda7b7771dc6
https://conda.anaconda.org/conda-forge/win-64/virtualenv-20.16.3-py310h5588dad_0.tar.bz2#88234d1fdfa6897e05e298c51591b96b
https://conda.anaconda.org/conda-forge/win-64/websockets-10.3-py310he2412df_0.tar.bz2#5e390e6c59c9efc2e0b3492bfc3b60dc
https://conda.anaconda.org/conda-forge/win-64/win_inet_pton-1.1.0-py310h5588dad_4.tar.bz2#674aa7b17ab884a99afeec3547a03bb8
https://conda.anaconda.org/conda-forge/noarch/anyio-3.6.1-pyhd8ed1ab_1.tar.bz2#d65ef75084f8adbadb696dfd91148e79
https://conda.anaconda.org/conda-forge/win-64/argon2-cffi-bindings-21.2.0-py310he2412df_2.tar.bz2#b8a31c91f08a90ee888d4b23394898da
https://conda.anaconda.org/conda-forge/noarch/backports.functools_lru_cache-1.6.4-pyhd8ed1ab_0.tar.bz2#c5b3edc62d6309088f4970b3eaaa65a6
https://conda.anaconda.org/conda-forge/noarch/bleach-5.0.1-pyhd8ed1ab_0.tar.bz2#1f5151d37e4a2b1137f81c89a3a769f2
https://conda.anaconda.org/conda-forge/win-64/brotlipy-0.7.0-py310he2412df_1004.tar.bz2#6967391ab90fb96d3e75bf423012fa79
https://conda.anaconda.org/conda-forge/win-64/cfitsio-4.1.0-h5a969a9_0.tar.bz2#df455e759b8bd9cb9beccd47306b55e7
https://conda.anaconda.org/conda-forge/noarch/cleo-0.8.1-pyhd8ed1ab_2.tar.bz2#4c82b11a3d06031bd58e7d869f53d965
https://conda.anaconda.org/conda-forge/noarch/click-default-group-1.2.2-pyhd8ed1ab_1.tar.bz2#72a46ffc25701c173932fd55cf0965d3
https://conda.anaconda.org/conda-forge/win-64/cryptography-37.0.4-py310ha857299_0.tar.bz2#5a5a9422f119a85b1c5d826d04fb703b
https://conda.anaconda.org/conda-forge/noarch/dask-core-2022.8.0-pyhd8ed1ab_0.tar.bz2#b097a86c177b459f6c9a68a077cade0e
https://conda.anaconda.org/conda-forge/noarch/deprecation-2.1.0-pyh9f0ad1d_0.tar.bz2#7b6747d7cc2076341029cff659669e8b
https://conda.anaconda.org/conda-forge/noarch/importlib_metadata-4.11.4-hd8ed1ab_0.tar.bz2#9a1925fdb91c81437b8012e48ede6851
https://conda.anaconda.org/conda-forge/noarch/jinja2-3.1.2-pyhd8ed1ab_1.tar.bz2#c8490ed5c70966d232fdd389d0dbed37
https://conda.anaconda.org/conda-forge/noarch/jsonschema-4.9.1-pyhd8ed1ab_0.tar.bz2#8331d25cc09613d11c0bed6b68d2b833
https://conda.anaconda.org/conda-forge/win-64/jupyter_core-4.11.1-py310h5588dad_0.tar.bz2#f838f949952c61ae583417308218b8b8
https://conda.anaconda.org/conda-forge/win-64/keyring-23.8.2-py310h5588dad_0.tar.bz2#4301544da078ed9f1e1712463ae2466c
https://conda.anaconda.org/conda-forge/win-64/lxml-4.9.1-py310he2412df_0.tar.bz2#873b9153e82f2d9182e00125872f173d
https://conda.anaconda.org/conda-forge/noarch/mdit-py-plugins-0.3.0-pyhd8ed1ab_0.tar.bz2#adf9129f76ca651869acf2219fac2050
https://conda.anaconda.org/conda-forge/win-64/numpy-1.23.1-py310h8a5b91a_0.tar.bz2#8c393e7e00a412bd122520d08bf5a327
https://conda.anaconda.org/conda-forge/win-64/pillow-9.2.0-py310h767b3fd_0.tar.bz2#4c5d482c123edf298e106fb7fc31ff78
https://conda.anaconda.org/conda-forge/noarch/pip-22.2.2-pyhd8ed1ab_0.tar.bz2#0b43abe4d3ee93e82742d37def53a836
https://conda.anaconda.org/conda-forge/win-64/pydantic-1.9.1-py310he2412df_0.tar.bz2#843be2573c07581d9049b738ec49abb8
https://conda.anaconda.org/conda-forge/noarch/pygments-2.12.0-pyhd8ed1ab_0.tar.bz2#cb27e2ded147e5bcc7eafc1c6d343cb3
https://conda.anaconda.org/conda-forge/win-64/pysocks-1.7.1-py310h5588dad_5.tar.bz2#8b84a5de3ffa12a5aaeea385140bba27
https://conda.anaconda.org/conda-forge/win-64/pytest-7.1.2-py310h5588dad_0.tar.bz2#752fb46d83358bc421474e1abc542e9d
https://conda.anaconda.org/conda-forge/win-64/python-chromedriver-binary-104.0.5112.29.0-py310h5588dad_0.tar.bz2#3157f40eb766c9570800890cc34c3871
https://conda.anaconda.org/conda-forge/win-64/ruamel.yaml-0.17.21-py310he2412df_1.tar.bz2#92ddbe00480db13cb0161f65eba846db
https://conda.anaconda.org/conda-forge/noarch/stack_data-0.3.0-pyhd8ed1ab_0.tar.bz2#39d4ba9cd2b25a599a3b28e79f171c00
https://conda.anaconda.org/conda-forge/win-64/terminado-0.15.0-py310h5588dad_0.tar.bz2#00f6c9d28f5be2043310ebc3e03f03ad
https://conda.anaconda.org/conda-forge/win-64/trio-0.21.0-py310h5588dad_0.tar.bz2#f3cc4ca33d7beeb5ba31ce74f062deb0
https://conda.anaconda.org/conda-forge/win-64/wsproto-1.1.0-py310h5588dad_1.tar.bz2#d91c811bf724d895d0c1b4e422d5c0fb
https://conda.anaconda.org/conda-forge/noarch/argon2-cffi-21.3.0-pyhd8ed1ab_0.tar.bz2#a0b402db58f73aaab8ee0ca1025a362e
https://conda.anaconda.org/conda-forge/win-64/imagecodecs-2022.8.8-py310hd634bd4_3.tar.bz2#83538bdfb00fed3813febd00056d2732
https://conda.anaconda.org/conda-forge/noarch/imageio-2.21.1-pyhfa7a67d_0.tar.bz2#634d813a25912ac44a003b3ade316a44
https://conda.anaconda.org/conda-forge/noarch/jupyter-packaging-0.12.2-pyha770c72_1.tar.bz2#9466b71be8f5ef7adad2b4fe7a996821
https://conda.anaconda.org/conda-forge/noarch/jupyter_client-7.3.4-pyhd8ed1ab_0.tar.bz2#dad80938cdccc5c274e954dda56b6eb5
https://conda.anaconda.org/conda-forge/noarch/jupyterlab_pygments-0.2.2-pyhd8ed1ab_0.tar.bz2#243f63592c8e449f40cd42eb5cf32f40
https://conda.anaconda.org/conda-forge/noarch/nbformat-5.4.0-pyhd8ed1ab_0.tar.bz2#770f6659243e2c79a0b8488b0e463bd1
https://conda.anaconda.org/conda-forge/win-64/pandas-1.4.3-py310hf5e1058_0.tar.bz2#0737261ce79b5c3992ec9ee5f825b19d
https://conda.anaconda.org/conda-forge/noarch/pyopenssl-22.0.0-pyhd8ed1ab_0.tar.bz2#1d7e241dfaf5475e893d4b824bb71b44
https://conda.anaconda.org/conda-forge/noarch/pytest-cov-3.0.0-pyhd8ed1ab_0.tar.bz2#0f7cac11bb696b62d378bde725bfc3eb
https://conda.anaconda.org/conda-forge/win-64/pywavelets-1.3.0-py310h2873277_1.tar.bz2#4323fb84ca48f9277fe2ae6c98e14ead
https://conda.anaconda.org/conda-forge/win-64/scipy-1.9.0-py310h578b7cb_0.tar.bz2#beb98bec9d7c0cc6e11f24a5440eb520
https://conda.anaconda.org/conda-forge/noarch/trio-websocket-0.9.2-pyhd8ed1ab_0.tar.bz2#7acf3fc982eef23b24aed10e80d5dc99
https://conda.anaconda.org/conda-forge/noarch/wcwidth-0.2.5-pyh9f0ad1d_2.tar.bz2#5266fcd697043c59621fda522b3d78ee
https://conda.anaconda.org/conda-forge/noarch/jupytext-1.14.0-pyheef035f_0.tar.bz2#6fcda408483be6e70cb2eccc1c59a5a0
https://conda.anaconda.org/conda-forge/noarch/nbclient-0.5.13-pyhd8ed1ab_0.tar.bz2#3edde88a191701cf052216c4ba353a83
https://conda.anaconda.org/conda-forge/noarch/prompt-toolkit-3.0.30-pyha770c72_0.tar.bz2#f5f08dc71d7e24572b131d5fb0ad1ebc
https://conda.anaconda.org/conda-forge/noarch/tifffile-2022.8.8-pyhd8ed1ab_0.tar.bz2#a36b2a709a87df8d135750dc8aa52521
https://conda.anaconda.org/conda-forge/noarch/urllib3-1.26.11-pyhd8ed1ab_0.tar.bz2#0738978569b10669bdef41c671252dd1
https://conda.anaconda.org/conda-forge/noarch/vega_datasets-0.9.0-pyhd3deb0d_0.tar.bz2#c754e69d9d5de4a69ff0972318349bd0
https://conda.anaconda.org/conda-forge/win-64/ipython-8.4.0-py310h5588dad_0.tar.bz2#a6e456b7c150cbd77ff57866e5b195ad
https://conda.anaconda.org/conda-forge/noarch/nbconvert-core-6.5.3-pyhd8ed1ab_0.tar.bz2#9dfdb5f2271cb67d81b152194a6254db
https://conda.anaconda.org/conda-forge/noarch/requests-2.28.1-pyhd8ed1ab_0.tar.bz2#70d6e72856de9551f83ae0f2de689a7a
https://conda.anaconda.org/conda-forge/win-64/scikit-image-0.19.3-py310hf5e1058_1.tar.bz2#75b73c4eadcf85989502ab1b1edea3eb
https://conda.anaconda.org/conda-forge/noarch/selenium-4.4.0-pyhd8ed1ab_0.tar.bz2#c9778cdc90d38367644c3058a4af0d53
https://conda.anaconda.org/conda-forge/noarch/cachecontrol-0.12.11-pyhd8ed1ab_0.tar.bz2#6eefee9888f33f150b5d44d616b1a613
https://conda.anaconda.org/conda-forge/noarch/ensureconda-1.4.3-pyhd8ed1ab_0.tar.bz2#c99ae3abf501990769047b4b40a98f17
https://conda.anaconda.org/conda-forge/noarch/ipykernel-6.15.1-pyh025b116_0.tar.bz2#93d3ecfed17647040a29fc43be2f7856
https://conda.anaconda.org/conda-forge/noarch/jupyter_server-1.18.1-pyhd8ed1ab_0.tar.bz2#dd072d58a701b6bab0e5b113bd6ec607
https://conda.anaconda.org/conda-forge/noarch/nbconvert-pandoc-6.5.3-pyhd8ed1ab_0.tar.bz2#8ecb7e0ac01613b3e186b1778f6049fb
https://conda.anaconda.org/conda-forge/noarch/requests-toolbelt-0.9.1-py_0.tar.bz2#402668adee8fcba9a9c265cdc2a88f5a
https://conda.anaconda.org/conda-forge/noarch/jupyterlab_server-2.15.0-pyhd8ed1ab_0.tar.bz2#06e6fedd368014dde90de837dada0603
https://conda.anaconda.org/conda-forge/noarch/nbconvert-6.5.3-pyhd8ed1ab_0.tar.bz2#65405814acdd53789db27aaf3cb6c0c6
https://conda.anaconda.org/conda-forge/noarch/nbval-0.9.6-pyh9f0ad1d_0.tar.bz2#b627e05284e7affc46b6e4878aa1d96b
https://conda.anaconda.org/conda-forge/noarch/notebook-shim-0.1.0-pyhd8ed1ab_0.tar.bz2#3a8e2c7dcc674f2cb0784f1faba57055
https://conda.anaconda.org/conda-forge/win-64/poetry-1.1.14-py310h5588dad_0.tar.bz2#0e9febdede429556c039b685d779fdc1
https://conda.anaconda.org/conda-forge/noarch/conda-lock-1.1.1-pyhd8ed1ab_0.tar.bz2#2d1c6d733a45b168eef7acc6212109ed
https://conda.anaconda.org/conda-forge/noarch/nbclassic-0.4.3-pyhd8ed1ab_0.tar.bz2#492bb9160d01bbbfcc99d5ff6b401d4e
https://conda.anaconda.org/conda-forge/noarch/notebook-6.4.12-pyha770c72_0.tar.bz2#77fc67c5bbea44fd41e8bbe2ac82d1ad
https://conda.anaconda.org/conda-forge/noarch/voila-0.3.6-pyhd8ed1ab_0.tar.bz2#01376cb6475bc93a055bf4fb28552581
https://conda.anaconda.org/conda-forge/noarch/jupyterlab-3.4.5-pyhd8ed1ab_0.tar.bz2#583b840fe4bc184ba5f5e7085b03898f
