# Generated by conda-lock.
# platform: linux-64
# input_hash: 21689d9638988a3f8bb3c7445a418283394343fa0cb2816800be49333cc20304

channels:
  - conda-forge
dependencies:
  - _libgcc_mutex=0.1=conda_forge
  - ca-certificates=2021.10.8=ha878542_0
  - ld_impl_linux-64=2.36.1=hea4e1c9_2
  - libgfortran5=11.2.0=h5c6108e_11
  - libstdcxx-ng=11.2.0=he4da1e4_11
  - pandoc=2.16.2=h7f98852_0
  - libgfortran-ng=11.2.0=h69a702a_11
  - libgomp=11.2.0=h1d223b6_11
  - _openmp_mutex=4.5=1_gnu
  - libgcc-ng=11.2.0=h1d223b6_11
  - blosc=1.21.0=h9c3ff4c_0
  - bzip2=1.0.8=h7f98852_4
  - c-ares=1.18.1=h7f98852_0
  - charls=2.2.0=h9c3ff4c_0
  - giflib=5.2.1=h36c2ea0_2
  - icu=69.1=h9c3ff4c_0
  - jbig=2.1=h7f98852_2003
  - jpeg=9d=h36c2ea0_0
  - jxrlib=1.1=h7f98852_2
  - lerc=3.0=h9c3ff4c_0
  - libaec=1.0.6=h9c3ff4c_0
  - libbrotlicommon=1.0.9=h7f98852_6
  - libdeflate=1.8=h7f98852_0
  - libev=4.33=h516909a_1
  - libffi=3.4.2=h7f98852_5
  - libnsl=2.0.0=h7f98852_0
  - libopenblas=0.3.18=pthreads_h8fe5266_0
  - libsodium=1.0.18=h36c2ea0_1
  - libuv=1.42.0=h7f98852_0
  - libwebp-base=1.2.1=h7f98852_0
  - libzlib=1.2.11=h36c2ea0_1013
  - libzopfli=1.0.3=h9c3ff4c_0
  - lz4-c=1.9.3=h9c3ff4c_1
  - ncurses=6.2=h58526e2_4
  - openssl=1.1.1l=h7f98852_0
  - snappy=1.1.8=he1b5a44_3
  - xz=5.2.5=h516909a_1
  - yaml=0.2.5=h7f98852_2
  - zfp=0.5.5=h9c3ff4c_8
  - libblas=3.9.0=12_linux64_openblas
  - libbrotlidec=1.0.9=h7f98852_6
  - libbrotlienc=1.0.9=h7f98852_6
  - libedit=3.1.20191231=he28a2e2_2
  - readline=8.1=h46c0cb4_0
  - zeromq=4.3.4=h9c3ff4c_1
  - zlib=1.2.11=h36c2ea0_1013
  - zstd=1.5.1=ha95c52a_0
  - brotli-bin=1.0.9=h7f98852_6
  - c-blosc2=2.0.4=h5f21a17_1
  - libcblas=3.9.0=12_linux64_openblas
  - liblapack=3.9.0=12_linux64_openblas
  - libnghttp2=1.43.0=h812cca2_1
  - libpng=1.6.37=h21135ba_2
  - libssh2=1.10.0=ha56f1ee_2
  - libtiff=4.3.0=h6f004c6_2
  - nodejs=17.1.0=h8ca31f7_2
  - sqlite=3.37.0=h9cd32fc_0
  - tk=8.6.11=h27826a3_1
  - brotli=1.0.9=h7f98852_6
  - freetype=2.10.4=h0708190_1
  - krb5=1.19.2=hcc1bbae_3
  - lcms2=2.12=hddcbb42_0
  - openjpeg=2.4.0=hb52868f_1
  - python=3.7.12=hb7a2778_100_cpython
  - yarn=1.22.17=ha770c72_0
  - appdirs=1.4.4=pyh9f0ad1d_0
  - async_generator=1.10=py_0
  - attrs=21.4.0=pyhd8ed1ab_0
  - backcall=0.2.0=pyh9f0ad1d_0
  - backports=1.0=py_2
  - brunsli=0.1=h9c3ff4c_0
  - charset-normalizer=2.0.9=pyhd8ed1ab_0
  - cloudpickle=2.0.0=pyhd8ed1ab_0
  - cycler=0.11.0=pyhd8ed1ab_0
  - decorator=5.1.1=pyhd8ed1ab_0
  - defusedxml=0.7.1=pyhd8ed1ab_0
  - entrypoints=0.3=pyhd8ed1ab_1003
  - filelock=3.4.2=pyhd8ed1ab_1
  - flit-core=3.6.0=pyhd8ed1ab_0
  - fsspec=2021.11.1=pyhd8ed1ab_0
  - idna=3.1=pyhd3deb0d_0
  - iniconfig=1.1.1=pyh9f0ad1d_0
  - ipython_genutils=0.2.0=py_1
  - json5=0.9.5=pyh9f0ad1d_0
  - libcurl=7.81.0=h2574ce0_0
  - locket=0.2.0=py_2
  - munkres=1.1.4=pyh9f0ad1d_0
  - nest-asyncio=1.5.4=pyhd8ed1ab_0
  - olefile=0.46=pyh9f0ad1d_1
  - pandocfilters=1.5.0=pyhd8ed1ab_0
  - parso=0.8.3=pyhd8ed1ab_0
  - pickleshare=0.7.5=py_1003
  - prometheus_client=0.12.0=pyhd8ed1ab_0
  - ptyprocess=0.7.0=pyhd3deb0d_0
  - py=1.11.0=pyh6c4a22f_0
  - pycparser=2.21=pyhd8ed1ab_0
  - pyparsing=3.0.6=pyhd8ed1ab_0
  - python_abi=3.7=2_cp37m
  - pytz=2021.3=pyhd8ed1ab_0
  - send2trash=1.8.0=pyhd8ed1ab_0
  - six=1.16.0=pyh6c4a22f_0
  - tenacity=8.0.1=pyhd8ed1ab_0
  - testpath=0.5.0=pyhd8ed1ab_0
  - toml=0.10.2=pyhd8ed1ab_0
  - tomli=2.0.0=pyhd8ed1ab_1
  - toolz=0.11.2=pyhd8ed1ab_0
  - traitlets=5.1.1=pyhd8ed1ab_0
  - typing=3.10.0.0=pyhd8ed1ab_0
  - typing_extensions=4.0.1=pyha770c72_0
  - webencodings=0.5.1=py_1
  - websocket-client=1.2.3=pyhd8ed1ab_0
  - wheel=0.37.1=pyhd8ed1ab_0
  - zipp=3.6.0=pyhd8ed1ab_0
  - babel=2.9.1=pyh44b312d_0
  - certifi=2021.10.8=py37h89c1867_1
  - cffi=1.15.0=py37h036bc23_0
  - cfitsio=4.0.0=h9a35b8e_0
  - coverage=6.2=py37h5e8e339_0
  - cytoolz=0.11.2=py37h5e8e339_1
  - debugpy=1.5.1=py37hcd2ae1e_0
  - importlib-metadata=4.10.0=py37h89c1867_0
  - importlib_resources=5.4.0=pyhd8ed1ab_0
  - jedi=0.18.1=py37h89c1867_0
  - jupyter_core=4.9.1=py37h89c1867_1
  - kiwisolver=1.3.2=py37h2527ec5_1
  - markdown-it-py=1.1.0=pyhd8ed1ab_0
  - markupsafe=2.0.1=py37h5e8e339_1
  - matplotlib-inline=0.1.3=pyhd8ed1ab_0
  - maturin=0.12.6=py37h5e8e339_0
  - mistune=0.8.4=py37h5e8e339_1005
  - numpy=1.21.5=py37hf2998dd_0
  - packaging=21.3=pyhd8ed1ab_0
  - partd=1.2.0=pyhd8ed1ab_0
  - pexpect=4.8.0=pyh9f0ad1d_2
  - pillow=8.4.0=py37h0f21c89_0
  - pyrsistent=0.18.0=py37h5e8e339_0
  - pysocks=1.7.1=py37h89c1867_4
  - python-dateutil=2.8.2=pyhd8ed1ab_0
  - pyyaml=6.0=py37h5e8e339_3
  - pyzmq=22.3.0=py37h336d617_1
  - setuptools=60.2.0=py37h89c1867_0
  - sniffio=1.2.0=py37h89c1867_2
  - tomlkit=0.8.0=pyha770c72_0
  - tornado=6.1=py37h5e8e339_2
  - typing-extensions=4.0.1=hd8ed1ab_0
  - unicodedata2=14.0.0=py37h5e8e339_0
  - websockets=10.1=py37h5e8e339_0
  - anyio=3.4.0=py37h89c1867_0
  - argon2-cffi-bindings=21.2.0=py37h5e8e339_1
  - backports.functools_lru_cache=1.6.4=pyhd8ed1ab_0
  - bleach=4.1.0=pyhd8ed1ab_0
  - brotlipy=0.7.0=py37h5e8e339_1003
  - click=8.0.3=py37h89c1867_1
  - cryptography=36.0.1=py37hf1a17b8_0
  - dask-core=2021.12.0=pyhd8ed1ab_0
  - deprecation=2.1.0=pyh9f0ad1d_0
  - fonttools=4.28.5=py37h5e8e339_0
  - imagecodecs=2021.11.20=py37h4167934_1
  - imageio=2.13.5=pyh239f2a4_0
  - importlib_metadata=4.10.0=hd8ed1ab_0
  - jinja2=3.0.3=pyhd8ed1ab_0
  - jsonschema=4.3.3=pyhd8ed1ab_0
  - jupyter_client=7.1.0=pyhd8ed1ab_0
  - mdit-py-plugins=0.3.0=pyhd8ed1ab_0
  - pandas=1.3.5=py37he8f5f7f_0
  - pip=21.3.1=pyhd8ed1ab_0
  - pydantic=1.9.0=py37h5e8e339_0
  - pygments=2.11.1=pyhd8ed1ab_0
  - python-chromedriver-binary=96.0.4664.45.0=py37h89c1867_0
  - pywavelets=1.2.0=py37hb1e94ed_1
  - scipy=1.7.3=py37hf2a6cf1_0
  - terminado=0.12.1=py37h89c1867_1
  - argcomplete=2.0.0=pyhd8ed1ab_0
  - argon2-cffi=21.3.0=pyhd8ed1ab_0
  - click-default-group=1.2.2=pyhd8ed1ab_1
  - jupyter-packaging=0.11.1=pyhd8ed1ab_0
  - jupyterlab_pygments=0.1.2=pyh9f0ad1d_0
  - matplotlib-base=3.5.1=py37h1058ff1_0
  - nbformat=5.1.3=pyhd8ed1ab_0
  - pluggy=1.0.0=py37h89c1867_2
  - pyopenssl=21.0.0=pyhd8ed1ab_0
  - tifffile=2021.11.2=pyhd8ed1ab_0
  - vega_datasets=0.9.0=pyhd3deb0d_0
  - wcwidth=0.2.5=pyh9f0ad1d_2
  - jupytext=1.13.5=pyheef035f_0
  - nbclient=0.5.9=pyhd8ed1ab_0
  - networkx=2.6.3=pyhd8ed1ab_1
  - prompt-toolkit=3.0.24=pyha770c72_0
  - pytest=6.2.5=py37h89c1867_2
  - urllib3=1.26.7=pyhd8ed1ab_0
  - ipython=7.31.0=py37h89c1867_0
  - nbconvert=6.4.0=py37h89c1867_0
  - pytest-cov=3.0.0=pyhd8ed1ab_0
  - requests=2.27.0=pyhd8ed1ab_0
  - scikit-image=0.19.1=py37he8f5f7f_0
  - selenium=3.141.0=py37h5e8e339_1003
  - ensureconda=1.4.1=pyhd8ed1ab_0
  - ipykernel=6.6.1=py37h6531663_0
  - jupyter_server=1.13.1=pyhd8ed1ab_0
  - conda-lock=0.13.2=pyhd8ed1ab_0
  - jupyterlab_server=2.10.2=pyhd8ed1ab_0
  - nbval=0.9.6=pyh9f0ad1d_0
  - notebook=6.4.6=pyha770c72_0
  - voila=0.3.0=pyhd8ed1ab_1
  - nbclassic=0.3.4=pyhd8ed1ab_0
  - jupyterlab=3.2.5=pyhd8ed1ab_0
