# Generated by conda-lock.
# platform: linux-64
# input_hash: 3f14cf35f67f34ec48a6e7fadf74b3c3eb8c541993583259cd97f7fdbbe26595

channels:
  - conda-forge
dependencies:
  - _libgcc_mutex=0.1=conda_forge
  - ca-certificates=2021.10.8=ha878542_0
  - ld_impl_linux-64=2.36.1=hea4e1c9_2
  - libstdcxx-ng=11.2.0=he4da1e4_11
  - pandoc=2.16.2=h7f98852_0
  - tzdata=2021e=he74cb21_0
  - libgomp=11.2.0=h1d223b6_11
  - _openmp_mutex=4.5=1_gnu
  - libgcc-ng=11.2.0=h1d223b6_11
  - bzip2=1.0.8=h7f98852_4
  - icu=69.1=h9c3ff4c_0
  - libffi=3.4.2=h7f98852_5
  - libnsl=2.0.0=h7f98852_0
  - libsodium=1.0.18=h36c2ea0_1
  - libuuid=2.32.1=h7f98852_1000
  - libuv=1.42.0=h7f98852_0
  - libzlib=1.2.11=h36c2ea0_1013
  - ncurses=6.2=h58526e2_4
  - openssl=1.1.1l=h7f98852_0
  - xz=5.2.5=h516909a_1
  - yaml=0.2.5=h516909a_0
  - readline=8.1=h46c0cb4_0
  - zeromq=4.3.4=h9c3ff4c_1
  - zlib=1.2.11=h36c2ea0_1013
  - nodejs=17.1.0=h8ca31f7_2
  - sqlite=3.37.0=h9cd32fc_0
  - tk=8.6.11=h27826a3_1
  - python=3.10.0=h62f1059_3_cpython
  - yarn=1.22.17=ha770c72_0
  - appdirs=1.4.4=pyh9f0ad1d_0
  - async_generator=1.10=py_0
  - attrs=21.2.0=pyhd8ed1ab_0
  - backcall=0.2.0=pyh9f0ad1d_0
  - backports=1.0=py_2
  - charset-normalizer=2.0.9=pyhd8ed1ab_0
  - decorator=5.1.0=pyhd8ed1ab_0
  - defusedxml=0.7.1=pyhd8ed1ab_0
  - entrypoints=0.3=pyhd8ed1ab_1003
  - filelock=3.4.0=pyhd8ed1ab_0
  - idna=3.1=pyhd3deb0d_0
  - ipython_genutils=0.2.0=py_1
  - json5=0.9.5=pyh9f0ad1d_0
  - nest-asyncio=1.5.4=pyhd8ed1ab_0
  - pandocfilters=1.5.0=pyhd8ed1ab_0
  - parso=0.8.3=pyhd8ed1ab_0
  - pickleshare=0.7.5=py_1003
  - prometheus_client=0.12.0=pyhd8ed1ab_0
  - ptyprocess=0.7.0=pyhd3deb0d_0
  - pycparser=2.21=pyhd8ed1ab_0
  - pyparsing=3.0.6=pyhd8ed1ab_0
  - python_abi=3.10=2_cp310
  - pytz=2021.3=pyhd8ed1ab_0
  - send2trash=1.8.0=pyhd8ed1ab_0
  - six=1.16.0=pyh6c4a22f_0
  - testpath=0.5.0=pyhd8ed1ab_0
  - toml=0.10.2=pyhd8ed1ab_0
  - traitlets=5.1.1=pyhd8ed1ab_0
  - typing=3.10.0.0=pyhd8ed1ab_0
  - typing_extensions=4.0.1=pyha770c72_0
  - webencodings=0.5.1=py_1
  - websocket-client=1.2.3=pyhd8ed1ab_0
  - wheel=0.37.0=pyhd8ed1ab_1
  - zipp=3.6.0=pyhd8ed1ab_0
  - babel=2.9.1=pyh44b312d_0
  - certifi=2021.10.8=py310hff52083_1
  - cffi=1.15.0=py310h0fdd8cc_0
  - click=8.0.3=py310hff52083_1
  - debugpy=1.5.1=py310h122e73d_0
  - importlib-metadata=4.8.2=py310hff52083_0
  - importlib_resources=5.4.0=pyhd8ed1ab_0
  - jedi=0.18.1=py310hff52083_0
  - jupyter_core=4.9.1=py310hff52083_1
  - markupsafe=2.0.1=py310h6acc77f_1
  - matplotlib-inline=0.1.3=pyhd8ed1ab_0
  - maturin=0.12.4=py310h6acc77f_0
  - mistune=0.8.4=py310h6acc77f_1005
  - packaging=21.3=pyhd8ed1ab_0
  - pexpect=4.8.0=pyh9f0ad1d_2
  - pyrsistent=0.18.0=py310h6acc77f_0
  - pysocks=1.7.1=py310hff52083_4
  - python-dateutil=2.8.2=pyhd8ed1ab_0
  - pyyaml=6.0=py310h6acc77f_3
  - pyzmq=22.3.0=py310h675a958_1
  - setuptools=59.4.0=py310hff52083_0
  - sniffio=1.2.0=py310hff52083_2
  - tomlkit=0.7.2=pyha770c72_1
  - tornado=6.1=py310h6acc77f_2
  - typing-extensions=4.0.1=hd8ed1ab_0
  - anyio=3.4.0=py310hff52083_0
  - argon2-cffi=21.1.0=py310h6acc77f_2
  - backports.functools_lru_cache=1.6.4=pyhd8ed1ab_0
  - bleach=4.1.0=pyhd8ed1ab_0
  - brotlipy=0.7.0=py310h6acc77f_1003
  - click-default-group=1.2.2=pyhd8ed1ab_1
  - cryptography=36.0.0=py310h685ca39_0
  - deprecation=2.1.0=pyh9f0ad1d_0
  - jinja2=3.0.3=pyhd8ed1ab_0
  - jsonschema=4.2.1=pyhd8ed1ab_1
  - jupyter_client=7.1.0=pyhd8ed1ab_0
  - pip=21.3.1=pyhd8ed1ab_0
  - pydantic=1.8.2=py310h6acc77f_2
  - pygments=2.10.0=pyhd8ed1ab_0
  - terminado=0.12.1=py310hff52083_1
  - jupyter-packaging=0.11.1=pyhd8ed1ab_0
  - jupyterlab_pygments=0.1.2=pyh9f0ad1d_0
  - nbformat=5.1.3=pyhd8ed1ab_0
  - pyopenssl=21.0.0=pyhd8ed1ab_0
  - wcwidth=0.2.5=pyh9f0ad1d_2
  - nbclient=0.5.9=pyhd8ed1ab_0
  - prompt-toolkit=3.0.24=pyha770c72_0
  - urllib3=1.26.7=pyhd8ed1ab_0
  - ipython=7.30.1=py310hff52083_0
  - nbconvert=6.3.0=py310hff52083_1
  - requests=2.26.0=pyhd8ed1ab_1
  - ensureconda=1.4.1=pyhd8ed1ab_0
  - ipykernel=6.6.0=py310hfdc917e_0
  - jupyter_server=1.13.1=pyhd8ed1ab_0
  - conda-lock=0.13.2=pyhd8ed1ab_0
  - jupyterlab_server=2.9.0=pyhd8ed1ab_0
  - notebook=6.4.6=pyha770c72_0
  - nbclassic=0.3.4=pyhd8ed1ab_0
  - jupyterlab=3.2.5=pyhd8ed1ab_0
