# Generated by conda-lock.
# platform: win-64
# input_hash: e4dadbbfcdf2981660911364a1537707f6a52dd6962e76cdbaf7c2bc24e17492

channels:
  - conda-forge
dependencies:
  - ca-certificates=2021.10.8=h5b45459_0
  - intel-openmp=2022.0.0=h57928b3_3663
  - msys2-conda-epoch=20160418=1
  - nodejs=17.1.0=h57928b3_2
  - pandoc=2.16.2=h8ffe710_0
  - ucrt=10.0.20348.0=h57928b3_0
  - winpty=0.4.3=4
  - m2w64-gmp=6.1.0=2
  - m2w64-libwinpthread-git=5.0.0.4634.697f757=2
  - vs2015_runtime=14.29.30037=h902a5da_5
  - yarn=1.22.17=h57928b3_0
  - m2w64-gcc-libs-core=5.3.0=7
  - vc=14.2=hb210afc_5
  - blosc=1.21.0=h0e60522_0
  - bzip2=1.0.8=h8ffe710_4
  - charls=2.2.0=h39d44d4_0
  - giflib=5.2.1=h8d14728_2
  - jbig=2.1=h8d14728_2003
  - jpeg=9d=h8ffe710_0
  - jxrlib=1.1=h8ffe710_2
  - lerc=3.0=h0e60522_0
  - libaec=1.0.6=h39d44d4_0
  - libbrotlicommon=1.0.9=h8ffe710_6
  - libdeflate=1.8=h8ffe710_0
  - libsodium=1.0.18=h8d14728_1
  - libwebp-base=1.2.1=h8ffe710_0
  - libzlib=1.2.11=h8ffe710_1013
  - libzopfli=1.0.3=h0e60522_0
  - lz4-c=1.9.3=h8ffe710_1
  - m2w64-gcc-libgfortran=5.3.0=6
  - openssl=1.1.1l=h8ffe710_0
  - snappy=1.1.8=ha925a31_3
  - sqlite=3.37.0=h8ffe710_0
  - tbb=2021.5.0=h2d74725_0
  - tk=8.6.11=h8ffe710_1
  - xz=5.2.5=h62dcd97_1
  - yaml=0.2.5=h8ffe710_2
  - zfp=0.5.5=h0e60522_8
  - krb5=1.19.2=h20d022d_3
  - libbrotlidec=1.0.9=h8ffe710_6
  - libbrotlienc=1.0.9=h8ffe710_6
  - m2w64-gcc-libs=5.3.0=7
  - mkl=2021.4.0=h0e2418a_729
  - python=3.7.12=h7840368_100_cpython
  - zeromq=4.3.4=h0e60522_1
  - zlib=1.2.11=h8ffe710_1013
  - zstd=1.5.1=h6255e5f_0
  - appdirs=1.4.4=pyh9f0ad1d_0
  - async_generator=1.10=py_0
  - atomicwrites=1.4.0=pyh9f0ad1d_0
  - attrs=21.4.0=pyhd8ed1ab_0
  - backcall=0.2.0=pyh9f0ad1d_0
  - backports=1.0=py_2
  - brotli-bin=1.0.9=h8ffe710_6
  - c-blosc2=2.0.4=h09319c2_1
  - charset-normalizer=2.0.10=pyhd8ed1ab_0
  - cloudpickle=2.0.0=pyhd8ed1ab_0
  - colorama=0.4.4=pyh9f0ad1d_0
  - cycler=0.11.0=pyhd8ed1ab_0
  - decorator=5.1.1=pyhd8ed1ab_0
  - defusedxml=0.7.1=pyhd8ed1ab_0
  - entrypoints=0.3=pyhd8ed1ab_1003
  - filelock=3.4.2=pyhd8ed1ab_1
  - flaky=3.7.0=pyh9f0ad1d_0
  - flit-core=3.6.0=pyhd8ed1ab_0
  - fsspec=2021.11.1=pyhd8ed1ab_0
  - idna=3.1=pyhd3deb0d_0
  - iniconfig=1.1.1=pyh9f0ad1d_0
  - ipython_genutils=0.2.0=py_1
  - json5=0.9.5=pyh9f0ad1d_0
  - libblas=3.9.0=12_win64_mkl
  - libpng=1.6.37=h1d00b33_2
  - libssh2=1.10.0=h680486a_2
  - libtiff=4.3.0=hd413186_2
  - locket=0.2.0=py_2
  - munkres=1.1.4=pyh9f0ad1d_0
  - nest-asyncio=1.5.4=pyhd8ed1ab_0
  - olefile=0.46=pyh9f0ad1d_1
  - pandocfilters=1.5.0=pyhd8ed1ab_0
  - parso=0.8.3=pyhd8ed1ab_0
  - pickleshare=0.7.5=py_1003
  - prometheus_client=0.12.0=pyhd8ed1ab_0
  - py=1.11.0=pyh6c4a22f_0
  - pycparser=2.21=pyhd8ed1ab_0
  - pyparsing=3.0.6=pyhd8ed1ab_0
  - python_abi=3.7=2_cp37m
  - pytz=2021.3=pyhd8ed1ab_0
  - send2trash=1.8.0=pyhd8ed1ab_0
  - six=1.16.0=pyh6c4a22f_0
  - tenacity=8.0.1=pyhd8ed1ab_0
  - testpath=0.5.0=pyhd8ed1ab_0
  - toml=0.10.2=pyhd8ed1ab_0
  - tomli=2.0.0=pyhd8ed1ab_1
  - toolz=0.11.2=pyhd8ed1ab_0
  - traitlets=5.1.1=pyhd8ed1ab_0
  - typing=3.10.0.0=pyhd8ed1ab_0
  - typing_extensions=4.0.1=pyha770c72_0
  - webencodings=0.5.1=py_1
  - websocket-client=1.2.3=pyhd8ed1ab_0
  - wheel=0.37.1=pyhd8ed1ab_0
  - zipp=3.7.0=pyhd8ed1ab_0
  - babel=2.9.1=pyh44b312d_0
  - brotli=1.0.9=h8ffe710_6
  - certifi=2021.10.8=py37h03978a9_1
  - cffi=1.15.0=py37hd8e9650_0
  - coverage=6.2=py37hcc03f2d_0
  - cytoolz=0.11.2=py37hcc03f2d_1
  - debugpy=1.5.1=py37hf2a7229_0
  - freetype=2.10.4=h546665d_1
  - importlib-metadata=4.10.0=py37h03978a9_0
  - importlib_resources=5.4.0=pyhd8ed1ab_0
  - jedi=0.18.1=py37h03978a9_0
  - kiwisolver=1.3.2=py37h8c56517_1
  - lcms2=2.12=h2a16943_0
  - libcblas=3.9.0=12_win64_mkl
  - libcurl=7.81.0=h789b8ee_0
  - liblapack=3.9.0=12_win64_mkl
  - markdown-it-py=1.1.0=pyhd8ed1ab_0
  - markupsafe=2.0.1=py37hcc03f2d_1
  - matplotlib-inline=0.1.3=pyhd8ed1ab_0
  - maturin=0.12.6=py37h5b38b69_0
  - mistune=0.8.4=py37hcc03f2d_1005
  - openjpeg=2.4.0=hb211442_1
  - packaging=21.3=pyhd8ed1ab_0
  - partd=1.2.0=pyhd8ed1ab_0
  - pyrsistent=0.18.0=py37hcc03f2d_0
  - python-dateutil=2.8.2=pyhd8ed1ab_0
  - pywin32=303=py37hcc03f2d_0
  - pywinpty=1.1.6=py37h7f67f24_0
  - pyyaml=6.0=py37hcc03f2d_3
  - pyzmq=22.3.0=py37hcce574b_1
  - setuptools=60.5.0=py37h03978a9_0
  - sniffio=1.2.0=py37h03978a9_2
  - tomlkit=0.8.0=pyha770c72_0
  - tornado=6.1=py37hcc03f2d_2
  - typing-extensions=4.0.1=hd8ed1ab_0
  - unicodedata2=14.0.0=py37hcc03f2d_0
  - websockets=10.1=py37hcc03f2d_0
  - win_inet_pton=1.1.0=py37h03978a9_3
  - anyio=3.4.0=py37h03978a9_0
  - argon2-cffi-bindings=21.2.0=py37hcc03f2d_1
  - backports.functools_lru_cache=1.6.4=pyhd8ed1ab_0
  - bleach=4.1.0=pyhd8ed1ab_0
  - brotlipy=0.7.0=py37hcc03f2d_1003
  - cfitsio=4.0.0=hd67004f_0
  - click=8.0.3=py37h03978a9_1
  - cryptography=36.0.1=py37h65266a2_0
  - dask-core=2021.12.0=pyhd8ed1ab_0
  - deprecation=2.1.0=pyh9f0ad1d_0
  - fonttools=4.28.5=py37hcc03f2d_0
  - importlib_metadata=4.10.0=hd8ed1ab_0
  - jinja2=3.0.3=pyhd8ed1ab_0
  - jsonschema=4.3.3=pyhd8ed1ab_0
  - jupyter_core=4.9.1=py37h03978a9_1
  - mdit-py-plugins=0.3.0=pyhd8ed1ab_0
  - numpy=1.21.5=py37h5fa1a60_0
  - pillow=8.4.0=py37hd7d9ad0_0
  - pip=21.3.1=pyhd8ed1ab_0
  - pydantic=1.9.0=py37hcc03f2d_0
  - pygments=2.11.2=pyhd8ed1ab_0
  - pysocks=1.7.1=py37h03978a9_4
  - python-chromedriver-binary=96.0.4664.45.0=py37h03978a9_0
  - terminado=0.12.1=py37h03978a9_1
  - argcomplete=2.0.0=pyhd8ed1ab_0
  - argon2-cffi=21.3.0=pyhd8ed1ab_0
  - click-default-group=1.2.2=pyhd8ed1ab_1
  - imagecodecs=2021.11.20=py37h84b1963_1
  - imageio=2.13.5=pyh239f2a4_0
  - jupyter-packaging=0.11.1=pyhd8ed1ab_0
  - jupyter_client=7.1.0=pyhd8ed1ab_0
  - jupyterlab_pygments=0.1.2=pyh9f0ad1d_0
  - matplotlib-base=3.5.1=py37h4a79c79_0
  - nbformat=5.1.3=pyhd8ed1ab_0
  - pandas=1.3.5=py37h9386db6_0
  - pluggy=1.0.0=py37h03978a9_2
  - pyopenssl=21.0.0=pyhd8ed1ab_0
  - pywavelets=1.2.0=py37hec80d1f_1
  - scipy=1.7.3=py37hb6553fb_0
  - wcwidth=0.2.5=pyh9f0ad1d_2
  - jupytext=1.13.5=pyheef035f_0
  - nbclient=0.5.9=pyhd8ed1ab_0
  - networkx=2.6.3=pyhd8ed1ab_1
  - prompt-toolkit=3.0.24=pyha770c72_0
  - pytest=6.2.5=py37h03978a9_2
  - tifffile=2021.11.2=pyhd8ed1ab_0
  - urllib3=1.26.8=pyhd8ed1ab_1
  - vega_datasets=0.9.0=pyhd3deb0d_0
  - ipython=7.31.0=py37h03978a9_0
  - nbconvert=6.4.0=py37h03978a9_0
  - pytest-cov=3.0.0=pyhd8ed1ab_0
  - requests=2.27.1=pyhd8ed1ab_0
  - scikit-image=0.19.1=py37h9386db6_0
  - selenium=3.141.0=py37hcc03f2d_1003
  - ensureconda=1.4.1=pyhd8ed1ab_0
  - ipykernel=6.6.1=py37h4038f58_0
  - jupyter_server=1.13.1=pyhd8ed1ab_0
  - conda-lock=0.13.2=pyhd8ed1ab_0
  - jupyterlab_server=2.10.3=pyhd8ed1ab_0
  - nbval=0.9.6=pyh9f0ad1d_0
  - notebook=6.4.6=pyha770c72_0
  - voila=0.3.0=pyhd8ed1ab_1
  - nbclassic=0.3.4=pyhd8ed1ab_0
  - jupyterlab=3.2.6=pyhd8ed1ab_0
