# Generated by conda-lock.
# platform: linux-64
# input_hash: 50d932b569e942c28216d3571e95742a71881f72ce8ecbf7407880f237be2c0c
@EXPLICIT
https://conda.anaconda.org/conda-forge/linux-64/_libgcc_mutex-0.1-conda_forge.tar.bz2#d7c89558ba9fa0495403155b64376d81
https://conda.anaconda.org/conda-forge/linux-64/ca-certificates-2022.5.18.1-ha878542_0.tar.bz2#352e93bbe1d604002b11bbcf425bf866
https://conda.anaconda.org/conda-forge/linux-64/ld_impl_linux-64-2.36.1-hea4e1c9_2.tar.bz2#bd4f2e711b39af170e7ff15163fe87ee
https://conda.anaconda.org/conda-forge/linux-64/libgfortran5-12.1.0-hdcd56e2_16.tar.bz2#b02605b875559ff99f04351fd5040760
https://conda.anaconda.org/conda-forge/linux-64/libstdcxx-ng-12.1.0-ha89aaad_16.tar.bz2#6f5ba041a41eb102a1027d9e68731be7
https://conda.anaconda.org/conda-forge/linux-64/pandoc-2.18-ha770c72_0.tar.bz2#518b07342786b362238d22f76789ed59
https://conda.anaconda.org/conda-forge/noarch/tzdata-2022a-h191b570_0.tar.bz2#84be5301069417a2221187d2f435e0f7
https://conda.anaconda.org/conda-forge/linux-64/libgfortran-ng-12.1.0-h69a702a_16.tar.bz2#6bf15e29a20f614b18ae89368260d0a2
https://conda.anaconda.org/conda-forge/linux-64/libgomp-12.1.0-h8d9b700_16.tar.bz2#f013cf7749536ce43d82afbffdf499ab
https://conda.anaconda.org/conda-forge/linux-64/_openmp_mutex-4.5-2_gnu.tar.bz2#73aaf86a425cc6e73fcf236a5a46396d
https://conda.anaconda.org/conda-forge/linux-64/libgcc-ng-12.1.0-h8d9b700_16.tar.bz2#4f05bc9844f7c101e6e147dab3c88d5c
https://conda.anaconda.org/conda-forge/linux-64/aom-3.3.0-h27087fc_1.tar.bz2#fe863d1e92331e69c8f231df5eaf5e16
https://conda.anaconda.org/conda-forge/linux-64/bzip2-1.0.8-h7f98852_4.tar.bz2#a1fd65c7ccbf10880423d82bca54eb54
https://conda.anaconda.org/conda-forge/linux-64/c-ares-1.18.1-h7f98852_0.tar.bz2#f26ef8098fab1f719c91eb760d63381a
https://conda.anaconda.org/conda-forge/linux-64/charls-2.3.4-h9c3ff4c_0.tar.bz2#c3f85a96a52befc5e41cab1145c8d3c2
https://conda.anaconda.org/conda-forge/linux-64/expat-2.4.8-h27087fc_0.tar.bz2#e1b07832504eeba765d648389cc387a9
https://conda.anaconda.org/conda-forge/linux-64/giflib-5.2.1-h36c2ea0_2.tar.bz2#626e68ae9cc5912d6adb79d318cf962d
https://conda.anaconda.org/conda-forge/linux-64/icu-70.1-h27087fc_0.tar.bz2#87473a15119779e021c314249d4b4aed
https://conda.anaconda.org/conda-forge/linux-64/jpeg-9e-h166bdaf_1.tar.bz2#4828c7f7208321cfbede4880463f4930
https://conda.anaconda.org/conda-forge/linux-64/jxrlib-1.1-h7f98852_2.tar.bz2#8e787b08fe19986d99d034b839df2961
https://conda.anaconda.org/conda-forge/linux-64/keyutils-1.6.1-h166bdaf_0.tar.bz2#30186d27e2c9fa62b45fb1476b7200e3
https://conda.anaconda.org/conda-forge/linux-64/lerc-3.0-h9c3ff4c_0.tar.bz2#7fcefde484980d23f0ec24c11e314d2e
https://conda.anaconda.org/conda-forge/linux-64/libaec-1.0.6-h9c3ff4c_0.tar.bz2#c77f5e4e418fa47d699d6afa54c5d444
https://conda.anaconda.org/conda-forge/linux-64/libbrotlicommon-1.0.9-h166bdaf_7.tar.bz2#f82dc1c78bcf73583f2656433ce2933c
https://conda.anaconda.org/conda-forge/linux-64/libdeflate-1.10-h7f98852_0.tar.bz2#ffa3a757a97e851293909b49f49f28fb
https://conda.anaconda.org/conda-forge/linux-64/libev-4.33-h516909a_1.tar.bz2#6f8720dff19e17ce5d48cfe7f3d2f0a3
https://conda.anaconda.org/conda-forge/linux-64/libffi-3.4.2-h7f98852_5.tar.bz2#d645c6d2ac96843a2bfaccd2d62b3ac3
https://conda.anaconda.org/conda-forge/linux-64/libnsl-2.0.0-h7f98852_0.tar.bz2#39b1328babf85c7c3a61636d9cd50206
https://conda.anaconda.org/conda-forge/linux-64/libopenblas-0.3.20-pthreads_h78a6416_0.tar.bz2#9b6d0781953c9e353faee494336cc229
https://conda.anaconda.org/conda-forge/linux-64/libsodium-1.0.18-h36c2ea0_1.tar.bz2#c3788462a6fbddafdb413a9f9053e58d
https://conda.anaconda.org/conda-forge/linux-64/libuuid-2.32.1-h7f98852_1000.tar.bz2#772d69f030955d9646d3d0eaf21d859d
https://conda.anaconda.org/conda-forge/linux-64/libuv-1.43.0-h7f98852_0.tar.bz2#b34d856aa7e06ebd79bded72ef4afc16
https://conda.anaconda.org/conda-forge/linux-64/libwebp-base-1.2.2-h7f98852_1.tar.bz2#46cf26ecc8775a0aab300ea1821aaa3c
https://conda.anaconda.org/conda-forge/linux-64/libzlib-1.2.12-h166bdaf_0.tar.bz2#6c06394781511bdc3c37512ed7b16730
https://conda.anaconda.org/conda-forge/linux-64/libzopfli-1.0.3-h9c3ff4c_0.tar.bz2#c66fe2d123249af7651ebde8984c51c2
https://conda.anaconda.org/conda-forge/linux-64/lz4-c-1.9.3-h9c3ff4c_1.tar.bz2#fbe97e8fa6f275d7c76a09e795adc3e6
https://conda.anaconda.org/conda-forge/linux-64/ncurses-6.3-h27087fc_1.tar.bz2#4acfc691e64342b9dae57cf2adc63238
https://conda.anaconda.org/conda-forge/linux-64/openssl-1.1.1o-h166bdaf_0.tar.bz2#6172048796b123e542945d998f5150b7
https://conda.anaconda.org/conda-forge/linux-64/pthread-stubs-0.4-h36c2ea0_1001.tar.bz2#22dad4df6e8630e8dff2428f6f6a7036
https://conda.anaconda.org/conda-forge/linux-64/snappy-1.1.9-hbd366e4_1.tar.bz2#418adb239781d9690afc6b1a05514c37
https://conda.anaconda.org/conda-forge/linux-64/xorg-libxau-1.0.9-h7f98852_0.tar.bz2#bf6f803a544f26ebbdc3bfff272eb179
https://conda.anaconda.org/conda-forge/linux-64/xorg-libxdmcp-1.1.3-h7f98852_0.tar.bz2#be93aabceefa2fac576e971aef407908
https://conda.anaconda.org/conda-forge/linux-64/xz-5.2.5-h516909a_1.tar.bz2#33f601066901f3e1a85af3522a8113f9
https://conda.anaconda.org/conda-forge/linux-64/yaml-0.2.5-h7f98852_2.tar.bz2#4cb3ad778ec2d5a7acbdf254eb1c42ae
https://conda.anaconda.org/conda-forge/linux-64/zfp-0.5.5-h9c3ff4c_8.tar.bz2#f12900b1e1e0527c0e9a4e922a5de2bf
https://conda.anaconda.org/conda-forge/linux-64/zlib-ng-2.0.6-h166bdaf_0.tar.bz2#8650e4fb44c4a618e5ab3e1e19607e32
https://conda.anaconda.org/conda-forge/linux-64/dbus-1.13.0-h4e0c4b3_1000.tar.bz2#839631f8431527fa96e58d197a6729d1
https://conda.anaconda.org/conda-forge/linux-64/libavif-0.10.1-h166bdaf_0.tar.bz2#eb9a725cb66435aaf81f13ce585a64eb
https://conda.anaconda.org/conda-forge/linux-64/libblas-3.9.0-15_linux64_openblas.tar.bz2#04eb983975a1be3e57d6d667414cd774
https://conda.anaconda.org/conda-forge/linux-64/libbrotlidec-1.0.9-h166bdaf_7.tar.bz2#37a460703214d0d1b421e2a47eb5e6d0
https://conda.anaconda.org/conda-forge/linux-64/libbrotlienc-1.0.9-h166bdaf_7.tar.bz2#785a9296ea478eb78c47593c4da6550f
https://conda.anaconda.org/conda-forge/linux-64/libedit-3.1.20191231-he28a2e2_2.tar.bz2#4d331e44109e3f0e19b4cb8f9b82f3e1
https://conda.anaconda.org/conda-forge/linux-64/libxcb-1.13-h7f98852_1004.tar.bz2#b3653fdc58d03face9724f602218a904
https://conda.anaconda.org/conda-forge/linux-64/readline-8.1-h46c0cb4_0.tar.bz2#5788de3c8d7a7d64ac56c784c4ef48e6
https://conda.anaconda.org/conda-forge/linux-64/tk-8.6.12-h27826a3_0.tar.bz2#5b8c42eb62e9fc961af70bdd6a26e168
https://conda.anaconda.org/conda-forge/linux-64/zeromq-4.3.4-h9c3ff4c_1.tar.bz2#21743a8d2ea0c8cfbbf8fe489b0347df
https://conda.anaconda.org/conda-forge/linux-64/zlib-1.2.12-h166bdaf_0.tar.bz2#c6b89248778ae9a05320f19eb212ad90
https://conda.anaconda.org/conda-forge/linux-64/zstd-1.5.2-h8a70e8d_1.tar.bz2#3db63b53bb194dbaa7dc3d8833e98da2
https://conda.anaconda.org/conda-forge/linux-64/blosc-1.21.1-h83bc5f7_3.tar.bz2#37baca23e60af4130cfc03e8ab9f8e22
https://conda.anaconda.org/conda-forge/linux-64/brotli-bin-1.0.9-h166bdaf_7.tar.bz2#1699c1211d56a23c66047524cd76796e
https://conda.anaconda.org/conda-forge/linux-64/c-blosc2-2.1.1-h7a311fb_2.tar.bz2#b8fd04387e09835347b6177d023c534b
https://conda.anaconda.org/conda-forge/linux-64/krb5-1.19.3-h3790be6_0.tar.bz2#7d862b05445123144bec92cb1acc8ef8
https://conda.anaconda.org/conda-forge/linux-64/libcblas-3.9.0-15_linux64_openblas.tar.bz2#f45968428e445fd0c6472b561145812a
https://conda.anaconda.org/conda-forge/linux-64/liblapack-3.9.0-15_linux64_openblas.tar.bz2#b7078220384b8bf8db1a45e66412ac4f
https://conda.anaconda.org/conda-forge/linux-64/libnghttp2-1.47.0-h727a467_0.tar.bz2#a22567abfea169ff8048506b1ca9b230
https://conda.anaconda.org/conda-forge/linux-64/libpng-1.6.37-h21135ba_2.tar.bz2#b6acf807307d033d4b7e758b4f44b036
https://conda.anaconda.org/conda-forge/linux-64/libssh2-1.10.0-ha56f1ee_2.tar.bz2#6ab4eaa11ff01801cffca0a27489dc04
https://conda.anaconda.org/conda-forge/linux-64/libtiff-4.4.0-h0fcbabc_0.tar.bz2#3c343938f969d6434bb648119d576c0f
https://conda.anaconda.org/conda-forge/linux-64/nodejs-17.9.0-h96d913c_0.tar.bz2#760b5a71dbaaf438e83824f55b2dbb9e
https://conda.anaconda.org/conda-forge/linux-64/sqlite-3.38.5-h4ff8645_0.tar.bz2#a1448f0c31baec3946d2dcf09f905c9e
https://conda.anaconda.org/conda-forge/linux-64/brotli-1.0.9-h166bdaf_7.tar.bz2#3889dec08a472eb0f423e5609c76bde1
https://conda.anaconda.org/conda-forge/linux-64/freetype-2.10.4-h0708190_1.tar.bz2#4a06f2ac2e5bfae7b6b245171c3f07aa
https://conda.anaconda.org/conda-forge/linux-64/lcms2-2.12-hddcbb42_0.tar.bz2#797117394a4aa588de6d741b06fad80f
https://conda.anaconda.org/conda-forge/linux-64/libcurl-7.83.1-h7bff187_0.tar.bz2#d0c278476dba3b29ee13203784672ab1
https://conda.anaconda.org/conda-forge/linux-64/libwebp-1.2.2-h3452ae3_0.tar.bz2#c363665b4aabe56aae4f8981cff5b153
https://conda.anaconda.org/conda-forge/linux-64/openjpeg-2.4.0-hb52868f_1.tar.bz2#b7ad78ad2e9ee155f59e6428406ee824
https://conda.anaconda.org/conda-forge/linux-64/python-3.10.4-h9a8a25e_0_cpython.tar.bz2#4c6ebd5ba5e606f77a58154b37d96851
https://conda.anaconda.org/conda-forge/linux-64/yarn-1.22.18-ha770c72_0.tar.bz2#de18c315319cbbf2871080cdaefcfaf8
https://conda.anaconda.org/conda-forge/noarch/appdirs-1.4.4-pyh9f0ad1d_0.tar.bz2#5f095bc6454094e96f146491fd03633b
https://conda.anaconda.org/conda-forge/noarch/async_generator-1.10-py_0.tar.bz2#d56c596e61b1c4952acf0a9920856c12
https://conda.anaconda.org/conda-forge/noarch/attrs-21.4.0-pyhd8ed1ab_0.tar.bz2#f70280205d7044c8b8358c8de3190e5d
https://conda.anaconda.org/conda-forge/noarch/backcall-0.2.0-pyh9f0ad1d_0.tar.bz2#6006a6d08a3fa99268a2681c7fb55213
https://conda.anaconda.org/conda-forge/noarch/backports-1.0-py_2.tar.bz2#0da16b293affa6ac31812376f8eb79dd
https://conda.anaconda.org/conda-forge/linux-64/brunsli-0.1-h9c3ff4c_0.tar.bz2#c1ac6229d0bfd14f8354ff9ad2a26cad
https://conda.anaconda.org/conda-forge/noarch/cachy-0.3.0-py_0.tar.bz2#808c46dc56ae4a796830129aaf1b51ec
https://conda.anaconda.org/conda-forge/linux-64/cfitsio-4.1.0-hd9d235c_0.tar.bz2#ebc04a148d7204bb428f8633b89fd3dd
https://conda.anaconda.org/conda-forge/noarch/charset-normalizer-2.0.12-pyhd8ed1ab_0.tar.bz2#1f5b32dabae0f1893ae3283dac7f799e
https://conda.anaconda.org/conda-forge/noarch/cloudpickle-2.1.0-pyhd8ed1ab_0.tar.bz2#f7551a8a008dfad2b7ac9662dd124614
https://conda.anaconda.org/conda-forge/noarch/crashtest-0.3.1-pyhd8ed1ab_0.tar.bz2#b8477552274c1cfdb533e954c76523f1
https://conda.anaconda.org/conda-forge/noarch/decorator-5.1.1-pyhd8ed1ab_0.tar.bz2#43afe5ab04e35e17ba28649471dd7364
https://conda.anaconda.org/conda-forge/noarch/defusedxml-0.7.1-pyhd8ed1ab_0.tar.bz2#961b3a227b437d82ad7054484cfa71b2
https://conda.anaconda.org/conda-forge/noarch/distlib-0.3.4-pyhd8ed1ab_0.tar.bz2#7b50d840543d9cdae100e91582c33035
https://conda.anaconda.org/conda-forge/noarch/entrypoints-0.4-pyhd8ed1ab_0.tar.bz2#3cf04868fee0a029769bd41f4b2fbf2d
https://conda.anaconda.org/conda-forge/noarch/executing-0.8.3-pyhd8ed1ab_0.tar.bz2#8d70f4543c1f701b946f85e9f9a00800
https://conda.anaconda.org/conda-forge/noarch/filelock-3.7.1-pyhd8ed1ab_0.tar.bz2#7556872687250e0ea038eb503da3c44b
https://conda.anaconda.org/conda-forge/noarch/flaky-3.7.0-pyh9f0ad1d_0.tar.bz2#d20be9ed08052d16593c88d51b774a82
https://conda.anaconda.org/conda-forge/noarch/flit-core-3.7.1-pyhd8ed1ab_0.tar.bz2#f93822cba5c20161560661988a88f2c0
https://conda.anaconda.org/conda-forge/noarch/fsspec-2022.5.0-pyhd8ed1ab_0.tar.bz2#db4ffc615663c66a9cc0869ce4d1092b
https://conda.anaconda.org/conda-forge/noarch/idna-3.3-pyhd8ed1ab_0.tar.bz2#40b50b8b030f5f2f22085c062ed013dd
https://conda.anaconda.org/conda-forge/noarch/iniconfig-1.1.1-pyh9f0ad1d_0.tar.bz2#39161f81cc5e5ca45b8226fbb06c6905
https://conda.anaconda.org/conda-forge/noarch/ipython_genutils-0.2.0-py_1.tar.bz2#5071c982548b3a20caf70462f04f5287
https://conda.anaconda.org/conda-forge/noarch/jeepney-0.8.0-pyhd8ed1ab_0.tar.bz2#9800ad1699b42612478755a2d26c722d
https://conda.anaconda.org/conda-forge/noarch/json5-0.9.5-pyh9f0ad1d_0.tar.bz2#10759827a94e6b14996e81fb002c0bda
https://conda.anaconda.org/conda-forge/noarch/locket-1.0.0-pyhd8ed1ab_0.tar.bz2#91e27ef3d05cc772ce627e51cff111c4
https://conda.anaconda.org/conda-forge/noarch/lockfile-0.12.2-py_1.tar.bz2#c104d98e09c47519950cffb8dd5b4f10
https://conda.anaconda.org/conda-forge/noarch/mdurl-0.1.0-pyhd8ed1ab_0.tar.bz2#f8dab71fdc13b1bf29a01248b156d268
https://conda.anaconda.org/conda-forge/noarch/nest-asyncio-1.5.5-pyhd8ed1ab_0.tar.bz2#dc36c992aec485c0efff619ed2e63957
https://conda.anaconda.org/conda-forge/noarch/networkx-2.8.3-pyhd8ed1ab_0.tar.bz2#2854258fd9d2a2fae7b05a0f1ab2e09c
https://conda.anaconda.org/conda-forge/noarch/pandocfilters-1.5.0-pyhd8ed1ab_0.tar.bz2#457c2c8c08e54905d6954e79cb5b5db9
https://conda.anaconda.org/conda-forge/noarch/parso-0.8.3-pyhd8ed1ab_0.tar.bz2#17a565a0c3899244e938cdf417e7b094
https://conda.anaconda.org/conda-forge/noarch/pastel-0.2.1-pyhd8ed1ab_0.tar.bz2#a4eea5bff523f26442405bc5d1f52adb
https://conda.anaconda.org/conda-forge/noarch/pickleshare-0.7.5-py_1003.tar.bz2#415f0ebb6198cc2801c73438a9fb5761
https://conda.anaconda.org/conda-forge/noarch/pkginfo-1.8.2-pyhd8ed1ab_0.tar.bz2#c776a1cd5745674c28c20a5498cafa89
https://conda.anaconda.org/conda-forge/noarch/platformdirs-2.5.1-pyhd8ed1ab_0.tar.bz2#d5df87964a39f67c46a5448f4e78d9b6
https://conda.anaconda.org/conda-forge/noarch/prometheus_client-0.14.1-pyhd8ed1ab_0.tar.bz2#b7fa7d86530b8de805268e48988eb483
https://conda.anaconda.org/conda-forge/noarch/ptyprocess-0.7.0-pyhd3deb0d_0.tar.bz2#359eeb6536da0e687af562ed265ec263
https://conda.anaconda.org/conda-forge/noarch/pure_eval-0.2.2-pyhd8ed1ab_0.tar.bz2#6784285c7e55cb7212efabc79e4c2883
https://conda.anaconda.org/conda-forge/noarch/py-1.11.0-pyh6c4a22f_0.tar.bz2#b4613d7e7a493916d867842a6a148054
https://conda.anaconda.org/conda-forge/noarch/pycparser-2.21-pyhd8ed1ab_0.tar.bz2#076becd9e05608f8dc72757d5f3a91ff
https://conda.anaconda.org/conda-forge/noarch/pylev-1.4.0-pyhd8ed1ab_0.tar.bz2#edf8651c4379d9d1495ad6229622d150
https://conda.anaconda.org/conda-forge/noarch/pyparsing-3.0.9-pyhd8ed1ab_0.tar.bz2#e8fbc1b54b25f4b08281467bc13b70cc
https://conda.anaconda.org/conda-forge/noarch/python-fastjsonschema-2.15.3-pyhd8ed1ab_0.tar.bz2#fae309d1cc996da1f63de9d321e65e27
https://conda.anaconda.org/conda-forge/linux-64/python_abi-3.10-2_cp310.tar.bz2#9e7160cd0d865e98f6803f1fe15c8b61
https://conda.anaconda.org/conda-forge/noarch/pytz-2022.1-pyhd8ed1ab_0.tar.bz2#b87d66d6d3991d988fb31510c95a9267
https://conda.anaconda.org/conda-forge/noarch/send2trash-1.8.0-pyhd8ed1ab_0.tar.bz2#edab14119efe85c3bf131ad747e9005c
https://conda.anaconda.org/conda-forge/noarch/shellingham-1.4.0-pyh44b312d_0.tar.bz2#437655338696f9d0dfdb0a024e66b255
https://conda.anaconda.org/conda-forge/noarch/six-1.16.0-pyh6c4a22f_0.tar.bz2#e5f25f8dbc060e9a8d912e432202afc2
https://conda.anaconda.org/conda-forge/noarch/sortedcontainers-2.4.0-pyhd8ed1ab_0.tar.bz2#6d6552722448103793743dabfbda532d
https://conda.anaconda.org/conda-forge/noarch/soupsieve-2.3.1-pyhd8ed1ab_0.tar.bz2#d821b295c4bd18ad27e1e19543a5784a
https://conda.anaconda.org/conda-forge/noarch/tenacity-8.0.1-pyhd8ed1ab_0.tar.bz2#8b29b2c12cb21dbd057755e5fd22d005
https://conda.anaconda.org/conda-forge/noarch/toml-0.10.2-pyhd8ed1ab_0.tar.bz2#f832c45a477c78bebd107098db465095
https://conda.anaconda.org/conda-forge/noarch/tomli-2.0.1-pyhd8ed1ab_0.tar.bz2#5844808ffab9ebdb694585b50ba02a96
https://conda.anaconda.org/conda-forge/noarch/toolz-0.11.2-pyhd8ed1ab_0.tar.bz2#f348d1590550371edfac5ed3c1d44f7e
https://conda.anaconda.org/conda-forge/noarch/traitlets-5.2.2.post1-pyhd8ed1ab_0.tar.bz2#2b06b17ee111c3df688affbe3964a3b3
https://conda.anaconda.org/conda-forge/noarch/typing-3.10.0.0-pyhd8ed1ab_0.tar.bz2#e6573ac68718f17b9d4f5c8eda3190f2
https://conda.anaconda.org/conda-forge/noarch/typing_extensions-4.2.0-pyha770c72_1.tar.bz2#f0f7e024f94e23d3bfee0ab777bf335a
https://conda.anaconda.org/conda-forge/noarch/webencodings-0.5.1-py_1.tar.bz2#3563be4c5611a44210d9ba0c16113136
https://conda.anaconda.org/conda-forge/noarch/websocket-client-1.3.2-pyhd8ed1ab_0.tar.bz2#da6f472c62b4eda0caf05e223729efcd
https://conda.anaconda.org/conda-forge/noarch/wheel-0.37.1-pyhd8ed1ab_0.tar.bz2#1ca02aaf78d9c70d9a81a3bed5752022
https://conda.anaconda.org/conda-forge/noarch/zipp-3.8.0-pyhd8ed1ab_0.tar.bz2#050b94cf4a8c760656e51d2d44e4632c
https://conda.anaconda.org/conda-forge/noarch/asttokens-2.0.5-pyhd8ed1ab_0.tar.bz2#74badce16f060701fee55c39332f5253
https://conda.anaconda.org/conda-forge/noarch/babel-2.10.1-pyhd8ed1ab_0.tar.bz2#2ec70a4a964b696170d730466c668f60
https://conda.anaconda.org/conda-forge/noarch/beautifulsoup4-4.11.1-pyha770c72_0.tar.bz2#eeec8814bd97b2681f708bb127478d7d
https://conda.anaconda.org/conda-forge/linux-64/certifi-2022.5.18.1-py310hff52083_0.tar.bz2#cfdf8a8dda4e471ecdb196c0f34a85e0
https://conda.anaconda.org/conda-forge/linux-64/cffi-1.15.0-py310h0fdd8cc_0.tar.bz2#7b7366be82277a5a210e48cc6d25ce26
https://conda.anaconda.org/conda-forge/linux-64/click-8.1.3-py310hff52083_0.tar.bz2#a09e14173c5ded52ef7917b249c9280e
https://conda.anaconda.org/conda-forge/noarch/clikit-0.6.2-pyh9f0ad1d_0.tar.bz2#159273f717a11e53b2656f8b6521a5e2
https://conda.anaconda.org/conda-forge/linux-64/coverage-6.4.1-py310h5764c6d_0.tar.bz2#0b9e281c6be0c1a10d943582c190cde3
https://conda.anaconda.org/conda-forge/linux-64/cytoolz-0.11.2-py310h5764c6d_2.tar.bz2#40321b392edccd600f63b596a3a43c98
https://conda.anaconda.org/conda-forge/linux-64/debugpy-1.6.0-py310hd8f1fbe_0.tar.bz2#f50e003135a2aa38886d12400e70341c
https://conda.anaconda.org/conda-forge/noarch/h11-0.13.0-pyhd8ed1ab_1.tar.bz2#e7cf19f1afe6b3a6a4a9fa383080ebd1
https://conda.anaconda.org/conda-forge/noarch/html5lib-1.1-pyh9f0ad1d_0.tar.bz2#b2355343d6315c892543200231d7154a
https://conda.anaconda.org/conda-forge/linux-64/importlib-metadata-4.11.4-py310hff52083_0.tar.bz2#8ea386e64531f1ecf4a5765181579e7e
https://conda.anaconda.org/conda-forge/noarch/importlib_resources-5.7.1-pyhd8ed1ab_1.tar.bz2#56567286f9f9716bea44fe9301e1b34d
https://conda.anaconda.org/conda-forge/linux-64/jedi-0.18.1-py310hff52083_1.tar.bz2#50282bcc5bdda427342ebdbf216d8d2f
https://conda.anaconda.org/conda-forge/linux-64/jupyter_core-4.10.0-py310hff52083_0.tar.bz2#c3b2ddcd2541c2f41bf9fb56d184da56
https://conda.anaconda.org/conda-forge/noarch/markdown-it-py-2.1.0-pyhd8ed1ab_0.tar.bz2#d821ebc1ebe21d4cac2555278c2cd970
https://conda.anaconda.org/conda-forge/linux-64/markupsafe-2.1.1-py310h5764c6d_1.tar.bz2#ec5a727504409ad1380fc2a84f83d002
https://conda.anaconda.org/conda-forge/noarch/matplotlib-inline-0.1.3-pyhd8ed1ab_0.tar.bz2#be3bfd435802d2c768c6b2439f325f3d
https://conda.anaconda.org/conda-forge/linux-64/maturin-0.12.15-py310h5764c6d_0.tar.bz2#4bb69fef3bf2c290af458ac276fa29d2
https://conda.anaconda.org/conda-forge/linux-64/mistune-0.8.4-py310h6acc77f_1005.tar.bz2#6ca247e4e0ce3ea4156d9b528dd7ceae
https://conda.anaconda.org/conda-forge/linux-64/msgpack-python-1.0.4-py310hbf28c38_0.tar.bz2#ff1a239031213d72a4b8ef3281445320
https://conda.anaconda.org/conda-forge/linux-64/numpy-1.22.4-py310h4ef5377_0.tar.bz2#a97b04c2d88d24d4a25fd9c069189281
https://conda.anaconda.org/conda-forge/noarch/outcome-1.1.0-pyhd8ed1ab_0.tar.bz2#a6baaddfb9fb5aa6b53534b634cb69c9
https://conda.anaconda.org/conda-forge/noarch/packaging-20.9-pyh44b312d_0.tar.bz2#be69a38e912054a62dc82cc3c7711a64
https://conda.anaconda.org/conda-forge/noarch/partd-1.2.0-pyhd8ed1ab_0.tar.bz2#0c32f563d7f22e3a34c95cad8cc95651
https://conda.anaconda.org/conda-forge/noarch/pexpect-4.8.0-pyh9f0ad1d_2.tar.bz2#5909e7b978141dd80d28dbf9de627827
https://conda.anaconda.org/conda-forge/linux-64/pillow-9.1.1-py310he619898_1.tar.bz2#d7052b5cef119518ca362a2ff633a36d
https://conda.anaconda.org/conda-forge/linux-64/pluggy-1.0.0-py310hff52083_3.tar.bz2#97f9a22577338f91a94dfac5c1a65a50
https://conda.anaconda.org/conda-forge/linux-64/poetry-core-1.0.8-py310hff52083_1.tar.bz2#4c75b7766a1a1dd09d504c63cb5276e2
https://conda.anaconda.org/conda-forge/linux-64/psutil-5.9.1-py310h5764c6d_0.tar.bz2#eb3be71bc11a51ff49b6a0af9968f0ed
https://conda.anaconda.org/conda-forge/linux-64/pyrsistent-0.18.1-py310h5764c6d_1.tar.bz2#d6bf97f14e0cc9d2024cf66b11bb79b8
https://conda.anaconda.org/conda-forge/linux-64/pysocks-1.7.1-py310hff52083_5.tar.bz2#378f2260e871f3ea46c6fa58d9f05277
https://conda.anaconda.org/conda-forge/noarch/python-dateutil-2.8.2-pyhd8ed1ab_0.tar.bz2#dd999d1cc9f79e67dbb855c8924c7984
https://conda.anaconda.org/conda-forge/linux-64/pyyaml-6.0-py310h5764c6d_4.tar.bz2#505dcf6be997e732d7a33831950dc3cf
https://conda.anaconda.org/conda-forge/linux-64/pyzmq-23.1.0-py310h330234f_0.tar.bz2#1ca521ec5b4b7e9a95f0a22d3cbb5896
https://conda.anaconda.org/conda-forge/linux-64/ruamel.yaml.clib-0.2.6-py310h5764c6d_1.tar.bz2#d1041635380788549a925fc30cd5815c
https://conda.anaconda.org/conda-forge/linux-64/setuptools-62.3.2-py310hff52083_0.tar.bz2#b9c10ed1a8a0e0abc4017f73789e666b
https://conda.anaconda.org/conda-forge/linux-64/sniffio-1.2.0-py310hff52083_3.tar.bz2#aef827c51f27a8c6613833f8f8f95f6c
https://conda.anaconda.org/conda-forge/noarch/tinycss2-1.1.1-pyhd8ed1ab_0.tar.bz2#5d280406501e79dc7aa9c9ac31d25a80
https://conda.anaconda.org/conda-forge/noarch/tomlkit-0.11.0-pyha770c72_0.tar.bz2#4c3c1c8f8230bd75e69e083b113b2483
https://conda.anaconda.org/conda-forge/linux-64/tornado-6.1-py310h5764c6d_3.tar.bz2#8a5770e6392d29d99c9bc9c3635bba60
https://conda.anaconda.org/conda-forge/noarch/typing-extensions-4.2.0-hd8ed1ab_1.tar.bz2#6d9d7480c5780514779967be2ee8b963
https://conda.anaconda.org/conda-forge/linux-64/virtualenv-20.14.1-py310hff52083_0.tar.bz2#c2b05400e3206a62a8238d8ccbae2bdd
https://conda.anaconda.org/conda-forge/linux-64/websockets-10.3-py310h5764c6d_0.tar.bz2#50998eada09fb60441428d85a2386a9e
https://conda.anaconda.org/conda-forge/linux-64/anyio-3.6.1-py310hff52083_0.tar.bz2#ba4594a258a9d72157780701ab217223
https://conda.anaconda.org/conda-forge/linux-64/argon2-cffi-bindings-21.2.0-py310h5764c6d_2.tar.bz2#59ccbc3a344dcf7e2f73e401e205dd7d
https://conda.anaconda.org/conda-forge/noarch/backports.functools_lru_cache-1.6.4-pyhd8ed1ab_0.tar.bz2#c5b3edc62d6309088f4970b3eaaa65a6
https://conda.anaconda.org/conda-forge/noarch/bleach-5.0.0-pyhd8ed1ab_0.tar.bz2#2a2ae7c56b8f72caba261363407b484a
https://conda.anaconda.org/conda-forge/linux-64/brotlipy-0.7.0-py310h5764c6d_1004.tar.bz2#6499bb11b7feffb63b26847fc9181319
https://conda.anaconda.org/conda-forge/noarch/cleo-0.8.1-pyhd8ed1ab_2.tar.bz2#4c82b11a3d06031bd58e7d869f53d965
https://conda.anaconda.org/conda-forge/noarch/click-default-group-1.2.2-pyhd8ed1ab_1.tar.bz2#72a46ffc25701c173932fd55cf0965d3
https://conda.anaconda.org/conda-forge/linux-64/cryptography-37.0.2-py310h597c629_0.tar.bz2#7b40622ed00061cc8f803c5ed3c62707
https://conda.anaconda.org/conda-forge/noarch/dask-core-2022.5.2-pyhd8ed1ab_0.tar.bz2#7ec2aa5c3b67b07e24c9304e07831fd5
https://conda.anaconda.org/conda-forge/noarch/deprecation-2.1.0-pyh9f0ad1d_0.tar.bz2#7b6747d7cc2076341029cff659669e8b
https://conda.anaconda.org/conda-forge/linux-64/imagecodecs-2022.2.22-py310h31a0021_5.tar.bz2#40cb0305c743eefb2343516ac439104b
https://conda.anaconda.org/conda-forge/noarch/imageio-2.19.3-pyhcf75d05_0.tar.bz2#9a5e536d761271c400310ec5dff8c5e1
https://conda.anaconda.org/conda-forge/noarch/importlib_metadata-4.11.4-hd8ed1ab_0.tar.bz2#9a1925fdb91c81437b8012e48ede6851
https://conda.anaconda.org/conda-forge/noarch/jinja2-3.1.2-pyhd8ed1ab_1.tar.bz2#c8490ed5c70966d232fdd389d0dbed37
https://conda.anaconda.org/conda-forge/noarch/jsonschema-4.6.0-pyhd8ed1ab_0.tar.bz2#5ac91a7eac2a10e636e71b3ddab2e015
https://conda.anaconda.org/conda-forge/noarch/jupyter_client-7.3.2-pyhd8ed1ab_1.tar.bz2#50ec2315efdb65b26d42c7d86fcef5fb
https://conda.anaconda.org/conda-forge/noarch/mdit-py-plugins-0.3.0-pyhd8ed1ab_0.tar.bz2#adf9129f76ca651869acf2219fac2050
https://conda.anaconda.org/conda-forge/linux-64/pandas-1.4.2-py310h769672d_2.tar.bz2#be849b172f511db2ea7d3357f7b07d28
https://conda.anaconda.org/conda-forge/noarch/pip-22.1.2-pyhd8ed1ab_0.tar.bz2#d29185c662a424f8bea1103270b85c96
https://conda.anaconda.org/conda-forge/linux-64/pydantic-1.9.1-py310h5764c6d_0.tar.bz2#f8efec1d3f81afde48e001ae8e1bdfdf
https://conda.anaconda.org/conda-forge/noarch/pygments-2.12.0-pyhd8ed1ab_0.tar.bz2#cb27e2ded147e5bcc7eafc1c6d343cb3
https://conda.anaconda.org/conda-forge/linux-64/pytest-7.1.2-py310hff52083_0.tar.bz2#5d44c6ab93d445b6c433914753390e86
https://conda.anaconda.org/conda-forge/linux-64/python-chromedriver-binary-102.0.5005.61.0-py310hff52083_0.tar.bz2#aef4b568ec45520b08d96563d08419e5
https://conda.anaconda.org/conda-forge/linux-64/pywavelets-1.3.0-py310hde88566_1.tar.bz2#cbfce984f85c64401e3d4fedf4bc4247
https://conda.anaconda.org/conda-forge/linux-64/ruamel.yaml-0.17.21-py310h5764c6d_1.tar.bz2#4fbfd9a04f43ab4e8c5304a5426f45ad
https://conda.anaconda.org/conda-forge/linux-64/scipy-1.8.1-py310h7612f91_0.tar.bz2#14a7ea0620e4c0801bee756171f4dc03
https://conda.anaconda.org/conda-forge/noarch/stack_data-0.2.0-pyhd8ed1ab_0.tar.bz2#8c0ce3e6bf18a0c810125aef58a2a6f3
https://conda.anaconda.org/conda-forge/linux-64/terminado-0.15.0-py310hff52083_0.tar.bz2#bf6dd436deea62a55c8a47d35456894a
https://conda.anaconda.org/conda-forge/linux-64/trio-0.20.0-py310hff52083_1.tar.bz2#a5a9370578c5d5e931cc6ac579b3cb15
https://conda.anaconda.org/conda-forge/linux-64/wsproto-1.1.0-py310hff52083_1.tar.bz2#be6cacc2432cd6ba4d0eaa5672b0e346
https://conda.anaconda.org/conda-forge/noarch/argon2-cffi-21.3.0-pyhd8ed1ab_0.tar.bz2#a0b402db58f73aaab8ee0ca1025a362e
https://conda.anaconda.org/conda-forge/noarch/jupyter-packaging-0.12.0-pyhd8ed1ab_0.tar.bz2#05c0d6d801e38ec6aafd5398b6d38a11
https://conda.anaconda.org/conda-forge/noarch/jupyterlab_pygments-0.2.2-pyhd8ed1ab_0.tar.bz2#243f63592c8e449f40cd42eb5cf32f40
https://conda.anaconda.org/conda-forge/noarch/nbformat-5.4.0-pyhd8ed1ab_0.tar.bz2#770f6659243e2c79a0b8488b0e463bd1
https://conda.anaconda.org/conda-forge/noarch/pyopenssl-22.0.0-pyhd8ed1ab_0.tar.bz2#1d7e241dfaf5475e893d4b824bb71b44
https://conda.anaconda.org/conda-forge/noarch/pytest-cov-3.0.0-pyhd8ed1ab_0.tar.bz2#0f7cac11bb696b62d378bde725bfc3eb
https://conda.anaconda.org/conda-forge/linux-64/secretstorage-3.3.2-py310hff52083_1.tar.bz2#73ce26239bb794fa8a36994461c7ca7f
https://conda.anaconda.org/conda-forge/noarch/tifffile-2022.5.4-pyhd8ed1ab_0.tar.bz2#8c8c68b9d466b8804584abe11a75c396
https://conda.anaconda.org/conda-forge/noarch/trio-websocket-0.9.2-pyhd8ed1ab_0.tar.bz2#7acf3fc982eef23b24aed10e80d5dc99
https://conda.anaconda.org/conda-forge/noarch/vega_datasets-0.9.0-pyhd3deb0d_0.tar.bz2#c754e69d9d5de4a69ff0972318349bd0
https://conda.anaconda.org/conda-forge/noarch/wcwidth-0.2.5-pyh9f0ad1d_2.tar.bz2#5266fcd697043c59621fda522b3d78ee
https://conda.anaconda.org/conda-forge/noarch/jupytext-1.13.8-pyh4b9bcc7_0.tar.bz2#aba00353637aa69640ec2ae150dc592d
https://conda.anaconda.org/conda-forge/linux-64/keyring-23.5.1-py310hff52083_0.tar.bz2#b500b42d11b05e3d28acdda674167983
https://conda.anaconda.org/conda-forge/noarch/nbclient-0.5.13-pyhd8ed1ab_0.tar.bz2#3edde88a191701cf052216c4ba353a83
https://conda.anaconda.org/conda-forge/noarch/prompt-toolkit-3.0.29-pyha770c72_0.tar.bz2#9e720b57b22ef3032b4fb081697819dd
https://conda.anaconda.org/conda-forge/linux-64/scikit-image-0.19.2-py310hb5077e9_0.tar.bz2#ecce652c8c302be1f4c79593615c1afd
https://conda.anaconda.org/conda-forge/noarch/urllib3-1.26.9-pyhd8ed1ab_0.tar.bz2#0ea179ee251aa7100807c35bc0252693
https://conda.anaconda.org/conda-forge/linux-64/ipython-8.4.0-py310hff52083_0.tar.bz2#5f3600f5b2c6060790ea192b4bb283cd
https://conda.anaconda.org/conda-forge/noarch/nbconvert-core-6.5.0-pyhd8ed1ab_0.tar.bz2#42f74c4b38a099025167e76a7437edf1
https://conda.anaconda.org/conda-forge/noarch/requests-2.27.1-pyhd8ed1ab_0.tar.bz2#7c1c427246b057b8fa97200ecdb2ed62
https://conda.anaconda.org/conda-forge/noarch/selenium-4.2.0-pyhd8ed1ab_0.tar.bz2#1dc16602209cd3defc5bbabdb2c7cfc1
https://conda.anaconda.org/conda-forge/noarch/cachecontrol-0.12.11-pyhd8ed1ab_0.tar.bz2#6eefee9888f33f150b5d44d616b1a613
https://conda.anaconda.org/conda-forge/noarch/ensureconda-1.4.2-pyhd8ed1ab_0.tar.bz2#1bf97b25d058482fd73e62b1cdb932ef
https://conda.anaconda.org/conda-forge/linux-64/ipykernel-6.13.0-py310hfdc917e_0.tar.bz2#2cf3eece68ff29257f340210654c9a18
https://conda.anaconda.org/conda-forge/noarch/jupyter_server-1.17.0-pyhd8ed1ab_0.tar.bz2#276b3b45443e2a84cfb4d128cb86c350
https://conda.anaconda.org/conda-forge/noarch/nbconvert-pandoc-6.5.0-pyhd8ed1ab_0.tar.bz2#d7421adfc67100021d87032447066129
https://conda.anaconda.org/conda-forge/noarch/requests-toolbelt-0.9.1-py_0.tar.bz2#402668adee8fcba9a9c265cdc2a88f5a
https://conda.anaconda.org/conda-forge/noarch/jupyterlab_server-2.14.0-pyhd8ed1ab_0.tar.bz2#fd163f2297dcc8a7e5831f7bc0186494
https://conda.anaconda.org/conda-forge/noarch/nbconvert-6.5.0-pyhd8ed1ab_0.tar.bz2#156c180588e38b9f41758058824ec50f
https://conda.anaconda.org/conda-forge/noarch/nbval-0.9.6-pyh9f0ad1d_0.tar.bz2#b627e05284e7affc46b6e4878aa1d96b
https://conda.anaconda.org/conda-forge/noarch/notebook-shim-0.1.0-pyhd8ed1ab_0.tar.bz2#3a8e2c7dcc674f2cb0784f1faba57055
https://conda.anaconda.org/conda-forge/linux-64/poetry-1.1.13-py310hff52083_1.tar.bz2#d385bd0890fcc7315b21e9d59fd84e14
https://conda.anaconda.org/conda-forge/noarch/conda-lock-1.0.5-pyhd8ed1ab_0.tar.bz2#7544764bbf4941cc954bb80911f3b201
https://conda.anaconda.org/conda-forge/noarch/notebook-6.4.11-pyha770c72_0.tar.bz2#da25720a88aa3cbb3e16df740783da74
https://conda.anaconda.org/conda-forge/noarch/voila-0.3.5-pyhd8ed1ab_0.tar.bz2#bcfbe234e3fe963fe85b31beba6f98a1
https://conda.anaconda.org/conda-forge/noarch/nbclassic-0.3.7-pyhd8ed1ab_0.tar.bz2#a8a7139140a7512c90514444444a4991
https://conda.anaconda.org/conda-forge/noarch/jupyterlab-3.4.2-pyhd8ed1ab_0.tar.bz2#0a7cb6cf36876a14212ac9234a9d5366
