# Generated by conda-lock.
# platform: osx-64
# input_hash: 6c721a204c96a587d21f1760be78b0662f4764f19536600889dc6fc6c9e98db6
@EXPLICIT
https://conda.anaconda.org/conda-forge/osx-64/bzip2-1.0.8-h0d85af4_4.tar.bz2#37edc4e6304ca87316e160f5ca0bd1b5
https://conda.anaconda.org/conda-forge/osx-64/c-ares-1.18.1-h0d85af4_0.tar.bz2#00b3e98a61e6430808fe7a2534681f28
https://conda.anaconda.org/conda-forge/osx-64/ca-certificates-2021.10.8-h033912b_0.tar.bz2#bb82d0243db9882b509702ecb69e38f0
https://conda.anaconda.org/conda-forge/osx-64/fribidi-1.0.10-hbcb3906_0.tar.bz2#f1c6b41e0f56998ecd9a3e210faa1dc0
https://conda.anaconda.org/conda-forge/osx-64/giflib-5.2.1-hbcb3906_2.tar.bz2#be8f747c37e4d7e346c133e641966750
https://conda.anaconda.org/conda-forge/osx-64/jbig-2.1-h0d85af4_2003.tar.bz2#4d76d11d3a256931926099498aa3565b
https://conda.anaconda.org/conda-forge/osx-64/jpeg-9e-h0d85af4_0.tar.bz2#46a9053a493c567e32fc0519d9bfc860
https://conda.anaconda.org/conda-forge/osx-64/jxrlib-1.1-h35c211d_2.tar.bz2#1c2379fd9d5d4ecb151231f6282e699d
https://conda.anaconda.org/conda-forge/osx-64/libbrotlicommon-1.0.9-h0d85af4_6.tar.bz2#bb40dfcead1d3522ed7e58159080f735
https://conda.anaconda.org/conda-forge/osx-64/libcxx-12.0.1-habf9029_1.tar.bz2#444dfb8ed0bf2a8864f73eb6436b29e0
https://conda.anaconda.org/conda-forge/osx-64/libdeflate-1.10-h0d85af4_0.tar.bz2#98a4bf0073c56678453dd86845d3bcc9
https://conda.anaconda.org/conda-forge/osx-64/libev-4.33-haf1e3a3_1.tar.bz2#79dc2be110b2a3d1e97ec21f691c50ad
https://conda.anaconda.org/conda-forge/osx-64/libffi-3.4.2-h0d85af4_5.tar.bz2#ccb34fb14960ad8b125962d3d79b31a9
https://conda.anaconda.org/conda-forge/osx-64/libsodium-1.0.18-hbcb3906_1.tar.bz2#24632c09ed931af617fe6d5292919cab
https://conda.anaconda.org/conda-forge/osx-64/libuv-1.43.0-h0d85af4_0.tar.bz2#f68a2895786d91cdae79116b2b014592
https://conda.anaconda.org/conda-forge/osx-64/libwebp-base-1.2.2-h0d85af4_1.tar.bz2#052369eda6e13f44b308407c99857f84
https://conda.anaconda.org/conda-forge/osx-64/libzlib-1.2.11-h9173be1_1013.tar.bz2#a3a6a53beaa92c5cfe52ee3a198e78cc
https://conda.anaconda.org/conda-forge/osx-64/llvm-openmp-13.0.1-hda6cdc1_0.tar.bz2#a77ba143ee4935b635cda9909136222d
https://conda.anaconda.org/conda-forge/osx-64/ncurses-6.3-he49afe7_0.tar.bz2#2b8a6df0c28a466781832cbd036a73b7
https://conda.anaconda.org/conda-forge/osx-64/pandoc-2.17.1.1-h694c41f_0.tar.bz2#79a8ae8b8350e8c97b51ab4dfde575bb
https://conda.anaconda.org/conda-forge/osx-64/pthread-stubs-0.4-hc929b4f_1001.tar.bz2#addd19059de62181cd11ae8f4ef26084
https://conda.anaconda.org/conda-forge/osx-64/xorg-libxau-1.0.9-h35c211d_0.tar.bz2#c5049997b2e98edfbcdd294582f66281
https://conda.anaconda.org/conda-forge/osx-64/xorg-libxdmcp-1.1.3-h35c211d_0.tar.bz2#86ac76d6bf1cbb9621943eb3bd9ae36e
https://conda.anaconda.org/conda-forge/osx-64/xz-5.2.5-haf1e3a3_1.tar.bz2#41116deb499e9bc58048c297d6403ce6
https://conda.anaconda.org/conda-forge/osx-64/yaml-0.2.5-h0d85af4_2.tar.bz2#d7e08fcf8259d742156188e8762b4d20
https://conda.anaconda.org/conda-forge/osx-64/blosc-1.21.0-he49afe7_0.tar.bz2#95ea0559c188b34a888d42545c580268
https://conda.anaconda.org/conda-forge/osx-64/charls-2.3.4-he49afe7_0.tar.bz2#245b347ee9476f19b296b8dee1955a69
https://conda.anaconda.org/conda-forge/osx-64/icu-69.1-he49afe7_0.tar.bz2#ee3bde95f8c74ebd296543525775ada5
https://conda.anaconda.org/conda-forge/osx-64/lerc-3.0-he49afe7_0.tar.bz2#a1d21f85e4b0d5e27a88ecab5e3961da
https://conda.anaconda.org/conda-forge/osx-64/libaec-1.0.6-he49afe7_0.tar.bz2#0a49b696f11ed805ee4690479cc5e950
https://conda.anaconda.org/conda-forge/osx-64/libbrotlidec-1.0.9-h0d85af4_6.tar.bz2#8c6e36e5df668a3d44193837319b3444
https://conda.anaconda.org/conda-forge/osx-64/libbrotlienc-1.0.9-h0d85af4_6.tar.bz2#6718e3c3b3cc237695b3a6bc5a1b2ccb
https://conda.anaconda.org/conda-forge/osx-64/libedit-3.1.20191231-h0678c8f_2.tar.bz2#6016a8a1d0e63cac3de2c352cd40208b
https://conda.anaconda.org/conda-forge/osx-64/libgfortran5-9.3.0-h6c81a4c_23.tar.bz2#a6956ceb628b14594613cefee5127a7a
https://conda.anaconda.org/conda-forge/osx-64/libimagequant-2.17.0-h9bde063_1.tar.bz2#1b0c9788d0b67d74ff3b84c0705ca18d
https://conda.anaconda.org/conda-forge/osx-64/libxcb-1.13-h0d85af4_1004.tar.bz2#eb7860935e14aec936065cbc21a1a962
https://conda.anaconda.org/conda-forge/osx-64/libzopfli-1.0.3-h046ec9c_0.tar.bz2#55f3f5c9bccca18d33cb3a4bcfe002d7
https://conda.anaconda.org/conda-forge/osx-64/lz4-c-1.9.3-he49afe7_1.tar.bz2#05c08241b66631c00ca4f9e0b75320bc
https://conda.anaconda.org/conda-forge/osx-64/openssl-1.1.1l-h0d85af4_0.tar.bz2#f7bcdbb7a5dae97030eee20b884b1f8a
https://conda.anaconda.org/conda-forge/osx-64/readline-8.1-h05e3726_0.tar.bz2#2832e9b6a7caa7cb192fcda6cfcd8871
https://conda.anaconda.org/conda-forge/osx-64/snappy-1.1.8-hb1e8313_3.tar.bz2#73b65b3935375b56deb96f6794ed721e
https://conda.anaconda.org/conda-forge/osx-64/tk-8.6.12-h5dbffcc_0.tar.bz2#8e9480d9c47061db2ed1b4ecce519a7f
https://conda.anaconda.org/conda-forge/osx-64/zeromq-4.3.4-he49afe7_1.tar.bz2#1972d732b123ed04b60fd21e94f0b178
https://conda.anaconda.org/conda-forge/osx-64/zfp-0.5.5-h4a89273_8.tar.bz2#faa14d931b1e190945b8fdf18e0d0b97
https://conda.anaconda.org/conda-forge/osx-64/zlib-1.2.11-h9173be1_1013.tar.bz2#cf985617d679990418c380099620b01a
https://conda.anaconda.org/conda-forge/osx-64/brotli-bin-1.0.9-h0d85af4_6.tar.bz2#00d57e8424c3fe0aeb3c37418e1b910e
https://conda.anaconda.org/conda-forge/osx-64/krb5-1.19.2-hcfbf3a7_3.tar.bz2#22a613e8000ad9c0d8a14c5ca1e8e40b
https://conda.anaconda.org/conda-forge/osx-64/libgfortran-5.0.0-9_3_0_h6c81a4c_23.tar.bz2#60f48cef2d50674e0428c5579b6c3f66
https://conda.anaconda.org/conda-forge/osx-64/libnghttp2-1.46.0-h6f36284_0.tar.bz2#4a3025e50e0a3bc33034b798c6846927
https://conda.anaconda.org/conda-forge/osx-64/libpng-1.6.37-h7cec526_2.tar.bz2#9e52521faba2b53269672628d34e1513
https://conda.anaconda.org/conda-forge/osx-64/libssh2-1.10.0-h52ee1ee_2.tar.bz2#8c8f3804e8e252b47443cfe8e40eddf9
https://conda.anaconda.org/conda-forge/osx-64/nodejs-17.4.0-h0da8292_0.tar.bz2#e7c5c99f9ea01e3baea8880cd6224779
https://conda.anaconda.org/conda-forge/osx-64/sqlite-3.37.0-h23a322b_0.tar.bz2#68f13bbe00ac288ffc1c1b868bc4da23
https://conda.anaconda.org/conda-forge/osx-64/zstd-1.5.2-h582d3a0_0.tar.bz2#df9ed22d1725b8fecaede2d579fd6bc4
https://conda.anaconda.org/conda-forge/osx-64/brotli-1.0.9-h0d85af4_6.tar.bz2#742964fe79862ba2d03365a16278a877
https://conda.anaconda.org/conda-forge/osx-64/c-blosc2-2.0.4-ha1a4663_1.tar.bz2#b5df55c8ce0b7e73dce26c754f4c4c33
https://conda.anaconda.org/conda-forge/osx-64/freetype-2.10.4-h4cff582_1.tar.bz2#5a136a432c6062362cd7990c514bd8d6
https://conda.anaconda.org/conda-forge/osx-64/libcurl-7.81.0-hf45b732_0.tar.bz2#d0396298c85013ee3b186cb982f9f0dd
https://conda.anaconda.org/conda-forge/osx-64/libopenblas-0.3.18-openmp_h3351f45_0.tar.bz2#a0636ed965924977a848fd0d0258cf17
https://conda.anaconda.org/conda-forge/osx-64/libtiff-4.3.0-h17f2ce3_3.tar.bz2#8a2611163920a17b13a1325bb70d7293
https://conda.anaconda.org/conda-forge/osx-64/python-3.7.12-haf480d7_100_cpython.tar.bz2#058bace71590dc856684ac8d7e75fb07
https://conda.anaconda.org/conda-forge/osx-64/yarn-1.22.17-h694c41f_0.tar.bz2#c72bdc76a5298ca2b5f5130c12dd7030
https://conda.anaconda.org/conda-forge/noarch/appdirs-1.4.4-pyh9f0ad1d_0.tar.bz2#5f095bc6454094e96f146491fd03633b
https://conda.anaconda.org/conda-forge/noarch/async_generator-1.10-py_0.tar.bz2#d56c596e61b1c4952acf0a9920856c12
https://conda.anaconda.org/conda-forge/noarch/attrs-21.4.0-pyhd8ed1ab_0.tar.bz2#f70280205d7044c8b8358c8de3190e5d
https://conda.anaconda.org/conda-forge/noarch/backcall-0.2.0-pyh9f0ad1d_0.tar.bz2#6006a6d08a3fa99268a2681c7fb55213
https://conda.anaconda.org/conda-forge/noarch/backports-1.0-py_2.tar.bz2#0da16b293affa6ac31812376f8eb79dd
https://conda.anaconda.org/conda-forge/osx-64/brunsli-0.1-h046ec9c_0.tar.bz2#28d47920c95b85499c9a61994cc49b87
https://conda.anaconda.org/conda-forge/osx-64/cfitsio-4.0.0-hb20e66c_0.tar.bz2#c4a6bba037bbb254a214282a528147fe
https://conda.anaconda.org/conda-forge/noarch/charset-normalizer-2.0.12-pyhd8ed1ab_0.tar.bz2#1f5b32dabae0f1893ae3283dac7f799e
https://conda.anaconda.org/conda-forge/noarch/cloudpickle-2.0.0-pyhd8ed1ab_0.tar.bz2#3a8fc8b627d5fb6af827e126a10a86c6
https://conda.anaconda.org/conda-forge/noarch/cycler-0.11.0-pyhd8ed1ab_0.tar.bz2#a50559fad0affdbb33729a68669ca1cb
https://conda.anaconda.org/conda-forge/noarch/decorator-5.1.1-pyhd8ed1ab_0.tar.bz2#43afe5ab04e35e17ba28649471dd7364
https://conda.anaconda.org/conda-forge/noarch/defusedxml-0.7.1-pyhd8ed1ab_0.tar.bz2#961b3a227b437d82ad7054484cfa71b2
https://conda.anaconda.org/conda-forge/noarch/entrypoints-0.4-pyhd8ed1ab_0.tar.bz2#3cf04868fee0a029769bd41f4b2fbf2d
https://conda.anaconda.org/conda-forge/noarch/filelock-3.5.1-pyhd8ed1ab_0.tar.bz2#e2587087f4809c3fb6dc4c29648ecfc8
https://conda.anaconda.org/conda-forge/noarch/flaky-3.7.0-pyh9f0ad1d_0.tar.bz2#d20be9ed08052d16593c88d51b774a82
https://conda.anaconda.org/conda-forge/noarch/flit-core-3.6.0-pyhd8ed1ab_0.tar.bz2#f8c17f22a3ce533876c468157ff8ff8f
https://conda.anaconda.org/conda-forge/noarch/fsspec-2022.1.0-pyhd8ed1ab_0.tar.bz2#188e095f4dc38887bb48b065734b9e8d
https://conda.anaconda.org/conda-forge/noarch/h11-0.12.0-pyhd8ed1ab_0.tar.bz2#a8c3c313e5339029946b66070cf24b39
https://conda.anaconda.org/conda-forge/noarch/idna-3.3-pyhd8ed1ab_0.tar.bz2#40b50b8b030f5f2f22085c062ed013dd
https://conda.anaconda.org/conda-forge/noarch/iniconfig-1.1.1-pyh9f0ad1d_0.tar.bz2#39161f81cc5e5ca45b8226fbb06c6905
https://conda.anaconda.org/conda-forge/noarch/ipython_genutils-0.2.0-py_1.tar.bz2#5071c982548b3a20caf70462f04f5287
https://conda.anaconda.org/conda-forge/noarch/json5-0.9.5-pyh9f0ad1d_0.tar.bz2#10759827a94e6b14996e81fb002c0bda
https://conda.anaconda.org/conda-forge/osx-64/lcms2-2.12-h577c468_0.tar.bz2#abce77b852b73670e85e104746b0ea1b
https://conda.anaconda.org/conda-forge/osx-64/libblas-3.9.0-13_osx64_openblas.tar.bz2#43e49180e01ca49b1988bc46fec6e375
https://conda.anaconda.org/conda-forge/osx-64/libwebp-1.2.2-h28dabe5_0.tar.bz2#6aa31e81854e3172dae89300ae9a5444
https://conda.anaconda.org/conda-forge/noarch/locket-0.2.0-py_2.tar.bz2#709e8671651c7ec3d1ad07800339ff1d
https://conda.anaconda.org/conda-forge/noarch/munkres-1.1.4-pyh9f0ad1d_0.tar.bz2#2ba8498c1018c1e9c61eb99b973dfe19
https://conda.anaconda.org/conda-forge/noarch/nest-asyncio-1.5.4-pyhd8ed1ab_0.tar.bz2#0d86e4e6ac78912f3f47e0453b124aca
https://conda.anaconda.org/conda-forge/osx-64/openjpeg-2.4.0-h6e7aa92_1.tar.bz2#c8cbb6d99f6467246ac26a139256e50f
https://conda.anaconda.org/conda-forge/noarch/pandocfilters-1.5.0-pyhd8ed1ab_0.tar.bz2#457c2c8c08e54905d6954e79cb5b5db9
https://conda.anaconda.org/conda-forge/noarch/parso-0.8.3-pyhd8ed1ab_0.tar.bz2#17a565a0c3899244e938cdf417e7b094
https://conda.anaconda.org/conda-forge/noarch/pickleshare-0.7.5-py_1003.tar.bz2#415f0ebb6198cc2801c73438a9fb5761
https://conda.anaconda.org/conda-forge/noarch/prometheus_client-0.13.1-pyhd8ed1ab_0.tar.bz2#9259acd5dd8746e7721474fa62e046d7
https://conda.anaconda.org/conda-forge/noarch/ptyprocess-0.7.0-pyhd3deb0d_0.tar.bz2#359eeb6536da0e687af562ed265ec263
https://conda.anaconda.org/conda-forge/noarch/py-1.11.0-pyh6c4a22f_0.tar.bz2#b4613d7e7a493916d867842a6a148054
https://conda.anaconda.org/conda-forge/noarch/pycparser-2.21-pyhd8ed1ab_0.tar.bz2#076becd9e05608f8dc72757d5f3a91ff
https://conda.anaconda.org/conda-forge/noarch/pyparsing-3.0.7-pyhd8ed1ab_0.tar.bz2#727e2216d9c47455d8ddc060eb2caad9
https://conda.anaconda.org/conda-forge/osx-64/python_abi-3.7-2_cp37m.tar.bz2#4b564389f52917cfe8fbc537284d42e6
https://conda.anaconda.org/conda-forge/noarch/pytz-2021.3-pyhd8ed1ab_0.tar.bz2#7e4f811bff46a5a6a7e0094921389395
https://conda.anaconda.org/conda-forge/noarch/send2trash-1.8.0-pyhd8ed1ab_0.tar.bz2#edab14119efe85c3bf131ad747e9005c
https://conda.anaconda.org/conda-forge/noarch/six-1.16.0-pyh6c4a22f_0.tar.bz2#e5f25f8dbc060e9a8d912e432202afc2
https://conda.anaconda.org/conda-forge/noarch/sortedcontainers-2.4.0-pyhd8ed1ab_0.tar.bz2#6d6552722448103793743dabfbda532d
https://conda.anaconda.org/conda-forge/noarch/tenacity-8.0.1-pyhd8ed1ab_0.tar.bz2#8b29b2c12cb21dbd057755e5fd22d005
https://conda.anaconda.org/conda-forge/noarch/testpath-0.5.0-pyhd8ed1ab_0.tar.bz2#53b57d6a468bebc7cef1253b177a5e9e
https://conda.anaconda.org/conda-forge/noarch/toml-0.10.2-pyhd8ed1ab_0.tar.bz2#f832c45a477c78bebd107098db465095
https://conda.anaconda.org/conda-forge/noarch/tomli-2.0.1-pyhd8ed1ab_0.tar.bz2#5844808ffab9ebdb694585b50ba02a96
https://conda.anaconda.org/conda-forge/noarch/toolz-0.11.2-pyhd8ed1ab_0.tar.bz2#f348d1590550371edfac5ed3c1d44f7e
https://conda.anaconda.org/conda-forge/noarch/traitlets-5.1.1-pyhd8ed1ab_0.tar.bz2#a1bc9765ef9499760e88f568b3a6622c
https://conda.anaconda.org/conda-forge/noarch/typing-3.10.0.0-pyhd8ed1ab_0.tar.bz2#e6573ac68718f17b9d4f5c8eda3190f2
https://conda.anaconda.org/conda-forge/noarch/typing_extensions-4.1.1-pyha770c72_0.tar.bz2#74761ba7bc682e9009520163a1031ace
https://conda.anaconda.org/conda-forge/noarch/webencodings-0.5.1-py_1.tar.bz2#3563be4c5611a44210d9ba0c16113136
https://conda.anaconda.org/conda-forge/noarch/websocket-client-1.2.3-pyhd8ed1ab_0.tar.bz2#a9e89668df0da0f33c8c4ddf7c118f6d
https://conda.anaconda.org/conda-forge/noarch/wheel-0.37.1-pyhd8ed1ab_0.tar.bz2#1ca02aaf78d9c70d9a81a3bed5752022
https://conda.anaconda.org/conda-forge/noarch/zipp-3.7.0-pyhd8ed1ab_1.tar.bz2#b689b2cbc8481b224777415e1a193170
https://conda.anaconda.org/conda-forge/osx-64/appnope-0.1.2-py37hf985489_2.tar.bz2#e56ab46cc16f5af8d1c7d31f302c15cb
https://conda.anaconda.org/conda-forge/noarch/babel-2.9.1-pyh44b312d_0.tar.bz2#74136ed39bfea0832d338df1e58d013e
https://conda.anaconda.org/conda-forge/osx-64/certifi-2021.10.8-py37hf985489_1.tar.bz2#95bc4c0b760d22415cc589306ab31072
https://conda.anaconda.org/conda-forge/osx-64/cffi-1.15.0-py37h446072c_0.tar.bz2#611c1a6063a004935f3eedc5c4e70adf
https://conda.anaconda.org/conda-forge/osx-64/coverage-6.3.1-py37h271585c_0.tar.bz2#422fad827f9384f7fc75de1218c31008
https://conda.anaconda.org/conda-forge/osx-64/cytoolz-0.11.2-py37h271585c_1.tar.bz2#b55081aac39f6ff1ab76551821c73dd8
https://conda.anaconda.org/conda-forge/osx-64/debugpy-1.5.1-py37hd8d24ac_0.tar.bz2#cfaabc192eeff85148a13d23b5343bd1
https://conda.anaconda.org/conda-forge/osx-64/importlib-metadata-4.11.1-py37hf985489_0.tar.bz2#dc3b770fa9aa42b55964896fd4d32b2b
https://conda.anaconda.org/conda-forge/noarch/importlib_resources-5.4.0-pyhd8ed1ab_0.tar.bz2#9fb134dbabe7851a9d71411064b2c30d
https://conda.anaconda.org/conda-forge/osx-64/jedi-0.18.1-py37hf985489_0.tar.bz2#33ef99f317508028f469a21e6efc454e
https://conda.anaconda.org/conda-forge/osx-64/jupyter_core-4.9.2-py37hf985489_0.tar.bz2#601f77124de6fc8c51332cd77cb4a272
https://conda.anaconda.org/conda-forge/osx-64/kiwisolver-1.3.2-py37h737db71_1.tar.bz2#180ac8613a28e96a558d56a194307cca
https://conda.anaconda.org/conda-forge/osx-64/libcblas-3.9.0-13_osx64_openblas.tar.bz2#eecf22499103fbbed8a24efdcadd3074
https://conda.anaconda.org/conda-forge/osx-64/liblapack-3.9.0-13_osx64_openblas.tar.bz2#78be50c9400059ee11ebde2e0257d693
https://conda.anaconda.org/conda-forge/noarch/markdown-it-py-1.1.0-pyhd8ed1ab_0.tar.bz2#84e8dfb1a9e6a824f32fd45b867271ca
https://conda.anaconda.org/conda-forge/osx-64/markupsafe-2.0.1-py37h271585c_1.tar.bz2#e7d33cb13eae6df93790dd537eec35e6
https://conda.anaconda.org/conda-forge/noarch/matplotlib-inline-0.1.3-pyhd8ed1ab_0.tar.bz2#be3bfd435802d2c768c6b2439f325f3d
https://conda.anaconda.org/conda-forge/osx-64/maturin-0.12.8-py37h553b695_0.tar.bz2#b8a637c226e67af263168a910fc235fa
https://conda.anaconda.org/conda-forge/osx-64/mistune-0.8.4-py37h271585c_1005.tar.bz2#3ecf9db811807601bd9cd32ac109f363
https://conda.anaconda.org/conda-forge/noarch/outcome-1.1.0-pyhd8ed1ab_0.tar.bz2#a6baaddfb9fb5aa6b53534b634cb69c9
https://conda.anaconda.org/conda-forge/noarch/packaging-21.3-pyhd8ed1ab_0.tar.bz2#71f1ab2de48613876becddd496371c85
https://conda.anaconda.org/conda-forge/noarch/partd-1.2.0-pyhd8ed1ab_0.tar.bz2#0c32f563d7f22e3a34c95cad8cc95651
https://conda.anaconda.org/conda-forge/noarch/pexpect-4.8.0-pyh9f0ad1d_2.tar.bz2#5909e7b978141dd80d28dbf9de627827
https://conda.anaconda.org/conda-forge/osx-64/pillow-9.0.1-py37h942db99_1.tar.bz2#a58b6e76cf8ec969b7bdb8f8c1a203fb
https://conda.anaconda.org/conda-forge/osx-64/pyrsistent-0.18.1-py37h271585c_0.tar.bz2#6e315807c0d0762368db173e9cee0a65
https://conda.anaconda.org/conda-forge/osx-64/pysocks-1.7.1-py37hf985489_4.tar.bz2#ea559f233bd910536e03c63e2392b65c
https://conda.anaconda.org/conda-forge/noarch/python-dateutil-2.8.2-pyhd8ed1ab_0.tar.bz2#dd999d1cc9f79e67dbb855c8924c7984
https://conda.anaconda.org/conda-forge/osx-64/pyyaml-6.0-py37h271585c_3.tar.bz2#68b7aaa62f2133a5eb16f408417cf415
https://conda.anaconda.org/conda-forge/osx-64/pyzmq-22.3.0-py37h8f778e5_1.tar.bz2#45b26434af9758b5c5df9cc974d9c25b
https://conda.anaconda.org/conda-forge/osx-64/setuptools-59.8.0-py37hf985489_0.tar.bz2#913beba86709488821743d712911ee2f
https://conda.anaconda.org/conda-forge/osx-64/sniffio-1.2.0-py37hf985489_2.tar.bz2#44bd440521770f1b52c4b66c320c3f1a
https://conda.anaconda.org/conda-forge/noarch/tomlkit-0.9.2-pyha770c72_0.tar.bz2#465606af3f79bb3d5b4654f4d02c7417
https://conda.anaconda.org/conda-forge/osx-64/tornado-6.1-py37h271585c_2.tar.bz2#911332a9a0c80d78b11cfedd5274f5d4
https://conda.anaconda.org/conda-forge/noarch/typing-extensions-4.1.1-hd8ed1ab_0.tar.bz2#9d1b5bbaa13bca480c80893a87a52c4f
https://conda.anaconda.org/conda-forge/osx-64/unicodedata2-14.0.0-py37h271585c_0.tar.bz2#476cd69dcafb32969552a8215f7c1e4e
https://conda.anaconda.org/conda-forge/osx-64/websockets-10.1-py37h271585c_0.tar.bz2#96be82bc804c5a51b3917285ee0d22ac
https://conda.anaconda.org/conda-forge/osx-64/wsproto-1.0.0-py37hf985489_2.tar.bz2#f40ebafa4e0679a3ca509ef6b8829a68
https://conda.anaconda.org/conda-forge/osx-64/anyio-3.5.0-py37hf985489_0.tar.bz2#86f805ed3281b27c4b28c690f9f2fca7
https://conda.anaconda.org/conda-forge/osx-64/argon2-cffi-bindings-21.2.0-py37h271585c_1.tar.bz2#cd6b1d6a0aae2569aa398c4f694cfe54
https://conda.anaconda.org/conda-forge/noarch/backports.functools_lru_cache-1.6.4-pyhd8ed1ab_0.tar.bz2#c5b3edc62d6309088f4970b3eaaa65a6
https://conda.anaconda.org/conda-forge/noarch/bleach-4.1.0-pyhd8ed1ab_0.tar.bz2#4a2104c7b22c222bd0fe03aaef12862c
https://conda.anaconda.org/conda-forge/osx-64/brotlipy-0.7.0-py37h271585c_1003.tar.bz2#5fbafd705627398bd425a414fa070cdd
https://conda.anaconda.org/conda-forge/osx-64/click-8.0.3-py37hf985489_1.tar.bz2#0ee466c4a8f35bf5644ce76838ec0e8f
https://conda.anaconda.org/conda-forge/osx-64/cryptography-36.0.1-py37h5e77fcc_0.tar.bz2#dcc529e9927202f5a4b53eaa98a1a2c6
https://conda.anaconda.org/conda-forge/noarch/dask-core-2022.2.0-pyhd8ed1ab_0.tar.bz2#d8410c1ab31b3f5196e0cff0125779c1
https://conda.anaconda.org/conda-forge/noarch/deprecation-2.1.0-pyh9f0ad1d_0.tar.bz2#7b6747d7cc2076341029cff659669e8b
https://conda.anaconda.org/conda-forge/osx-64/fonttools-4.29.1-py37h271585c_0.tar.bz2#5e4444c1b72e7fd1ef463536d1ac83ee
https://conda.anaconda.org/conda-forge/noarch/importlib_metadata-4.11.1-hd8ed1ab_0.tar.bz2#bed9598b42e27d4714c72bfdfb1205b8
https://conda.anaconda.org/conda-forge/noarch/jinja2-3.0.3-pyhd8ed1ab_0.tar.bz2#036d872c653780cb26e797e2e2f61b4c
https://conda.anaconda.org/conda-forge/noarch/jsonschema-4.4.0-pyhd8ed1ab_0.tar.bz2#17ec41acce882e5db4efdcc4c01ca7e0
https://conda.anaconda.org/conda-forge/noarch/jupyter_client-7.1.2-pyhd8ed1ab_0.tar.bz2#9a332b6f8f05629435ce59032df8cfa9
https://conda.anaconda.org/conda-forge/noarch/mdit-py-plugins-0.3.0-pyhd8ed1ab_0.tar.bz2#adf9129f76ca651869acf2219fac2050
https://conda.anaconda.org/conda-forge/osx-64/numpy-1.21.5-py37h3c8089f_0.tar.bz2#7edae7bd5f874398e47b2fe4b4346c5e
https://conda.anaconda.org/conda-forge/noarch/pip-22.0.3-pyhd8ed1ab_0.tar.bz2#45dedae69a0ea21cb8566d04b2ca5536
https://conda.anaconda.org/conda-forge/osx-64/pydantic-1.9.0-py37h271585c_0.tar.bz2#48f73937fd011bc2e9bab4bd1151cbc0
https://conda.anaconda.org/conda-forge/noarch/pygments-2.11.2-pyhd8ed1ab_0.tar.bz2#caef60540e2239e27bf62569a5015e3b
https://conda.anaconda.org/conda-forge/osx-64/python-chromedriver-binary-98.0.4758.80.0-py37hf985489_0.tar.bz2#c76177fadd6a978458261d5324773a9d
https://conda.anaconda.org/conda-forge/osx-64/terminado-0.13.1-py37hf985489_0.tar.bz2#b578b7f28a7608aae04063930b32b960
https://conda.anaconda.org/conda-forge/osx-64/trio-0.19.0-py37hf985489_1.tar.bz2#56596e22561e3d07c20da7a912b21906
https://conda.anaconda.org/conda-forge/noarch/argon2-cffi-21.3.0-pyhd8ed1ab_0.tar.bz2#a0b402db58f73aaab8ee0ca1025a362e
https://conda.anaconda.org/conda-forge/noarch/click-default-group-1.2.2-pyhd8ed1ab_1.tar.bz2#72a46ffc25701c173932fd55cf0965d3
https://conda.anaconda.org/conda-forge/osx-64/imagecodecs-2021.11.20-py37h04bde26_2.tar.bz2#14f355edf10a96d346a1860d082321e8
https://conda.anaconda.org/conda-forge/noarch/imageio-2.16.0-pyhcf75d05_0.tar.bz2#2f66b44c933bb86e90e1803716658f21
https://conda.anaconda.org/conda-forge/noarch/jupyter-packaging-0.11.1-pyhd8ed1ab_0.tar.bz2#26db422f83443689cba3af9ae43caf65
https://conda.anaconda.org/conda-forge/noarch/jupyterlab_pygments-0.1.2-pyh9f0ad1d_0.tar.bz2#2cbd910890bb328e8959246a1e16fac7
https://conda.anaconda.org/conda-forge/osx-64/matplotlib-base-3.5.1-py37h3147e9e_0.tar.bz2#8e6d7d535ba246d344155e491ae26e05
https://conda.anaconda.org/conda-forge/noarch/nbformat-5.1.3-pyhd8ed1ab_0.tar.bz2#bafa5df6d4f8db69a4d197b4657127e7
https://conda.anaconda.org/conda-forge/osx-64/pandas-1.3.5-py37h5b83a90_0.tar.bz2#f5b03c55f0d4bd06495b726ed574412c
https://conda.anaconda.org/conda-forge/osx-64/pluggy-1.0.0-py37hf985489_2.tar.bz2#9a5d0196fa10b6a4a8583d2f9a219716
https://conda.anaconda.org/conda-forge/noarch/pyopenssl-22.0.0-pyhd8ed1ab_0.tar.bz2#1d7e241dfaf5475e893d4b824bb71b44
https://conda.anaconda.org/conda-forge/osx-64/pywavelets-1.2.0-py37h032687b_1.tar.bz2#7915e5d03693be5558dc159fa13f7a6e
https://conda.anaconda.org/conda-forge/osx-64/scipy-1.7.3-py37h4e3cf02_0.tar.bz2#e0a33e15732767448c6ddf0458b09e3e
https://conda.anaconda.org/conda-forge/noarch/trio-websocket-0.9.2-pyhd8ed1ab_0.tar.bz2#7acf3fc982eef23b24aed10e80d5dc99
https://conda.anaconda.org/conda-forge/noarch/wcwidth-0.2.5-pyh9f0ad1d_2.tar.bz2#5266fcd697043c59621fda522b3d78ee
https://conda.anaconda.org/conda-forge/noarch/jupytext-1.13.7-pyhd0ecf6b_0.tar.bz2#6e8deee97d83b8f99d34be2db26ccc6e
https://conda.anaconda.org/conda-forge/noarch/nbclient-0.5.11-pyhd8ed1ab_0.tar.bz2#5f613d000dca7369b6309f0a3995f08b
https://conda.anaconda.org/conda-forge/noarch/networkx-2.6.3-pyhd8ed1ab_1.tar.bz2#4028eff5a1d3deed58c98774e7aa9891
https://conda.anaconda.org/conda-forge/noarch/prompt-toolkit-3.0.27-pyha770c72_0.tar.bz2#6c23d05d56ee3a82b57af972a8509888
https://conda.anaconda.org/conda-forge/osx-64/pytest-7.0.1-py37hf985489_0.tar.bz2#24e7630638f88ded5ccd9d6c97f28e16
https://conda.anaconda.org/conda-forge/noarch/tifffile-2022.2.9-pyhd8ed1ab_0.tar.bz2#619b7bd585e11ae063c72e2cf9880145
https://conda.anaconda.org/conda-forge/noarch/urllib3-1.26.8-pyhd8ed1ab_1.tar.bz2#53f1387c68c21cecb386e2cde51b3f7c
https://conda.anaconda.org/conda-forge/noarch/vega_datasets-0.9.0-pyhd3deb0d_0.tar.bz2#c754e69d9d5de4a69ff0972318349bd0
https://conda.anaconda.org/conda-forge/osx-64/ipython-7.31.1-py37hf985489_0.tar.bz2#f73365980dac45ff931bca578166646b
https://conda.anaconda.org/conda-forge/osx-64/nbconvert-6.4.2-py37hf985489_0.tar.bz2#8e7a498e213e6cbd9633ea5f2af4f610
https://conda.anaconda.org/conda-forge/noarch/pytest-cov-3.0.0-pyhd8ed1ab_0.tar.bz2#0f7cac11bb696b62d378bde725bfc3eb
https://conda.anaconda.org/conda-forge/noarch/requests-2.27.1-pyhd8ed1ab_0.tar.bz2#7c1c427246b057b8fa97200ecdb2ed62
https://conda.anaconda.org/conda-forge/osx-64/scikit-image-0.19.1-py37h5b83a90_0.tar.bz2#2ab80d0e3b9d8ef890bc0dabe935a3a8
https://conda.anaconda.org/conda-forge/noarch/selenium-4.1.0-pyhd8ed1ab_0.tar.bz2#54d6ec87313ba485cc787b81bf4142c0
https://conda.anaconda.org/conda-forge/noarch/ensureconda-1.4.1-pyhd8ed1ab_0.tar.bz2#52a7f7cc9076e2c8a25e15e19ad42821
https://conda.anaconda.org/conda-forge/osx-64/ipykernel-6.9.1-py37h4c52d7d_0.tar.bz2#e498d455eb3db8cd7f292b6bb86245af
https://conda.anaconda.org/conda-forge/noarch/jupyter_server-1.13.5-pyhd8ed1ab_1.tar.bz2#5cb81e12e94ad8d9b20fa40e8dd32711
https://conda.anaconda.org/conda-forge/noarch/conda-lock-0.13.2-pyhd8ed1ab_0.tar.bz2#4fa525b4257e4938eaeb2269fdf33d1f
https://conda.anaconda.org/conda-forge/noarch/jupyterlab_server-2.10.3-pyhd8ed1ab_0.tar.bz2#65d62a616bed5237b85b9e2a88378ec0
https://conda.anaconda.org/conda-forge/noarch/nbval-0.9.6-pyh9f0ad1d_0.tar.bz2#b627e05284e7affc46b6e4878aa1d96b
https://conda.anaconda.org/conda-forge/noarch/notebook-6.4.8-pyha770c72_0.tar.bz2#87d880386179ed952a9d656faf2ff860
https://conda.anaconda.org/conda-forge/noarch/voila-0.3.1-pyhd8ed1ab_0.tar.bz2#57d04a687ad1b72d30159a1b2bbf8f3e
https://conda.anaconda.org/conda-forge/noarch/nbclassic-0.3.5-pyhd8ed1ab_0.tar.bz2#e9e2281b7dc08d876fc789af0f571ade
https://conda.anaconda.org/conda-forge/noarch/jupyterlab-3.2.9-pyhd8ed1ab_0.tar.bz2#610d3fc318b6eb159483151070b301f4
