# Generated by conda-lock.
# platform: osx-64
# input_hash: 8e126c1438b5a75cc3d64034bc6fccf756b1cb8594b4ff9e112beaa2a2833e23
@EXPLICIT
https://conda.anaconda.org/conda-forge/osx-64/aws-c-common-0.6.2-h0d85af4_0.tar.bz2#0f72a3415c40ead80c978fec230f49ee
https://conda.anaconda.org/conda-forge/osx-64/bzip2-1.0.8-h0d85af4_4.tar.bz2#37edc4e6304ca87316e160f5ca0bd1b5
https://conda.anaconda.org/conda-forge/osx-64/c-ares-1.18.1-h0d85af4_0.tar.bz2#00b3e98a61e6430808fe7a2534681f28
https://conda.anaconda.org/conda-forge/osx-64/ca-certificates-2022.6.15-h033912b_0.tar.bz2#d16674f96e47de0d08af3fc97803134e
https://conda.anaconda.org/conda-forge/osx-64/giflib-5.2.1-hbcb3906_2.tar.bz2#be8f747c37e4d7e346c133e641966750
https://conda.anaconda.org/conda-forge/osx-64/jpeg-9e-hac89ed1_2.tar.bz2#60d90a3f5803660c5c2a2e9d883df0a6
https://conda.anaconda.org/conda-forge/osx-64/jxrlib-1.1-h35c211d_2.tar.bz2#1c2379fd9d5d4ecb151231f6282e699d
https://conda.anaconda.org/conda-forge/osx-64/libbrotlicommon-1.0.9-h5eb16cf_7.tar.bz2#898a296a93b36e42a065963bb4504f2b
https://conda.anaconda.org/conda-forge/osx-64/libcxx-14.0.6-hce7ea42_0.tar.bz2#ac504a8074ae8add8b837a93d7bc33ca
https://conda.anaconda.org/conda-forge/osx-64/libdeflate-1.10-h0d85af4_0.tar.bz2#98a4bf0073c56678453dd86845d3bcc9
https://conda.anaconda.org/conda-forge/osx-64/libev-4.33-haf1e3a3_1.tar.bz2#79dc2be110b2a3d1e97ec21f691c50ad
https://conda.anaconda.org/conda-forge/osx-64/libffi-3.4.2-h0d85af4_5.tar.bz2#ccb34fb14960ad8b125962d3d79b31a9
https://conda.anaconda.org/conda-forge/osx-64/libsodium-1.0.18-hbcb3906_1.tar.bz2#24632c09ed931af617fe6d5292919cab
https://conda.anaconda.org/conda-forge/osx-64/libutf8proc-2.7.0-h0d85af4_0.tar.bz2#d11cd97b8c35f9c803a1f45491d373a5
https://conda.anaconda.org/conda-forge/osx-64/libuv-1.44.2-hac89ed1_0.tar.bz2#958fa9add5701462a6c91e3774425ea1
https://conda.anaconda.org/conda-forge/osx-64/libwebp-base-1.2.3-hac89ed1_2.tar.bz2#61aed82bca4746f9d201712ca10a2c07
https://conda.anaconda.org/conda-forge/osx-64/libzlib-1.2.12-hfe4f2af_2.tar.bz2#1d676bbaa2599f22121dd5bbea455c2e
https://conda.anaconda.org/conda-forge/osx-64/llvm-openmp-14.0.4-ha654fa7_0.tar.bz2#5d5ab9ab83ce21422be84ecfd3142201
https://conda.anaconda.org/conda-forge/osx-64/ncurses-6.3-h96cf925_1.tar.bz2#76217ebfbb163ff2770a261f955a5861
https://conda.anaconda.org/conda-forge/osx-64/pandoc-2.18-h694c41f_0.tar.bz2#42f9f041e9d250ee3bc7332b8d28e0a2
https://conda.anaconda.org/conda-forge/osx-64/pthread-stubs-0.4-hc929b4f_1001.tar.bz2#addd19059de62181cd11ae8f4ef26084
https://conda.anaconda.org/conda-forge/osx-64/xorg-libxau-1.0.9-h35c211d_0.tar.bz2#c5049997b2e98edfbcdd294582f66281
https://conda.anaconda.org/conda-forge/osx-64/xorg-libxdmcp-1.1.3-h35c211d_0.tar.bz2#86ac76d6bf1cbb9621943eb3bd9ae36e
https://conda.anaconda.org/conda-forge/osx-64/xz-5.2.5-haf1e3a3_1.tar.bz2#41116deb499e9bc58048c297d6403ce6
https://conda.anaconda.org/conda-forge/osx-64/yaml-0.2.5-h0d85af4_2.tar.bz2#d7e08fcf8259d742156188e8762b4d20
https://conda.anaconda.org/conda-forge/osx-64/zlib-ng-2.0.6-hac89ed1_0.tar.bz2#6ca831c54a587fd3cac94af8b78bd201
https://conda.anaconda.org/conda-forge/osx-64/abseil-cpp-20211102.0-h96cf925_1.tar.bz2#e40ba79e9308d5295c91d2f0ac2f6c25
https://conda.anaconda.org/conda-forge/osx-64/aws-checksums-0.1.11-h0010a65_7.tar.bz2#c86bc781dc7b3ba4e6130ffb14da0d6b
https://conda.anaconda.org/conda-forge/osx-64/charls-2.3.4-he49afe7_0.tar.bz2#245b347ee9476f19b296b8dee1955a69
https://conda.anaconda.org/conda-forge/osx-64/gflags-2.2.2-hb1e8313_1004.tar.bz2#3f59cc77a929537e42120faf104e0d16
https://conda.anaconda.org/conda-forge/osx-64/icu-70.1-h96cf925_0.tar.bz2#376635049e9b9b0bb875efd39dcd7b3b
https://conda.anaconda.org/conda-forge/osx-64/lerc-3.0-he49afe7_0.tar.bz2#a1d21f85e4b0d5e27a88ecab5e3961da
https://conda.anaconda.org/conda-forge/osx-64/libaec-1.0.6-he49afe7_0.tar.bz2#0a49b696f11ed805ee4690479cc5e950
https://conda.anaconda.org/conda-forge/osx-64/libbrotlidec-1.0.9-h5eb16cf_7.tar.bz2#2f53da3dfe9d14ef4666ad2558df8615
https://conda.anaconda.org/conda-forge/osx-64/libbrotlienc-1.0.9-h5eb16cf_7.tar.bz2#16993c3cd38b5ad4980b0934ac308ef6
https://conda.anaconda.org/conda-forge/osx-64/libedit-3.1.20191231-h0678c8f_2.tar.bz2#6016a8a1d0e63cac3de2c352cd40208b
https://conda.anaconda.org/conda-forge/osx-64/libgfortran5-9.3.0-h6c81a4c_23.tar.bz2#a6956ceb628b14594613cefee5127a7a
https://conda.anaconda.org/conda-forge/osx-64/libxcb-1.13-h0d85af4_1004.tar.bz2#eb7860935e14aec936065cbc21a1a962
https://conda.anaconda.org/conda-forge/osx-64/libzopfli-1.0.3-h046ec9c_0.tar.bz2#55f3f5c9bccca18d33cb3a4bcfe002d7
https://conda.anaconda.org/conda-forge/osx-64/lz4-c-1.9.3-he49afe7_1.tar.bz2#05c08241b66631c00ca4f9e0b75320bc
https://conda.anaconda.org/conda-forge/osx-64/openssl-1.1.1q-hfe4f2af_0.tar.bz2#ce822517fb00e8bafea6fe77d07f20bd
https://conda.anaconda.org/conda-forge/osx-64/re2-2022.04.01-h96cf925_0.tar.bz2#65029ca8742d353a89f2380aec86c8e2
https://conda.anaconda.org/conda-forge/osx-64/readline-8.1.2-h3899abd_0.tar.bz2#89fa404901fa8fb7d4f4e07083b8d635
https://conda.anaconda.org/conda-forge/osx-64/snappy-1.1.9-h6e38e02_1.tar.bz2#ffa92d111ec90eec8ffc09220a9c5aba
https://conda.anaconda.org/conda-forge/osx-64/tk-8.6.12-h5dbffcc_0.tar.bz2#8e9480d9c47061db2ed1b4ecce519a7f
https://conda.anaconda.org/conda-forge/osx-64/zeromq-4.3.4-he49afe7_1.tar.bz2#1972d732b123ed04b60fd21e94f0b178
https://conda.anaconda.org/conda-forge/osx-64/zfp-0.5.5-h4a89273_8.tar.bz2#faa14d931b1e190945b8fdf18e0d0b97
https://conda.anaconda.org/conda-forge/osx-64/zlib-1.2.12-hfe4f2af_2.tar.bz2#fe7ebd3b35b8f26f6a7d0af481a21721
https://conda.anaconda.org/conda-forge/osx-64/aws-c-cal-0.5.11-hd2e2f4b_0.tar.bz2#09bd616bd04399d208dc06b909a5e1c0
https://conda.anaconda.org/conda-forge/osx-64/brotli-bin-1.0.9-h5eb16cf_7.tar.bz2#6ae0a8419a03d0d9675f319bef66d3aa
https://conda.anaconda.org/conda-forge/osx-64/glog-0.6.0-h8ac2a54_0.tar.bz2#69eb97ca709a136c53fdca1f2fd33ddf
https://conda.anaconda.org/conda-forge/osx-64/krb5-1.19.3-hb49756b_0.tar.bz2#e60363be26ab2a74326c06195d638447
https://conda.anaconda.org/conda-forge/osx-64/libevent-2.1.10-h815e4d9_4.tar.bz2#adc6c89498c5f6fe5ba874d8259e7eeb
https://conda.anaconda.org/conda-forge/osx-64/libgfortran-5.0.0-9_3_0_h6c81a4c_23.tar.bz2#60f48cef2d50674e0428c5579b6c3f66
https://conda.anaconda.org/conda-forge/osx-64/libnghttp2-1.47.0-h942079c_0.tar.bz2#86fc370e607a269b64ac6fa5d29e55e8
https://conda.anaconda.org/conda-forge/osx-64/libpng-1.6.37-h5a3d3bf_3.tar.bz2#bb43320880baa655d8837477fd18807b
https://conda.anaconda.org/conda-forge/osx-64/libprotobuf-3.20.1-h2292cb8_0.tar.bz2#271ea7275ec6b91180306dcc30cce6ae
https://conda.anaconda.org/conda-forge/osx-64/libssh2-1.10.0-h52ee1ee_2.tar.bz2#8c8f3804e8e252b47443cfe8e40eddf9
https://conda.anaconda.org/conda-forge/osx-64/nodejs-18.6.0-haa867d2_0.tar.bz2#629ea453b1d63cd7d6bdc4410ad89fbd
https://conda.anaconda.org/conda-forge/osx-64/sqlite-3.39.2-hd9f0692_0.tar.bz2#eea4504fd46050a22d482addde6ae7c7
https://conda.anaconda.org/conda-forge/osx-64/zstd-1.5.2-ha9df2e0_2.tar.bz2#6e5b0ab35f8e4c407c3d2f25b51bc274
https://conda.anaconda.org/conda-forge/osx-64/aws-c-io-0.10.5-h35aa462_0.tar.bz2#2647690fb7719e72da8a547c2c845708
https://conda.anaconda.org/conda-forge/osx-64/blosc-1.21.1-h97e831e_3.tar.bz2#c7bcd688fb5236757648a8b85b8fb7f0
https://conda.anaconda.org/conda-forge/osx-64/brotli-1.0.9-h5eb16cf_7.tar.bz2#d3320319f06d6adb52ed01e1839475a1
https://conda.anaconda.org/conda-forge/osx-64/c-blosc2-2.2.0-h2699725_0.tar.bz2#4d103978ac2d7923cbf040a673d02c8b
https://conda.anaconda.org/conda-forge/osx-64/freetype-2.10.4-h4cff582_1.tar.bz2#5a136a432c6062362cd7990c514bd8d6
https://conda.anaconda.org/conda-forge/osx-64/grpc-cpp-1.45.2-h9067f4e_3.tar.bz2#80a6fc95a163050206be367cd3505e25
https://conda.anaconda.org/conda-forge/osx-64/libcurl-7.83.1-h372c54d_0.tar.bz2#393526f4c307ded911957e3723e34bed
https://conda.anaconda.org/conda-forge/osx-64/libopenblas-0.3.20-openmp_hb3cd9ec_0.tar.bz2#d862e4a5c6e7bf0bc9d66a38f5c73142
https://conda.anaconda.org/conda-forge/osx-64/libthrift-0.16.0-h9702cd6_1.tar.bz2#d5b6e66507bfaa85e35624ca745776af
https://conda.anaconda.org/conda-forge/osx-64/libtiff-4.4.0-hfca7e8f_0.tar.bz2#7b6d99d80fa5cbd448d84cbafa026425
https://conda.anaconda.org/conda-forge/osx-64/orc-1.7.5-h4856350_0.tar.bz2#ad05141f778b1bc331b49ee6d6a62f72
https://conda.anaconda.org/conda-forge/osx-64/python-3.7.12-haf480d7_100_cpython.tar.bz2#058bace71590dc856684ac8d7e75fb07
https://conda.anaconda.org/conda-forge/osx-64/yarn-1.22.19-h694c41f_0.tar.bz2#9f64d37f3aff1bb032a3cd76ab6ed1aa
https://conda.anaconda.org/conda-forge/noarch/appdirs-1.4.4-pyh9f0ad1d_0.tar.bz2#5f095bc6454094e96f146491fd03633b
https://conda.anaconda.org/conda-forge/noarch/appnope-0.1.3-pyhd8ed1ab_0.tar.bz2#54ac328d703bff191256ffa1183126d1
https://conda.anaconda.org/conda-forge/noarch/async_generator-1.10-py_0.tar.bz2#d56c596e61b1c4952acf0a9920856c12
https://conda.anaconda.org/conda-forge/noarch/attrs-21.4.0-pyhd8ed1ab_0.tar.bz2#f70280205d7044c8b8358c8de3190e5d
https://conda.anaconda.org/conda-forge/osx-64/aws-c-event-stream-0.2.7-hb9330a7_13.tar.bz2#d7319f5973bc93e63eb1b32dbb4d03b8
https://conda.anaconda.org/conda-forge/noarch/backcall-0.2.0-pyh9f0ad1d_0.tar.bz2#6006a6d08a3fa99268a2681c7fb55213
https://conda.anaconda.org/conda-forge/noarch/backports-1.0-py_2.tar.bz2#0da16b293affa6ac31812376f8eb79dd
https://conda.anaconda.org/conda-forge/osx-64/brunsli-0.1-h046ec9c_0.tar.bz2#28d47920c95b85499c9a61994cc49b87
https://conda.anaconda.org/conda-forge/noarch/cachy-0.2.0-py_0.tar.bz2#401d86a078a5ff29c2892599dc45bbf9
https://conda.anaconda.org/conda-forge/osx-64/cfitsio-4.0.0-hb20e66c_0.tar.bz2#c4a6bba037bbb254a214282a528147fe
https://conda.anaconda.org/conda-forge/noarch/charset-normalizer-2.1.0-pyhd8ed1ab_0.tar.bz2#abc0453b6e7bfbb87d275d58e333fc98
https://conda.anaconda.org/conda-forge/noarch/cloudpickle-2.1.0-pyhd8ed1ab_0.tar.bz2#f7551a8a008dfad2b7ac9662dd124614
https://conda.anaconda.org/conda-forge/noarch/cycler-0.11.0-pyhd8ed1ab_0.tar.bz2#a50559fad0affdbb33729a68669ca1cb
https://conda.anaconda.org/conda-forge/noarch/dataclasses-0.8-pyhc8e2a94_3.tar.bz2#a362b2124b06aad102e2ee4581acee7d
https://conda.anaconda.org/conda-forge/noarch/decorator-5.1.1-pyhd8ed1ab_0.tar.bz2#43afe5ab04e35e17ba28649471dd7364
https://conda.anaconda.org/conda-forge/noarch/defusedxml-0.7.1-pyhd8ed1ab_0.tar.bz2#961b3a227b437d82ad7054484cfa71b2
https://conda.anaconda.org/conda-forge/noarch/entrypoints-0.4-pyhd8ed1ab_0.tar.bz2#3cf04868fee0a029769bd41f4b2fbf2d
https://conda.anaconda.org/conda-forge/noarch/filelock-3.7.1-pyhd8ed1ab_0.tar.bz2#7556872687250e0ea038eb503da3c44b
https://conda.anaconda.org/conda-forge/noarch/flaky-3.7.0-pyh9f0ad1d_0.tar.bz2#d20be9ed08052d16593c88d51b774a82
https://conda.anaconda.org/conda-forge/noarch/flit-core-3.7.1-pyhd8ed1ab_0.tar.bz2#f93822cba5c20161560661988a88f2c0
https://conda.anaconda.org/conda-forge/noarch/fsspec-2022.5.0-pyhd8ed1ab_0.tar.bz2#db4ffc615663c66a9cc0869ce4d1092b
https://conda.anaconda.org/conda-forge/noarch/idna-3.3-pyhd8ed1ab_0.tar.bz2#40b50b8b030f5f2f22085c062ed013dd
https://conda.anaconda.org/conda-forge/noarch/iniconfig-1.1.1-pyh9f0ad1d_0.tar.bz2#39161f81cc5e5ca45b8226fbb06c6905
https://conda.anaconda.org/conda-forge/noarch/ipython_genutils-0.2.0-py_1.tar.bz2#5071c982548b3a20caf70462f04f5287
https://conda.anaconda.org/conda-forge/noarch/json5-0.9.5-pyh9f0ad1d_0.tar.bz2#10759827a94e6b14996e81fb002c0bda
https://conda.anaconda.org/conda-forge/osx-64/lcms2-2.12-h577c468_0.tar.bz2#abce77b852b73670e85e104746b0ea1b
https://conda.anaconda.org/conda-forge/osx-64/libblas-3.9.0-15_osx64_openblas.tar.bz2#48c26d27a96c71cfae2621311aa06215
https://conda.anaconda.org/conda-forge/osx-64/libwebp-1.2.3-hf64df63_1.tar.bz2#6709a2e06240f9112b7185cc2c1dfa7e
https://conda.anaconda.org/conda-forge/noarch/locket-1.0.0-pyhd8ed1ab_0.tar.bz2#91e27ef3d05cc772ce627e51cff111c4
https://conda.anaconda.org/conda-forge/noarch/lockfile-0.12.2-py_1.tar.bz2#c104d98e09c47519950cffb8dd5b4f10
https://conda.anaconda.org/conda-forge/noarch/mdurl-0.1.0-pyhd8ed1ab_0.tar.bz2#f8dab71fdc13b1bf29a01248b156d268
https://conda.anaconda.org/conda-forge/noarch/munkres-1.1.4-pyh9f0ad1d_0.tar.bz2#2ba8498c1018c1e9c61eb99b973dfe19
https://conda.anaconda.org/conda-forge/noarch/nest-asyncio-1.5.5-pyhd8ed1ab_0.tar.bz2#dc36c992aec485c0efff619ed2e63957
https://conda.anaconda.org/conda-forge/osx-64/openjpeg-2.4.0-h6e7aa92_1.tar.bz2#c8cbb6d99f6467246ac26a139256e50f
https://conda.anaconda.org/conda-forge/noarch/pandocfilters-1.5.0-pyhd8ed1ab_0.tar.bz2#457c2c8c08e54905d6954e79cb5b5db9
https://conda.anaconda.org/conda-forge/noarch/parso-0.8.3-pyhd8ed1ab_0.tar.bz2#17a565a0c3899244e938cdf417e7b094
https://conda.anaconda.org/conda-forge/noarch/pastel-0.1.0-py_1.tar.bz2#f949ea51c64715eef772ab9c2d4192aa
https://conda.anaconda.org/conda-forge/noarch/pathspec-0.9.0-pyhd8ed1ab_0.tar.bz2#f93dc0ccbc0a8472624165f6e256c7d1
https://conda.anaconda.org/conda-forge/noarch/pickleshare-0.7.5-py_1003.tar.bz2#415f0ebb6198cc2801c73438a9fb5761
https://conda.anaconda.org/conda-forge/noarch/pkginfo-1.8.3-pyhd8ed1ab_0.tar.bz2#0f2d0da112ff6fd76cc3ce038d72d2c9
https://conda.anaconda.org/conda-forge/noarch/platformdirs-2.5.2-pyhd8ed1ab_1.tar.bz2#2fb3f88922e7aec26ba652fcdfe13950
https://conda.anaconda.org/conda-forge/noarch/prometheus_client-0.14.1-pyhd8ed1ab_0.tar.bz2#b7fa7d86530b8de805268e48988eb483
https://conda.anaconda.org/conda-forge/noarch/ptyprocess-0.7.0-pyhd3deb0d_0.tar.bz2#359eeb6536da0e687af562ed265ec263
https://conda.anaconda.org/conda-forge/noarch/py-1.11.0-pyh6c4a22f_0.tar.bz2#b4613d7e7a493916d867842a6a148054
https://conda.anaconda.org/conda-forge/noarch/pycparser-2.21-pyhd8ed1ab_0.tar.bz2#076becd9e05608f8dc72757d5f3a91ff
https://conda.anaconda.org/conda-forge/noarch/pylev-1.4.0-pyhd8ed1ab_0.tar.bz2#edf8651c4379d9d1495ad6229622d150
https://conda.anaconda.org/conda-forge/noarch/pyparsing-2.4.7-pyhd8ed1ab_1.tar.bz2#49cdb8bb03aab9dd1e9e1b30ee2e970c
https://conda.anaconda.org/conda-forge/noarch/python-fastjsonschema-2.16.1-pyhd8ed1ab_0.tar.bz2#66c2cdd40938dceeef4b02ba5d8b2692
https://conda.anaconda.org/conda-forge/osx-64/python_abi-3.7-2_cp37m.tar.bz2#4b564389f52917cfe8fbc537284d42e6
https://conda.anaconda.org/conda-forge/noarch/pytz-2022.1-pyhd8ed1ab_0.tar.bz2#b87d66d6d3991d988fb31510c95a9267
https://conda.anaconda.org/conda-forge/noarch/send2trash-1.8.0-pyhd8ed1ab_0.tar.bz2#edab14119efe85c3bf131ad747e9005c
https://conda.anaconda.org/conda-forge/noarch/shellingham-1.4.0-pyh44b312d_0.tar.bz2#437655338696f9d0dfdb0a024e66b255
https://conda.anaconda.org/conda-forge/noarch/six-1.16.0-pyh6c4a22f_0.tar.bz2#e5f25f8dbc060e9a8d912e432202afc2
https://conda.anaconda.org/conda-forge/noarch/sortedcontainers-2.4.0-pyhd8ed1ab_0.tar.bz2#6d6552722448103793743dabfbda532d
https://conda.anaconda.org/conda-forge/noarch/soupsieve-2.3.2.post1-pyhd8ed1ab_0.tar.bz2#146f4541d643d48fc8a75cacf69f03ae
https://conda.anaconda.org/conda-forge/noarch/tenacity-8.0.1-pyhd8ed1ab_0.tar.bz2#8b29b2c12cb21dbd057755e5fd22d005
https://conda.anaconda.org/conda-forge/noarch/toml-0.10.2-pyhd8ed1ab_0.tar.bz2#f832c45a477c78bebd107098db465095
https://conda.anaconda.org/conda-forge/noarch/tomli-2.0.1-pyhd8ed1ab_0.tar.bz2#5844808ffab9ebdb694585b50ba02a96
https://conda.anaconda.org/conda-forge/noarch/toolz-0.12.0-pyhd8ed1ab_0.tar.bz2#92facfec94bc02d6ccf42e7173831a36
https://conda.anaconda.org/conda-forge/noarch/traitlets-5.3.0-pyhd8ed1ab_0.tar.bz2#037ae660916683034146db3ec98f099a
https://conda.anaconda.org/conda-forge/noarch/typing_extensions-4.3.0-pyha770c72_0.tar.bz2#a9d85960bc62d53cc4ea0d1d27f73c98
https://conda.anaconda.org/conda-forge/noarch/webencodings-0.5.1-py_1.tar.bz2#3563be4c5611a44210d9ba0c16113136
https://conda.anaconda.org/conda-forge/noarch/websocket-client-1.3.3-pyhd8ed1ab_0.tar.bz2#1aebd3cc43ffb4bb09646f60e03c50cd
https://conda.anaconda.org/conda-forge/noarch/wheel-0.37.1-pyhd8ed1ab_0.tar.bz2#1ca02aaf78d9c70d9a81a3bed5752022
https://conda.anaconda.org/conda-forge/noarch/zipp-3.8.0-pyhd8ed1ab_0.tar.bz2#050b94cf4a8c760656e51d2d44e4632c
https://conda.anaconda.org/conda-forge/osx-64/aws-sdk-cpp-1.8.186-h766a74d_3.tar.bz2#0dc120b4121d7aafc66a7ddcdd23bfd9
https://conda.anaconda.org/conda-forge/noarch/babel-2.10.3-pyhd8ed1ab_0.tar.bz2#72f1c6d03109d7a70087bc1d029a8eda
https://conda.anaconda.org/conda-forge/noarch/beautifulsoup4-4.11.1-pyha770c72_0.tar.bz2#eeec8814bd97b2681f708bb127478d7d
https://conda.anaconda.org/conda-forge/osx-64/certifi-2022.6.15-py37hf985489_0.tar.bz2#ca2f92912fc284081ba35072ff87902e
https://conda.anaconda.org/conda-forge/osx-64/cffi-1.15.1-py37haabf53d_0.tar.bz2#bf9bc718f8174ce2582fbfb53f8a34cd
https://conda.anaconda.org/conda-forge/noarch/cleo-0.6.8-py_0.tar.bz2#557cf72246c25bde233d8c686b243589
https://conda.anaconda.org/conda-forge/osx-64/coverage-6.4.2-py37h994c40b_0.tar.bz2#a6821a20d78083c66bfce2b1143ced67
https://conda.anaconda.org/conda-forge/osx-64/cytoolz-0.12.0-py37h994c40b_0.tar.bz2#b582336ca0f5a51ff82216c5eb541d2f
https://conda.anaconda.org/conda-forge/osx-64/debugpy-1.6.0-py37h0582d14_0.tar.bz2#9be11a879a9327aba3889d681f983b03
https://conda.anaconda.org/conda-forge/noarch/h11-0.13.0-pyhd8ed1ab_1.tar.bz2#e7cf19f1afe6b3a6a4a9fa383080ebd1
https://conda.anaconda.org/conda-forge/noarch/html5lib-1.1-pyh9f0ad1d_0.tar.bz2#b2355343d6315c892543200231d7154a
https://conda.anaconda.org/conda-forge/osx-64/importlib-metadata-4.11.4-py37hf985489_0.tar.bz2#5433686b318d1725f4783d0c08523566
https://conda.anaconda.org/conda-forge/osx-64/jedi-0.18.1-py37hf985489_1.tar.bz2#a18f33a021ab0ebcdaf0aae655b1f03d
https://conda.anaconda.org/conda-forge/osx-64/jupyter_core-4.11.1-py37hf985489_0.tar.bz2#e7375a1711e9515060c9ec17f03e3cbf
https://conda.anaconda.org/conda-forge/osx-64/libcblas-3.9.0-15_osx64_openblas.tar.bz2#2d26f8ba1e89bcc2704ac7a38d4cc74c
https://conda.anaconda.org/conda-forge/osx-64/liblapack-3.9.0-15_osx64_openblas.tar.bz2#8679c41f1fcb5b54aaecce18ec3e1875
https://conda.anaconda.org/conda-forge/noarch/markdown-it-py-2.1.0-pyhd8ed1ab_0.tar.bz2#d821ebc1ebe21d4cac2555278c2cd970
https://conda.anaconda.org/conda-forge/osx-64/markupsafe-2.1.1-py37h69ee0a8_1.tar.bz2#fb1add67c68e4cc5110aad36fcd14179
https://conda.anaconda.org/conda-forge/noarch/matplotlib-inline-0.1.3-pyhd8ed1ab_0.tar.bz2#be3bfd435802d2c768c6b2439f325f3d
https://conda.anaconda.org/conda-forge/osx-64/maturin-0.13.0-py37h8cb36c8_0.tar.bz2#8c848368aa8d554b55a28fd4103cb6d8
https://conda.anaconda.org/conda-forge/osx-64/mistune-0.8.4-py37h271585c_1005.tar.bz2#3ecf9db811807601bd9cd32ac109f363
https://conda.anaconda.org/conda-forge/osx-64/msgpack-python-1.0.4-py37h229a17a_0.tar.bz2#55193f0d7a4199ac25a50be0b98caa8d
https://conda.anaconda.org/conda-forge/osx-64/mypy_extensions-0.4.3-py37hf985489_5.tar.bz2#80b8a92e44bf314fe5b92fbe0b3186c2
https://conda.anaconda.org/conda-forge/noarch/outcome-1.2.0-pyhd8ed1ab_0.tar.bz2#3dbb9ece72652131f12d66e889da7c0a
https://conda.anaconda.org/conda-forge/noarch/packaging-21.3-pyhd8ed1ab_0.tar.bz2#71f1ab2de48613876becddd496371c85
https://conda.anaconda.org/conda-forge/noarch/partd-1.2.0-pyhd8ed1ab_0.tar.bz2#0c32f563d7f22e3a34c95cad8cc95651
https://conda.anaconda.org/conda-forge/noarch/pexpect-4.8.0-pyh9f0ad1d_2.tar.bz2#5909e7b978141dd80d28dbf9de627827
https://conda.anaconda.org/conda-forge/osx-64/pillow-9.2.0-py37h1eb1bbc_0.tar.bz2#a3173bdcbe36a8ca1d2b9e90e9caf093
https://conda.anaconda.org/conda-forge/osx-64/psutil-5.9.1-py37h994c40b_0.tar.bz2#fe9d36baf9594e4307927e3fa40eed7f
https://conda.anaconda.org/conda-forge/osx-64/pyrsistent-0.14.11-py37hf967b71_2.tar.bz2#e734dc5e9029ab9f32cf6581b268cac8
https://conda.anaconda.org/conda-forge/osx-64/pysocks-1.7.1-py37hf985489_5.tar.bz2#e3a96bc60c8dd67efa0b18f81db028b8
https://conda.anaconda.org/conda-forge/noarch/python-dateutil-2.8.2-pyhd8ed1ab_0.tar.bz2#dd999d1cc9f79e67dbb855c8924c7984
https://conda.anaconda.org/conda-forge/osx-64/pyyaml-6.0-py37h69ee0a8_4.tar.bz2#c22ba296e13338f77db4bdb683ddc010
https://conda.anaconda.org/conda-forge/osx-64/pyzmq-23.2.0-py37h573e605_0.tar.bz2#bfa35ba36d71ba8f2c61dbede35bcd39
https://conda.anaconda.org/conda-forge/osx-64/ruamel.yaml.clib-0.2.6-py37h69ee0a8_1.tar.bz2#a0f8829bd9fe9e6a41206e35422d168e
https://conda.anaconda.org/conda-forge/osx-64/setuptools-59.8.0-py37hf985489_1.tar.bz2#f805359f82917bc580a375583e367bb1
https://conda.anaconda.org/conda-forge/osx-64/sniffio-1.2.0-py37hf985489_3.tar.bz2#0da2f9505ed74f852562bfe8c43ab3df
https://conda.anaconda.org/conda-forge/noarch/tinycss2-1.1.1-pyhd8ed1ab_0.tar.bz2#5d280406501e79dc7aa9c9ac31d25a80
https://conda.anaconda.org/conda-forge/osx-64/tomlkit-0.5.11-py37hc8dfbb8_1.tar.bz2#fa80d337c26a51a85fb6a1555f6f0831
https://conda.anaconda.org/conda-forge/osx-64/tornado-6.2-py37h994c40b_0.tar.bz2#c3332b56d4d2fdb61c6b1319fce87dcc
https://conda.anaconda.org/conda-forge/osx-64/typed-ast-1.5.4-py37h994c40b_0.tar.bz2#c79fcf509142a82adcbaff8b93c063fd
https://conda.anaconda.org/conda-forge/noarch/typing-extensions-4.3.0-hd8ed1ab_0.tar.bz2#f3e98e944832fb271a0dbda7b7771dc6
https://conda.anaconda.org/conda-forge/osx-64/unicodedata2-14.0.0-py37h69ee0a8_1.tar.bz2#6fa8991e99659fe1705bcdcf98b4837d
https://conda.anaconda.org/conda-forge/osx-64/websockets-10.3-py37h69ee0a8_0.tar.bz2#178e6568af1677bf141f57558355174e
https://conda.anaconda.org/conda-forge/osx-64/anyio-3.6.1-py37hf985489_0.tar.bz2#45e9aba3881abd42e13075a5ec2e00b4
https://conda.anaconda.org/conda-forge/osx-64/argon2-cffi-bindings-21.2.0-py37h69ee0a8_2.tar.bz2#65602fa3448b5367f670e7116436ffb9
https://conda.anaconda.org/conda-forge/noarch/backports.functools_lru_cache-1.6.4-pyhd8ed1ab_0.tar.bz2#c5b3edc62d6309088f4970b3eaaa65a6
https://conda.anaconda.org/conda-forge/noarch/bleach-5.0.1-pyhd8ed1ab_0.tar.bz2#1f5151d37e4a2b1137f81c89a3a769f2
https://conda.anaconda.org/conda-forge/osx-64/brotlipy-0.7.0-py37h69ee0a8_1004.tar.bz2#8f0fe81467d02d5546f91c57cda21169
https://conda.anaconda.org/conda-forge/osx-64/click-8.1.3-py37hf985489_0.tar.bz2#3cd2e0188642cfd5a1503ea02c5a1b66
https://conda.anaconda.org/conda-forge/osx-64/cryptography-37.0.4-py37h0169fcd_0.tar.bz2#b2b3875836beb3167b6ab8ba5ff4b36a
https://conda.anaconda.org/conda-forge/noarch/dask-core-2022.2.0-pyhd8ed1ab_0.tar.bz2#d8410c1ab31b3f5196e0cff0125779c1
https://conda.anaconda.org/conda-forge/noarch/deprecation-2.1.0-pyh9f0ad1d_0.tar.bz2#7b6747d7cc2076341029cff659669e8b
https://conda.anaconda.org/conda-forge/osx-64/fonttools-4.34.4-py37h994c40b_0.tar.bz2#fc0b3baa26ae749b6a43dd5be4c9c5ee
https://conda.anaconda.org/conda-forge/noarch/importlib_metadata-4.11.4-hd8ed1ab_0.tar.bz2#9a1925fdb91c81437b8012e48ede6851
https://conda.anaconda.org/conda-forge/noarch/jinja2-3.1.2-pyhd8ed1ab_1.tar.bz2#c8490ed5c70966d232fdd389d0dbed37
https://conda.anaconda.org/conda-forge/noarch/jsonschema-3.2.0-pyhd8ed1ab_3.tar.bz2#66125e28711d8ffc04a207a2b170316d
https://conda.anaconda.org/conda-forge/noarch/jupyter_client-7.3.4-pyhd8ed1ab_0.tar.bz2#dad80938cdccc5c274e954dda56b6eb5
https://conda.anaconda.org/conda-forge/osx-64/kiwisolver-1.4.4-py37h229a17a_0.tar.bz2#542ec4f3e23b103f9fcafb9ab26e859c
https://conda.anaconda.org/conda-forge/noarch/mdit-py-plugins-0.3.0-pyhd8ed1ab_0.tar.bz2#adf9129f76ca651869acf2219fac2050
https://conda.anaconda.org/conda-forge/osx-64/numpy-1.21.6-py37h345d48f_0.tar.bz2#2aaa4d38d44a9a69f64bf757a5531165
https://conda.anaconda.org/conda-forge/noarch/pip-22.2-pyhd8ed1ab_0.tar.bz2#2e92a2c7eb81581410550bec3f28560d
https://conda.anaconda.org/conda-forge/osx-64/pydantic-1.9.1-py37h994c40b_0.tar.bz2#a478232e3a35e002f923e013e0a473e2
https://conda.anaconda.org/conda-forge/noarch/pygments-2.12.0-pyhd8ed1ab_0.tar.bz2#cb27e2ded147e5bcc7eafc1c6d343cb3
https://conda.anaconda.org/conda-forge/osx-64/python-chromedriver-binary-103.0.5060.53.0-py37hf985489_0.tar.bz2#3eb20ac48fa601d243f7644b5c5bb60d
https://conda.anaconda.org/conda-forge/osx-64/ruamel.yaml-0.17.21-py37h69ee0a8_1.tar.bz2#e2111f122be12b284654a239ef3f8ff4
https://conda.anaconda.org/conda-forge/osx-64/terminado-0.15.0-py37hf985489_0.tar.bz2#0c7030b0cb573aa25f477163a18fa3f1
https://conda.anaconda.org/conda-forge/osx-64/trio-0.21.0-py37hf985489_0.tar.bz2#5c48a7515890f04d45a83015096f5200
https://conda.anaconda.org/conda-forge/osx-64/wsproto-1.1.0-py37hf985489_1.tar.bz2#50ccb713f262df8385f9060a2b1bc71c
https://conda.anaconda.org/conda-forge/noarch/argon2-cffi-21.3.0-pyhd8ed1ab_0.tar.bz2#a0b402db58f73aaab8ee0ca1025a362e
https://conda.anaconda.org/conda-forge/osx-64/arrow-cpp-5.0.0-py37h9576b21_35_cpu.tar.bz2#0465b3b0682518488d858294231bd491
https://conda.anaconda.org/conda-forge/noarch/black-22.6.0-pyhd8ed1ab_0.tar.bz2#f8fb78b07826bbf84deda3cf128cfbe2
https://conda.anaconda.org/conda-forge/noarch/click-default-group-1.2.2-pyhd8ed1ab_1.tar.bz2#72a46ffc25701c173932fd55cf0965d3
https://conda.anaconda.org/conda-forge/osx-64/imagecodecs-2021.11.20-py37h04bde26_2.tar.bz2#14f355edf10a96d346a1860d082321e8
https://conda.anaconda.org/conda-forge/noarch/imageio-2.19.3-pyhcf75d05_0.tar.bz2#9a5e536d761271c400310ec5dff8c5e1
https://conda.anaconda.org/conda-forge/noarch/jupyter-packaging-0.12.2-pyha770c72_1.tar.bz2#9466b71be8f5ef7adad2b4fe7a996821
https://conda.anaconda.org/conda-forge/noarch/jupyterlab_pygments-0.2.2-pyhd8ed1ab_0.tar.bz2#243f63592c8e449f40cd42eb5cf32f40
https://conda.anaconda.org/conda-forge/osx-64/matplotlib-base-3.5.2-py37h80cb303_0.tar.bz2#3fe9a481ca89d91e1a61ba5fbcc7f79e
https://conda.anaconda.org/conda-forge/noarch/nbformat-5.4.0-pyhd8ed1ab_0.tar.bz2#770f6659243e2c79a0b8488b0e463bd1
https://conda.anaconda.org/conda-forge/osx-64/pandas-1.3.5-py37h5b83a90_0.tar.bz2#f5b03c55f0d4bd06495b726ed574412c
https://conda.anaconda.org/conda-forge/osx-64/pluggy-1.0.0-py37hf985489_3.tar.bz2#c01a618055fe641f37b92e55b9104674
https://conda.anaconda.org/conda-forge/noarch/pyopenssl-22.0.0-pyhd8ed1ab_0.tar.bz2#1d7e241dfaf5475e893d4b824bb71b44
https://conda.anaconda.org/conda-forge/osx-64/pywavelets-1.3.0-py37h49e79e5_1.tar.bz2#93406695eb2e83d571f36072d1617e31
https://conda.anaconda.org/conda-forge/osx-64/scipy-1.7.3-py37h4e3cf02_0.tar.bz2#e0a33e15732767448c6ddf0458b09e3e
https://conda.anaconda.org/conda-forge/noarch/trio-websocket-0.9.2-pyhd8ed1ab_0.tar.bz2#7acf3fc982eef23b24aed10e80d5dc99
https://conda.anaconda.org/conda-forge/noarch/wcwidth-0.2.5-pyh9f0ad1d_2.tar.bz2#5266fcd697043c59621fda522b3d78ee
https://conda.anaconda.org/conda-forge/noarch/jupytext-1.14.0-pyheef035f_0.tar.bz2#6fcda408483be6e70cb2eccc1c59a5a0
https://conda.anaconda.org/conda-forge/noarch/nbclient-0.5.13-pyhd8ed1ab_0.tar.bz2#3edde88a191701cf052216c4ba353a83
https://conda.anaconda.org/conda-forge/noarch/networkx-2.6.3-pyhd8ed1ab_1.tar.bz2#4028eff5a1d3deed58c98774e7aa9891
https://conda.anaconda.org/conda-forge/noarch/parquet-cpp-1.5.1-2.tar.bz2#79a5f78c42817594ae016a7896521a97
https://conda.anaconda.org/conda-forge/noarch/prompt-toolkit-3.0.30-pyha770c72_0.tar.bz2#f5f08dc71d7e24572b131d5fb0ad1ebc
https://conda.anaconda.org/conda-forge/osx-64/pytest-7.1.2-py37hf985489_0.tar.bz2#7cbee67d027ce7b689785478f985e762
https://conda.anaconda.org/conda-forge/noarch/tifffile-2021.11.2-pyhd8ed1ab_0.tar.bz2#b07562132d44945a4ae301f75cf731b1
https://conda.anaconda.org/conda-forge/noarch/urllib3-1.26.10-pyhd8ed1ab_0.tar.bz2#14f22c5b9cfd0d93c2806faaa3fe6dec
https://conda.anaconda.org/conda-forge/noarch/vega_datasets-0.9.0-pyhd3deb0d_0.tar.bz2#c754e69d9d5de4a69ff0972318349bd0
https://conda.anaconda.org/conda-forge/osx-64/ipython-7.33.0-py37hf985489_0.tar.bz2#5290a8018447303c34674bfa57696559
https://conda.anaconda.org/conda-forge/noarch/nbconvert-core-6.5.0-pyhd8ed1ab_0.tar.bz2#42f74c4b38a099025167e76a7437edf1
https://conda.anaconda.org/conda-forge/osx-64/pyarrow-5.0.0-py37h4417de1_35_cpu.tar.bz2#b800d4667e768605ef9c2fcbd3b5ca47
https://conda.anaconda.org/conda-forge/noarch/pytest-cov-3.0.0-pyhd8ed1ab_0.tar.bz2#0f7cac11bb696b62d378bde725bfc3eb
https://conda.anaconda.org/conda-forge/noarch/requests-2.28.1-pyhd8ed1ab_0.tar.bz2#70d6e72856de9551f83ae0f2de689a7a
https://conda.anaconda.org/conda-forge/osx-64/scikit-image-0.19.3-py37h233bc55_0.tar.bz2#731faeb5362fcfbcfebe1708eeceb791
https://conda.anaconda.org/conda-forge/noarch/selenium-4.3.0-pyhd8ed1ab_0.tar.bz2#026ecaf90dbb1b97ab41146c34feda64
https://conda.anaconda.org/conda-forge/noarch/cachecontrol-0.12.11-pyhd8ed1ab_0.tar.bz2#6eefee9888f33f150b5d44d616b1a613
https://conda.anaconda.org/conda-forge/noarch/ensureconda-1.4.3-pyhd8ed1ab_0.tar.bz2#c99ae3abf501990769047b4b40a98f17
https://conda.anaconda.org/conda-forge/noarch/ipykernel-6.15.1-pyh736e0ef_0.tar.bz2#29c070b0a293eddddfa365cc634482dc
https://conda.anaconda.org/conda-forge/noarch/jupyter_server-1.18.1-pyhd8ed1ab_0.tar.bz2#dd072d58a701b6bab0e5b113bd6ec607
https://conda.anaconda.org/conda-forge/noarch/nbconvert-pandoc-6.5.0-pyhd8ed1ab_0.tar.bz2#d7421adfc67100021d87032447066129
https://conda.anaconda.org/conda-forge/noarch/requests-toolbelt-0.8.0-py_1.tar.bz2#c70dd09a65ce4059af991c2a88f947d1
https://conda.anaconda.org/conda-forge/noarch/jupyterlab_server-2.15.0-pyhd8ed1ab_0.tar.bz2#06e6fedd368014dde90de837dada0603
https://conda.anaconda.org/conda-forge/noarch/nbconvert-6.5.0-pyhd8ed1ab_0.tar.bz2#156c180588e38b9f41758058824ec50f
https://conda.anaconda.org/conda-forge/noarch/nbval-0.9.6-pyh9f0ad1d_0.tar.bz2#b627e05284e7affc46b6e4878aa1d96b
https://conda.anaconda.org/conda-forge/noarch/notebook-shim-0.1.0-pyhd8ed1ab_0.tar.bz2#3a8e2c7dcc674f2cb0784f1faba57055
https://conda.anaconda.org/conda-forge/osx-64/poetry-0.12.17-py37_1.tar.bz2#da9ff3522938dc64738580d758208e2e
https://conda.anaconda.org/conda-forge/noarch/conda-lock-1.1.1-pyhd8ed1ab_0.tar.bz2#2d1c6d733a45b168eef7acc6212109ed
https://conda.anaconda.org/conda-forge/noarch/nbclassic-0.4.3-pyhd8ed1ab_0.tar.bz2#492bb9160d01bbbfcc99d5ff6b401d4e
https://conda.anaconda.org/conda-forge/noarch/notebook-6.4.12-pyha770c72_0.tar.bz2#77fc67c5bbea44fd41e8bbe2ac82d1ad
https://conda.anaconda.org/conda-forge/noarch/voila-0.3.6-pyhd8ed1ab_0.tar.bz2#01376cb6475bc93a055bf4fb28552581
https://conda.anaconda.org/conda-forge/noarch/jupyterlab-3.4.4-pyhd8ed1ab_0.tar.bz2#19e2d4fbfcbdb0539684653121d99113
