# Generated by conda-lock.
# platform: linux-64
# input_hash: c5353a31f6055cac4bc0c0a4392fdcde905fd4e16498a0d45d389638e985f06d
@EXPLICIT
https://conda.anaconda.org/conda-forge/linux-64/_libgcc_mutex-0.1-conda_forge.tar.bz2#d7c89558ba9fa0495403155b64376d81
https://conda.anaconda.org/conda-forge/linux-64/ca-certificates-2021.10.8-ha878542_0.tar.bz2#575611b8a84f45960e87722eeb51fa26
https://conda.anaconda.org/conda-forge/linux-64/ld_impl_linux-64-2.36.1-hea4e1c9_2.tar.bz2#bd4f2e711b39af170e7ff15163fe87ee
https://conda.anaconda.org/conda-forge/linux-64/libgfortran5-11.2.0-h5c6108e_12.tar.bz2#f547bf125ab234cec9c89491b262fc2f
https://conda.anaconda.org/conda-forge/linux-64/libstdcxx-ng-11.2.0-he4da1e4_12.tar.bz2#7ff3b832ba5e6918c0d026976359d065
https://conda.anaconda.org/conda-forge/linux-64/pandoc-2.17.1.1-ha770c72_0.tar.bz2#316431b0b4e25f384cfd3428a1a5dd8c
https://conda.anaconda.org/conda-forge/noarch/tzdata-2021e-he74cb21_0.tar.bz2#a751ec502589ebdc2eceb183ff602569
https://conda.anaconda.org/conda-forge/linux-64/libgfortran-ng-11.2.0-h69a702a_12.tar.bz2#33c165be455015cc74e8d857182f3f58
https://conda.anaconda.org/conda-forge/linux-64/libgomp-11.2.0-h1d223b6_12.tar.bz2#763c5ec8116d984b4a33342236d7da36
https://conda.anaconda.org/conda-forge/linux-64/_openmp_mutex-4.5-1_gnu.tar.bz2#561e277319a41d4f24f5c05a9ef63c04
https://conda.anaconda.org/conda-forge/linux-64/libgcc-ng-11.2.0-h1d223b6_12.tar.bz2#d34efbb8d7d6312c816b4bb647b818b1
https://conda.anaconda.org/conda-forge/linux-64/blosc-1.21.0-h9c3ff4c_0.tar.bz2#5e815e5126c6f7e34ab4496fa1b48dca
https://conda.anaconda.org/conda-forge/linux-64/bzip2-1.0.8-h7f98852_4.tar.bz2#a1fd65c7ccbf10880423d82bca54eb54
https://conda.anaconda.org/conda-forge/linux-64/c-ares-1.18.1-h7f98852_0.tar.bz2#f26ef8098fab1f719c91eb760d63381a
https://conda.anaconda.org/conda-forge/linux-64/charls-2.3.4-h9c3ff4c_0.tar.bz2#c3f85a96a52befc5e41cab1145c8d3c2
https://conda.anaconda.org/conda-forge/linux-64/fribidi-1.0.10-h36c2ea0_0.tar.bz2#ac7bc6a654f8f41b352b38f4051135f8
https://conda.anaconda.org/conda-forge/linux-64/giflib-5.2.1-h36c2ea0_2.tar.bz2#626e68ae9cc5912d6adb79d318cf962d
https://conda.anaconda.org/conda-forge/linux-64/icu-69.1-h9c3ff4c_0.tar.bz2#e0773c9556d588b062a4e1424a6a02fa
https://conda.anaconda.org/conda-forge/linux-64/jbig-2.1-h7f98852_2003.tar.bz2#1aa0cee79792fa97b7ff4545110b60bf
https://conda.anaconda.org/conda-forge/linux-64/jpeg-9e-h7f98852_0.tar.bz2#5c214edc675a7fb7cbb34b1d854e5141
https://conda.anaconda.org/conda-forge/linux-64/jxrlib-1.1-h7f98852_2.tar.bz2#8e787b08fe19986d99d034b839df2961
https://conda.anaconda.org/conda-forge/linux-64/lerc-3.0-h9c3ff4c_0.tar.bz2#7fcefde484980d23f0ec24c11e314d2e
https://conda.anaconda.org/conda-forge/linux-64/libaec-1.0.6-h9c3ff4c_0.tar.bz2#c77f5e4e418fa47d699d6afa54c5d444
https://conda.anaconda.org/conda-forge/linux-64/libbrotlicommon-1.0.9-h7f98852_6.tar.bz2#b0f44f63f7d771d7670747a1dd5d5ac1
https://conda.anaconda.org/conda-forge/linux-64/libdeflate-1.10-h7f98852_0.tar.bz2#ffa3a757a97e851293909b49f49f28fb
https://conda.anaconda.org/conda-forge/linux-64/libev-4.33-h516909a_1.tar.bz2#6f8720dff19e17ce5d48cfe7f3d2f0a3
https://conda.anaconda.org/conda-forge/linux-64/libffi-3.4.2-h7f98852_5.tar.bz2#d645c6d2ac96843a2bfaccd2d62b3ac3
https://conda.anaconda.org/conda-forge/linux-64/libimagequant-2.17.0-h7f98852_1.tar.bz2#65ab613f281f227a0ca3bb3ac0c88f76
https://conda.anaconda.org/conda-forge/linux-64/libnsl-2.0.0-h7f98852_0.tar.bz2#39b1328babf85c7c3a61636d9cd50206
https://conda.anaconda.org/conda-forge/linux-64/libopenblas-0.3.18-pthreads_h8fe5266_0.tar.bz2#41532e4448c0cce086d6570f95e4e12e
https://conda.anaconda.org/conda-forge/linux-64/libsodium-1.0.18-h36c2ea0_1.tar.bz2#c3788462a6fbddafdb413a9f9053e58d
https://conda.anaconda.org/conda-forge/linux-64/libuuid-2.32.1-h7f98852_1000.tar.bz2#772d69f030955d9646d3d0eaf21d859d
https://conda.anaconda.org/conda-forge/linux-64/libuv-1.43.0-h7f98852_0.tar.bz2#b34d856aa7e06ebd79bded72ef4afc16
https://conda.anaconda.org/conda-forge/linux-64/libwebp-base-1.2.2-h7f98852_1.tar.bz2#46cf26ecc8775a0aab300ea1821aaa3c
https://conda.anaconda.org/conda-forge/linux-64/libzlib-1.2.11-h36c2ea0_1013.tar.bz2#dcddf696ff5dfcab567100d691678e18
https://conda.anaconda.org/conda-forge/linux-64/libzopfli-1.0.3-h9c3ff4c_0.tar.bz2#c66fe2d123249af7651ebde8984c51c2
https://conda.anaconda.org/conda-forge/linux-64/lz4-c-1.9.3-h9c3ff4c_1.tar.bz2#fbe97e8fa6f275d7c76a09e795adc3e6
https://conda.anaconda.org/conda-forge/linux-64/ncurses-6.3-h9c3ff4c_0.tar.bz2#fb31bcb7af058244479ca635d20f0f4a
https://conda.anaconda.org/conda-forge/linux-64/openssl-1.1.1l-h7f98852_0.tar.bz2#de7b38a1542dbe6f41653a8ae71adc53
https://conda.anaconda.org/conda-forge/linux-64/pthread-stubs-0.4-h36c2ea0_1001.tar.bz2#22dad4df6e8630e8dff2428f6f6a7036
https://conda.anaconda.org/conda-forge/linux-64/snappy-1.1.8-he1b5a44_3.tar.bz2#83f1dc295c711bdbaf97e1f3bedf2f52
https://conda.anaconda.org/conda-forge/linux-64/xorg-libxau-1.0.9-h7f98852_0.tar.bz2#bf6f803a544f26ebbdc3bfff272eb179
https://conda.anaconda.org/conda-forge/linux-64/xorg-libxdmcp-1.1.3-h7f98852_0.tar.bz2#be93aabceefa2fac576e971aef407908
https://conda.anaconda.org/conda-forge/linux-64/xz-5.2.5-h516909a_1.tar.bz2#33f601066901f3e1a85af3522a8113f9
https://conda.anaconda.org/conda-forge/linux-64/yaml-0.2.5-h7f98852_2.tar.bz2#4cb3ad778ec2d5a7acbdf254eb1c42ae
https://conda.anaconda.org/conda-forge/linux-64/zfp-0.5.5-h9c3ff4c_8.tar.bz2#f12900b1e1e0527c0e9a4e922a5de2bf
https://conda.anaconda.org/conda-forge/linux-64/libblas-3.9.0-13_linux64_openblas.tar.bz2#8a4038563ed92dfa622bd72c0d8f31d3
https://conda.anaconda.org/conda-forge/linux-64/libbrotlidec-1.0.9-h7f98852_6.tar.bz2#c7c03a2592cac92246a13a0732bd1573
https://conda.anaconda.org/conda-forge/linux-64/libbrotlienc-1.0.9-h7f98852_6.tar.bz2#28bfe0a70154e6881da7bae97517c948
https://conda.anaconda.org/conda-forge/linux-64/libedit-3.1.20191231-he28a2e2_2.tar.bz2#4d331e44109e3f0e19b4cb8f9b82f3e1
https://conda.anaconda.org/conda-forge/linux-64/libxcb-1.13-h7f98852_1004.tar.bz2#b3653fdc58d03face9724f602218a904
https://conda.anaconda.org/conda-forge/linux-64/readline-8.1-h46c0cb4_0.tar.bz2#5788de3c8d7a7d64ac56c784c4ef48e6
https://conda.anaconda.org/conda-forge/linux-64/tk-8.6.12-h27826a3_0.tar.bz2#5b8c42eb62e9fc961af70bdd6a26e168
https://conda.anaconda.org/conda-forge/linux-64/zeromq-4.3.4-h9c3ff4c_1.tar.bz2#21743a8d2ea0c8cfbbf8fe489b0347df
https://conda.anaconda.org/conda-forge/linux-64/zlib-1.2.11-h36c2ea0_1013.tar.bz2#cf7190238072a41e9579e4476a6a60b8
https://conda.anaconda.org/conda-forge/linux-64/zstd-1.5.2-ha95c52a_0.tar.bz2#5222b231b1ef49a7f60d40b363469b70
https://conda.anaconda.org/conda-forge/linux-64/brotli-bin-1.0.9-h7f98852_6.tar.bz2#9e94bf16f14c78a36561d5019f490d22
https://conda.anaconda.org/conda-forge/linux-64/c-blosc2-2.0.4-h5f21a17_1.tar.bz2#5a5c87220eae9668cb281e2a2063e612
https://conda.anaconda.org/conda-forge/linux-64/krb5-1.19.2-hcc1bbae_3.tar.bz2#e29650992ae593bc05fc93722483e5c3
https://conda.anaconda.org/conda-forge/linux-64/libcblas-3.9.0-13_linux64_openblas.tar.bz2#b17676dbd6688396c3a3076259fb7907
https://conda.anaconda.org/conda-forge/linux-64/liblapack-3.9.0-13_linux64_openblas.tar.bz2#018b80e8f21d8560ae4961567e3e00c9
https://conda.anaconda.org/conda-forge/linux-64/libnghttp2-1.46.0-h812cca2_0.tar.bz2#507fa47e9075f889af8e8b72925379be
https://conda.anaconda.org/conda-forge/linux-64/libpng-1.6.37-h21135ba_2.tar.bz2#b6acf807307d033d4b7e758b4f44b036
https://conda.anaconda.org/conda-forge/linux-64/libssh2-1.10.0-ha56f1ee_2.tar.bz2#6ab4eaa11ff01801cffca0a27489dc04
https://conda.anaconda.org/conda-forge/linux-64/libtiff-4.3.0-h542a066_3.tar.bz2#1a0efb4dfd880b0376da8e1ba39fa838
https://conda.anaconda.org/conda-forge/linux-64/nodejs-17.4.0-h8ca31f7_0.tar.bz2#f7f23cf094ed5c3e96186abd13f6c7c8
https://conda.anaconda.org/conda-forge/linux-64/sqlite-3.37.0-h9cd32fc_0.tar.bz2#eb66fc098824d25518a79e83d12a81d6
https://conda.anaconda.org/conda-forge/linux-64/brotli-1.0.9-h7f98852_6.tar.bz2#612385c4a83edb0619fe911d9da317f4
https://conda.anaconda.org/conda-forge/linux-64/freetype-2.10.4-h0708190_1.tar.bz2#4a06f2ac2e5bfae7b6b245171c3f07aa
https://conda.anaconda.org/conda-forge/linux-64/lcms2-2.12-hddcbb42_0.tar.bz2#797117394a4aa588de6d741b06fad80f
https://conda.anaconda.org/conda-forge/linux-64/libcurl-7.81.0-h2574ce0_0.tar.bz2#1f8655741d0269ca6756f131522da1e8
https://conda.anaconda.org/conda-forge/linux-64/libwebp-1.2.2-h3452ae3_0.tar.bz2#c363665b4aabe56aae4f8981cff5b153
https://conda.anaconda.org/conda-forge/linux-64/openjpeg-2.4.0-hb52868f_1.tar.bz2#b7ad78ad2e9ee155f59e6428406ee824
https://conda.anaconda.org/conda-forge/linux-64/python-3.10.2-h85951f9_3_cpython.tar.bz2#2bccc408c90758b0ae2d15a0c637c1ce
https://conda.anaconda.org/conda-forge/linux-64/yarn-1.22.17-ha770c72_0.tar.bz2#ab7089d5fddb763c59cb711ee39af494
https://conda.anaconda.org/conda-forge/noarch/appdirs-1.4.4-pyh9f0ad1d_0.tar.bz2#5f095bc6454094e96f146491fd03633b
https://conda.anaconda.org/conda-forge/noarch/async_generator-1.10-py_0.tar.bz2#d56c596e61b1c4952acf0a9920856c12
https://conda.anaconda.org/conda-forge/noarch/attrs-21.4.0-pyhd8ed1ab_0.tar.bz2#f70280205d7044c8b8358c8de3190e5d
https://conda.anaconda.org/conda-forge/noarch/backcall-0.2.0-pyh9f0ad1d_0.tar.bz2#6006a6d08a3fa99268a2681c7fb55213
https://conda.anaconda.org/conda-forge/noarch/backports-1.0-py_2.tar.bz2#0da16b293affa6ac31812376f8eb79dd
https://conda.anaconda.org/conda-forge/linux-64/brunsli-0.1-h9c3ff4c_0.tar.bz2#c1ac6229d0bfd14f8354ff9ad2a26cad
https://conda.anaconda.org/conda-forge/linux-64/cfitsio-4.0.0-h9a35b8e_0.tar.bz2#6b214116ecabe2c5457a93b9763de61d
https://conda.anaconda.org/conda-forge/noarch/charset-normalizer-2.0.12-pyhd8ed1ab_0.tar.bz2#1f5b32dabae0f1893ae3283dac7f799e
https://conda.anaconda.org/conda-forge/noarch/cloudpickle-2.0.0-pyhd8ed1ab_0.tar.bz2#3a8fc8b627d5fb6af827e126a10a86c6
https://conda.anaconda.org/conda-forge/noarch/cycler-0.11.0-pyhd8ed1ab_0.tar.bz2#a50559fad0affdbb33729a68669ca1cb
https://conda.anaconda.org/conda-forge/noarch/dataclasses-0.8-pyhc8e2a94_3.tar.bz2#a362b2124b06aad102e2ee4581acee7d
https://conda.anaconda.org/conda-forge/noarch/decorator-5.1.1-pyhd8ed1ab_0.tar.bz2#43afe5ab04e35e17ba28649471dd7364
https://conda.anaconda.org/conda-forge/noarch/defusedxml-0.7.1-pyhd8ed1ab_0.tar.bz2#961b3a227b437d82ad7054484cfa71b2
https://conda.anaconda.org/conda-forge/noarch/entrypoints-0.4-pyhd8ed1ab_0.tar.bz2#3cf04868fee0a029769bd41f4b2fbf2d
https://conda.anaconda.org/conda-forge/noarch/executing-0.8.2-pyhd8ed1ab_0.tar.bz2#dcd884e2cf5bcdccdf78f7db35999d62
https://conda.anaconda.org/conda-forge/noarch/filelock-3.5.1-pyhd8ed1ab_0.tar.bz2#e2587087f4809c3fb6dc4c29648ecfc8
https://conda.anaconda.org/conda-forge/noarch/flaky-3.7.0-pyh9f0ad1d_0.tar.bz2#d20be9ed08052d16593c88d51b774a82
https://conda.anaconda.org/conda-forge/noarch/flit-core-3.6.0-pyhd8ed1ab_0.tar.bz2#f8c17f22a3ce533876c468157ff8ff8f
https://conda.anaconda.org/conda-forge/noarch/fsspec-2022.1.0-pyhd8ed1ab_0.tar.bz2#188e095f4dc38887bb48b065734b9e8d
https://conda.anaconda.org/conda-forge/noarch/h11-0.12.0-pyhd8ed1ab_0.tar.bz2#a8c3c313e5339029946b66070cf24b39
https://conda.anaconda.org/conda-forge/noarch/idna-3.3-pyhd8ed1ab_0.tar.bz2#40b50b8b030f5f2f22085c062ed013dd
https://conda.anaconda.org/conda-forge/noarch/iniconfig-1.1.1-pyh9f0ad1d_0.tar.bz2#39161f81cc5e5ca45b8226fbb06c6905
https://conda.anaconda.org/conda-forge/noarch/ipython_genutils-0.2.0-py_1.tar.bz2#5071c982548b3a20caf70462f04f5287
https://conda.anaconda.org/conda-forge/noarch/json5-0.9.5-pyh9f0ad1d_0.tar.bz2#10759827a94e6b14996e81fb002c0bda
https://conda.anaconda.org/conda-forge/noarch/locket-0.2.0-py_2.tar.bz2#709e8671651c7ec3d1ad07800339ff1d
https://conda.anaconda.org/conda-forge/noarch/munkres-1.1.4-pyh9f0ad1d_0.tar.bz2#2ba8498c1018c1e9c61eb99b973dfe19
https://conda.anaconda.org/conda-forge/noarch/nest-asyncio-1.5.4-pyhd8ed1ab_0.tar.bz2#0d86e4e6ac78912f3f47e0453b124aca
https://conda.anaconda.org/conda-forge/noarch/pandocfilters-1.5.0-pyhd8ed1ab_0.tar.bz2#457c2c8c08e54905d6954e79cb5b5db9
https://conda.anaconda.org/conda-forge/noarch/parso-0.8.3-pyhd8ed1ab_0.tar.bz2#17a565a0c3899244e938cdf417e7b094
https://conda.anaconda.org/conda-forge/noarch/pathspec-0.9.0-pyhd8ed1ab_0.tar.bz2#f93dc0ccbc0a8472624165f6e256c7d1
https://conda.anaconda.org/conda-forge/noarch/pickleshare-0.7.5-py_1003.tar.bz2#415f0ebb6198cc2801c73438a9fb5761
https://conda.anaconda.org/conda-forge/noarch/platformdirs-2.5.0-pyhd8ed1ab_0.tar.bz2#7fe854bc6252760836b0f0ab6ced04ce
https://conda.anaconda.org/conda-forge/noarch/prometheus_client-0.13.1-pyhd8ed1ab_0.tar.bz2#9259acd5dd8746e7721474fa62e046d7
https://conda.anaconda.org/conda-forge/noarch/ptyprocess-0.7.0-pyhd3deb0d_0.tar.bz2#359eeb6536da0e687af562ed265ec263
https://conda.anaconda.org/conda-forge/noarch/pure_eval-0.2.2-pyhd8ed1ab_0.tar.bz2#6784285c7e55cb7212efabc79e4c2883
https://conda.anaconda.org/conda-forge/noarch/py-1.11.0-pyh6c4a22f_0.tar.bz2#b4613d7e7a493916d867842a6a148054
https://conda.anaconda.org/conda-forge/noarch/pycparser-2.21-pyhd8ed1ab_0.tar.bz2#076becd9e05608f8dc72757d5f3a91ff
https://conda.anaconda.org/conda-forge/noarch/pyparsing-3.0.7-pyhd8ed1ab_0.tar.bz2#727e2216d9c47455d8ddc060eb2caad9
https://conda.anaconda.org/conda-forge/linux-64/python_abi-3.10-2_cp310.tar.bz2#9e7160cd0d865e98f6803f1fe15c8b61
https://conda.anaconda.org/conda-forge/noarch/pytz-2021.3-pyhd8ed1ab_0.tar.bz2#7e4f811bff46a5a6a7e0094921389395
https://conda.anaconda.org/conda-forge/noarch/send2trash-1.8.0-pyhd8ed1ab_0.tar.bz2#edab14119efe85c3bf131ad747e9005c
https://conda.anaconda.org/conda-forge/noarch/six-1.16.0-pyh6c4a22f_0.tar.bz2#e5f25f8dbc060e9a8d912e432202afc2
https://conda.anaconda.org/conda-forge/noarch/sortedcontainers-2.4.0-pyhd8ed1ab_0.tar.bz2#6d6552722448103793743dabfbda532d
https://conda.anaconda.org/conda-forge/noarch/tenacity-8.0.1-pyhd8ed1ab_0.tar.bz2#8b29b2c12cb21dbd057755e5fd22d005
https://conda.anaconda.org/conda-forge/noarch/testpath-0.5.0-pyhd8ed1ab_0.tar.bz2#53b57d6a468bebc7cef1253b177a5e9e
https://conda.anaconda.org/conda-forge/noarch/toml-0.10.2-pyhd8ed1ab_0.tar.bz2#f832c45a477c78bebd107098db465095
https://conda.anaconda.org/conda-forge/noarch/tomli-2.0.1-pyhd8ed1ab_0.tar.bz2#5844808ffab9ebdb694585b50ba02a96
https://conda.anaconda.org/conda-forge/noarch/toolz-0.11.2-pyhd8ed1ab_0.tar.bz2#f348d1590550371edfac5ed3c1d44f7e
https://conda.anaconda.org/conda-forge/noarch/traitlets-5.1.1-pyhd8ed1ab_0.tar.bz2#a1bc9765ef9499760e88f568b3a6622c
https://conda.anaconda.org/conda-forge/noarch/typing-3.10.0.0-pyhd8ed1ab_0.tar.bz2#e6573ac68718f17b9d4f5c8eda3190f2
https://conda.anaconda.org/conda-forge/noarch/typing_extensions-4.1.1-pyha770c72_0.tar.bz2#74761ba7bc682e9009520163a1031ace
https://conda.anaconda.org/conda-forge/noarch/webencodings-0.5.1-py_1.tar.bz2#3563be4c5611a44210d9ba0c16113136
https://conda.anaconda.org/conda-forge/noarch/websocket-client-1.2.3-pyhd8ed1ab_0.tar.bz2#a9e89668df0da0f33c8c4ddf7c118f6d
https://conda.anaconda.org/conda-forge/noarch/wheel-0.37.1-pyhd8ed1ab_0.tar.bz2#1ca02aaf78d9c70d9a81a3bed5752022
https://conda.anaconda.org/conda-forge/noarch/zipp-3.7.0-pyhd8ed1ab_1.tar.bz2#b689b2cbc8481b224777415e1a193170
https://conda.anaconda.org/conda-forge/noarch/asttokens-2.0.5-pyhd8ed1ab_0.tar.bz2#74badce16f060701fee55c39332f5253
https://conda.anaconda.org/conda-forge/noarch/babel-2.9.1-pyh44b312d_0.tar.bz2#74136ed39bfea0832d338df1e58d013e
https://conda.anaconda.org/conda-forge/linux-64/certifi-2021.10.8-py310hff52083_1.tar.bz2#c26a27ad114b172abd212678fa640a3d
https://conda.anaconda.org/conda-forge/linux-64/cffi-1.15.0-py310h0fdd8cc_0.tar.bz2#7b7366be82277a5a210e48cc6d25ce26
https://conda.anaconda.org/conda-forge/linux-64/click-8.0.3-py310hff52083_1.tar.bz2#fb9bad6a0e6497e43eac2e2f5ee286b6
https://conda.anaconda.org/conda-forge/linux-64/coverage-6.3.1-py310h6acc77f_0.tar.bz2#1329a2514d0d8543aa2e8660d30e669f
https://conda.anaconda.org/conda-forge/linux-64/cytoolz-0.11.2-py310h6acc77f_1.tar.bz2#ca36674adb1e70bc00a68d203a5ab378
https://conda.anaconda.org/conda-forge/linux-64/debugpy-1.5.1-py310h122e73d_0.tar.bz2#f2cb22e10d3356decbe2485663aeeee0
https://conda.anaconda.org/conda-forge/linux-64/importlib-metadata-4.11.1-py310hff52083_0.tar.bz2#d569bff0a25bb4b25f3a4f4b6b4b7e15
https://conda.anaconda.org/conda-forge/noarch/importlib_resources-5.4.0-pyhd8ed1ab_0.tar.bz2#9fb134dbabe7851a9d71411064b2c30d
https://conda.anaconda.org/conda-forge/linux-64/jedi-0.18.1-py310hff52083_0.tar.bz2#23841ea8893b19ad75481721b2dca2be
https://conda.anaconda.org/conda-forge/linux-64/jupyter_core-4.9.2-py310hff52083_0.tar.bz2#23f806488fd44f1a3086efeec662475e
https://conda.anaconda.org/conda-forge/linux-64/kiwisolver-1.3.2-py310h91b1402_1.tar.bz2#ff17724e01eba0ea1b145eba7479fe52
https://conda.anaconda.org/conda-forge/noarch/markdown-it-py-1.1.0-pyhd8ed1ab_0.tar.bz2#84e8dfb1a9e6a824f32fd45b867271ca
https://conda.anaconda.org/conda-forge/linux-64/markupsafe-2.0.1-py310h6acc77f_1.tar.bz2#bda6023ee64f722ad1d639fef9f497f9
https://conda.anaconda.org/conda-forge/noarch/matplotlib-inline-0.1.3-pyhd8ed1ab_0.tar.bz2#be3bfd435802d2c768c6b2439f325f3d
https://conda.anaconda.org/conda-forge/linux-64/maturin-0.12.8-py310h6acc77f_0.tar.bz2#077c3ac7d37a045b783d71731fd13912
https://conda.anaconda.org/conda-forge/linux-64/mistune-0.8.4-py310h6acc77f_1005.tar.bz2#6ca247e4e0ce3ea4156d9b528dd7ceae
https://conda.anaconda.org/conda-forge/linux-64/mypy_extensions-0.4.3-py310hff52083_4.tar.bz2#6dda5e39c87dda40dee34a9bc7e7e675
https://conda.anaconda.org/conda-forge/linux-64/numpy-1.22.2-py310h454958d_0.tar.bz2#0045ac0249229a12df7f6aa7588513d0
https://conda.anaconda.org/conda-forge/noarch/outcome-1.1.0-pyhd8ed1ab_0.tar.bz2#a6baaddfb9fb5aa6b53534b634cb69c9
https://conda.anaconda.org/conda-forge/noarch/packaging-21.3-pyhd8ed1ab_0.tar.bz2#71f1ab2de48613876becddd496371c85
https://conda.anaconda.org/conda-forge/noarch/partd-1.2.0-pyhd8ed1ab_0.tar.bz2#0c32f563d7f22e3a34c95cad8cc95651
https://conda.anaconda.org/conda-forge/noarch/pexpect-4.8.0-pyh9f0ad1d_2.tar.bz2#5909e7b978141dd80d28dbf9de627827
https://conda.anaconda.org/conda-forge/linux-64/pillow-9.0.1-py310h2f95282_1.tar.bz2#6b3379f9b2a6306b3978d8f0847db1f9
https://conda.anaconda.org/conda-forge/linux-64/pluggy-1.0.0-py310hff52083_2.tar.bz2#5cf273125c261cb921e61bdac793a31d
https://conda.anaconda.org/conda-forge/linux-64/pyrsistent-0.18.1-py310h6acc77f_0.tar.bz2#98dcaebc60fccd97e4a7bd49dbb61f2d
https://conda.anaconda.org/conda-forge/linux-64/pysocks-1.7.1-py310hff52083_4.tar.bz2#3f47a786fa8b1a26360f916abc5b2b97
https://conda.anaconda.org/conda-forge/noarch/python-dateutil-2.8.2-pyhd8ed1ab_0.tar.bz2#dd999d1cc9f79e67dbb855c8924c7984
https://conda.anaconda.org/conda-forge/linux-64/pyyaml-6.0-py310h6acc77f_3.tar.bz2#f5c29d3db5786e165041203f33b71c6d
https://conda.anaconda.org/conda-forge/linux-64/pyzmq-22.3.0-py310h675a958_1.tar.bz2#8fa0c5fa6c1eee4f75a2e5d6e4aa5da9
https://conda.anaconda.org/conda-forge/linux-64/setuptools-60.9.2-py310hff52083_0.tar.bz2#476ce80e3c5a6e2a8805db50e1d074f4
https://conda.anaconda.org/conda-forge/linux-64/sniffio-1.2.0-py310hff52083_2.tar.bz2#53e2633320dccb3c46022d101bdb77b9
https://conda.anaconda.org/conda-forge/noarch/tomlkit-0.9.2-pyha770c72_0.tar.bz2#465606af3f79bb3d5b4654f4d02c7417
https://conda.anaconda.org/conda-forge/linux-64/tornado-6.1-py310h6acc77f_2.tar.bz2#5eab67bc226fbd8f2b71cfbfcd31800e
https://conda.anaconda.org/conda-forge/linux-64/typed-ast-1.5.2-py310h6acc77f_0.tar.bz2#3de50202b9fabc95127eb9bd6dd90b45
https://conda.anaconda.org/conda-forge/noarch/typing-extensions-4.1.1-hd8ed1ab_0.tar.bz2#9d1b5bbaa13bca480c80893a87a52c4f
https://conda.anaconda.org/conda-forge/linux-64/unicodedata2-14.0.0-py310h6acc77f_0.tar.bz2#f2afc1235587de593bbf47daf1a12696
https://conda.anaconda.org/conda-forge/linux-64/websockets-10.1-py310h6acc77f_0.tar.bz2#3a8f4e0c9df56d4ce9a26824d26e4b70
https://conda.anaconda.org/conda-forge/linux-64/wsproto-1.0.0-py310hff52083_2.tar.bz2#cb39cac41459b6a957595152d1cb2f69
https://conda.anaconda.org/conda-forge/linux-64/anyio-3.5.0-py310hff52083_0.tar.bz2#6ae80634fbafebb5328e43e6504e2d7e
https://conda.anaconda.org/conda-forge/linux-64/argon2-cffi-bindings-21.2.0-py310h6acc77f_1.tar.bz2#0cd3494a5dc3bc76b540f9567c5ddfc8
https://conda.anaconda.org/conda-forge/noarch/backports.functools_lru_cache-1.6.4-pyhd8ed1ab_0.tar.bz2#c5b3edc62d6309088f4970b3eaaa65a6
https://conda.anaconda.org/conda-forge/noarch/black-22.1.0-pyhd8ed1ab_0.tar.bz2#fbc4b306c6ba24c244ffb22a910424da
https://conda.anaconda.org/conda-forge/noarch/bleach-4.1.0-pyhd8ed1ab_0.tar.bz2#4a2104c7b22c222bd0fe03aaef12862c
https://conda.anaconda.org/conda-forge/linux-64/brotlipy-0.7.0-py310h6acc77f_1003.tar.bz2#676f6566c7274fbad5a41f9495c645bf
https://conda.anaconda.org/conda-forge/noarch/click-default-group-1.2.2-pyhd8ed1ab_1.tar.bz2#72a46ffc25701c173932fd55cf0965d3
https://conda.anaconda.org/conda-forge/linux-64/cryptography-36.0.1-py310h685ca39_0.tar.bz2#1ad8b9ded5727c9f602cf8cac262e1ec
https://conda.anaconda.org/conda-forge/noarch/dask-core-2022.2.0-pyhd8ed1ab_0.tar.bz2#d8410c1ab31b3f5196e0cff0125779c1
https://conda.anaconda.org/conda-forge/noarch/deprecation-2.1.0-pyh9f0ad1d_0.tar.bz2#7b6747d7cc2076341029cff659669e8b
https://conda.anaconda.org/conda-forge/linux-64/fonttools-4.29.1-py310h6acc77f_0.tar.bz2#dd3a55695669c101d41802fd1e4b3c80
https://conda.anaconda.org/conda-forge/linux-64/imagecodecs-2021.11.20-py310h43db4a6_2.tar.bz2#891d8aaec1d04171be3d0964b0e7008f
https://conda.anaconda.org/conda-forge/noarch/imageio-2.16.0-pyhcf75d05_0.tar.bz2#2f66b44c933bb86e90e1803716658f21
https://conda.anaconda.org/conda-forge/noarch/jinja2-3.0.3-pyhd8ed1ab_0.tar.bz2#036d872c653780cb26e797e2e2f61b4c
https://conda.anaconda.org/conda-forge/noarch/jsonschema-4.4.0-pyhd8ed1ab_0.tar.bz2#17ec41acce882e5db4efdcc4c01ca7e0
https://conda.anaconda.org/conda-forge/noarch/jupyter_client-7.1.2-pyhd8ed1ab_0.tar.bz2#9a332b6f8f05629435ce59032df8cfa9
https://conda.anaconda.org/conda-forge/noarch/mdit-py-plugins-0.3.0-pyhd8ed1ab_0.tar.bz2#adf9129f76ca651869acf2219fac2050
https://conda.anaconda.org/conda-forge/linux-64/pandas-1.4.1-py310hb5077e9_0.tar.bz2#dbf15ea7048f3ec5af5f7b3c208f6d63
https://conda.anaconda.org/conda-forge/noarch/pip-22.0.3-pyhd8ed1ab_0.tar.bz2#45dedae69a0ea21cb8566d04b2ca5536
https://conda.anaconda.org/conda-forge/linux-64/pydantic-1.9.0-py310h6acc77f_0.tar.bz2#ca756ff1a8b2dcb91b610b0850db5d58
https://conda.anaconda.org/conda-forge/noarch/pygments-2.11.2-pyhd8ed1ab_0.tar.bz2#caef60540e2239e27bf62569a5015e3b
https://conda.anaconda.org/conda-forge/linux-64/pytest-7.0.1-py310hff52083_0.tar.bz2#82bd1aa5c7e3b97405ca301568fd8c74
https://conda.anaconda.org/conda-forge/linux-64/python-chromedriver-binary-98.0.4758.80.0-py310hff52083_0.tar.bz2#916a300e1b4391338f9c8d882a27841a
https://conda.anaconda.org/conda-forge/linux-64/pywavelets-1.2.0-py310h96516ba_1.tar.bz2#694f401d5eb5fa0dd54bbba6723e7ba7
https://conda.anaconda.org/conda-forge/linux-64/scipy-1.8.0-py310hea5193d_1.tar.bz2#664d80ddeb51241629b3ada5ea926e4d
https://conda.anaconda.org/conda-forge/noarch/stack_data-0.2.0-pyhd8ed1ab_0.tar.bz2#8c0ce3e6bf18a0c810125aef58a2a6f3
https://conda.anaconda.org/conda-forge/linux-64/terminado-0.13.1-py310hff52083_0.tar.bz2#85ba31425f29cc2126d7850d6c632772
https://conda.anaconda.org/conda-forge/linux-64/trio-0.19.0-py310hff52083_1.tar.bz2#59bb7877df47b206e5a7c6d2e8a1b9ae
https://conda.anaconda.org/conda-forge/noarch/argon2-cffi-21.3.0-pyhd8ed1ab_0.tar.bz2#a0b402db58f73aaab8ee0ca1025a362e
https://conda.anaconda.org/conda-forge/noarch/jupyter-packaging-0.11.1-pyhd8ed1ab_0.tar.bz2#26db422f83443689cba3af9ae43caf65
https://conda.anaconda.org/conda-forge/noarch/jupyterlab_pygments-0.1.2-pyh9f0ad1d_0.tar.bz2#2cbd910890bb328e8959246a1e16fac7
https://conda.anaconda.org/conda-forge/linux-64/matplotlib-base-3.5.1-py310h23f4a51_0.tar.bz2#30df276308bb54aa802eacac35798595
https://conda.anaconda.org/conda-forge/noarch/nbformat-5.1.3-pyhd8ed1ab_0.tar.bz2#bafa5df6d4f8db69a4d197b4657127e7
https://conda.anaconda.org/conda-forge/noarch/pyopenssl-22.0.0-pyhd8ed1ab_0.tar.bz2#1d7e241dfaf5475e893d4b824bb71b44
https://conda.anaconda.org/conda-forge/noarch/pytest-cov-3.0.0-pyhd8ed1ab_0.tar.bz2#0f7cac11bb696b62d378bde725bfc3eb
https://conda.anaconda.org/conda-forge/noarch/tifffile-2022.2.9-pyhd8ed1ab_0.tar.bz2#619b7bd585e11ae063c72e2cf9880145
https://conda.anaconda.org/conda-forge/noarch/trio-websocket-0.9.2-pyhd8ed1ab_0.tar.bz2#7acf3fc982eef23b24aed10e80d5dc99
https://conda.anaconda.org/conda-forge/noarch/vega_datasets-0.9.0-pyhd3deb0d_0.tar.bz2#c754e69d9d5de4a69ff0972318349bd0
https://conda.anaconda.org/conda-forge/noarch/wcwidth-0.2.5-pyh9f0ad1d_2.tar.bz2#5266fcd697043c59621fda522b3d78ee
https://conda.anaconda.org/conda-forge/noarch/jupytext-1.13.7-pyhd0ecf6b_0.tar.bz2#6e8deee97d83b8f99d34be2db26ccc6e
https://conda.anaconda.org/conda-forge/noarch/nbclient-0.5.11-pyhd8ed1ab_0.tar.bz2#5f613d000dca7369b6309f0a3995f08b
https://conda.anaconda.org/conda-forge/noarch/networkx-2.6.3-pyhd8ed1ab_1.tar.bz2#4028eff5a1d3deed58c98774e7aa9891
https://conda.anaconda.org/conda-forge/noarch/prompt-toolkit-3.0.27-pyha770c72_0.tar.bz2#6c23d05d56ee3a82b57af972a8509888
https://conda.anaconda.org/conda-forge/noarch/urllib3-1.26.8-pyhd8ed1ab_1.tar.bz2#53f1387c68c21cecb386e2cde51b3f7c
https://conda.anaconda.org/conda-forge/linux-64/ipython-8.0.1-py310hff52083_2.tar.bz2#b3d68faf07f876bd3c554711d581b5d8
https://conda.anaconda.org/conda-forge/linux-64/nbconvert-6.4.2-py310hff52083_0.tar.bz2#17247b7d981fa4fc0a3e14ec3c569aa9
https://conda.anaconda.org/conda-forge/noarch/requests-2.27.1-pyhd8ed1ab_0.tar.bz2#7c1c427246b057b8fa97200ecdb2ed62
https://conda.anaconda.org/conda-forge/linux-64/scikit-image-0.19.1-py310hb5077e9_0.tar.bz2#2a9807fe0cbafe8e3ce50d5e156af8a4
https://conda.anaconda.org/conda-forge/noarch/selenium-4.1.0-pyhd8ed1ab_0.tar.bz2#54d6ec87313ba485cc787b81bf4142c0
https://conda.anaconda.org/conda-forge/noarch/ensureconda-1.4.1-pyhd8ed1ab_0.tar.bz2#52a7f7cc9076e2c8a25e15e19ad42821
https://conda.anaconda.org/conda-forge/linux-64/ipykernel-6.9.1-py310hfdc917e_0.tar.bz2#99bb244a41e1e6e49720a324f45e62d5
https://conda.anaconda.org/conda-forge/noarch/jupyter_server-1.13.5-pyhd8ed1ab_1.tar.bz2#5cb81e12e94ad8d9b20fa40e8dd32711
https://conda.anaconda.org/conda-forge/noarch/conda-lock-0.13.2-pyhd8ed1ab_0.tar.bz2#4fa525b4257e4938eaeb2269fdf33d1f
https://conda.anaconda.org/conda-forge/noarch/jupyterlab_server-2.10.3-pyhd8ed1ab_0.tar.bz2#65d62a616bed5237b85b9e2a88378ec0
https://conda.anaconda.org/conda-forge/noarch/nbval-0.9.6-pyh9f0ad1d_0.tar.bz2#b627e05284e7affc46b6e4878aa1d96b
https://conda.anaconda.org/conda-forge/noarch/notebook-6.4.8-pyha770c72_0.tar.bz2#87d880386179ed952a9d656faf2ff860
https://conda.anaconda.org/conda-forge/noarch/voila-0.3.1-pyhd8ed1ab_0.tar.bz2#57d04a687ad1b72d30159a1b2bbf8f3e
https://conda.anaconda.org/conda-forge/noarch/nbclassic-0.3.5-pyhd8ed1ab_0.tar.bz2#e9e2281b7dc08d876fc789af0f571ade
https://conda.anaconda.org/conda-forge/noarch/jupyterlab-3.2.9-pyhd8ed1ab_0.tar.bz2#610d3fc318b6eb159483151070b301f4
